
Microsoft Visual Studio Solution File, Format Version 12.00
# Visual Studio 14
VisualStudioVersion = 14.0.23107.0
MinimumVisualStudioVersion = 10.0.40219.1
Project("{FAE04EC0-301F-11D3-BF4B-00C04F79EFBC}") = "XamFormsCodeBinding.Droid", "XamFormsCodeBinding\XamFormsCodeBinding.Droid\XamFormsCodeBinding.Droid.csproj", "{BE3CA852-A63B-44C2-8C3D-97832280BF6F}"
EndProject
Project("{FAE04EC0-301F-11D3-BF4B-00C04F79EFBC}") = "XamFormsCodeBinding.iOS", "XamFormsCodeBinding\XamFormsCodeBinding.iOS\XamFormsCodeBinding.iOS.csproj", "{B9DB05F5-9393-4A5C-A5E3-A09B0F3F4A0B}"
EndProject
Project("{FAE04EC0-301F-11D3-BF4B-00C04F79EFBC}") = "XamFormsCodeBinding.WinPhone", "XamFormsCodeBinding\XamFormsCodeBinding.WinPhone\XamFormsCodeBinding.WinPhone.csproj", "{6CA4F112-1975-484B-9756-AE9B69C92531}"
EndProject
Project("{FAE04EC0-301F-11D3-BF4B-00C04F79EFBC}") = "XamFormsCodeBinding", "XamFormsCodeBinding\XamFormsCodeBinding\XamFormsCodeBinding.csproj", "{4ECFCE62-C22E-4DB6-8484-FBC19BF0154A}"
EndProject
Global
	GlobalSection(SolutionConfigurationPlatforms) = preSolution
		Ad-Hoc|Any CPU = Ad-Hoc|Any CPU
		Ad-Hoc|ARM = Ad-Hoc|ARM
		Ad-Hoc|iPhone = Ad-Hoc|iPhone
		Ad-Hoc|iPhoneSimulator = Ad-Hoc|iPhoneSimulator
		Ad-Hoc|x86 = Ad-Hoc|x86
		AppStore|Any CPU = AppStore|Any CPU
		AppStore|ARM = AppStore|ARM
		AppStore|iPhone = AppStore|iPhone
		AppStore|iPhoneSimulator = AppStore|iPhoneSimulator
		AppStore|x86 = AppStore|x86
		Debug|Any CPU = Debug|Any CPU
		Debug|ARM = Debug|ARM
		Debug|iPhone = Debug|iPhone
		Debug|iPhoneSimulator = Debug|iPhoneSimulator
		Debug|x86 = Debug|x86
		Release|Any CPU = Release|Any CPU
		Release|ARM = Release|ARM
		Release|iPhone = Release|iPhone
		Release|iPhoneSimulator = Release|iPhoneSimulator
		Release|x86 = Release|x86
	EndGlobalSection
	GlobalSection(ProjectConfigurationPlatforms) = postSolution
		{BE3CA852-A63B-44C2-8C3D-97832280BF6F}.Ad-Hoc|Any CPU.ActiveCfg = Release|Any CPU
		{BE3CA852-A63B-44C2-8C3D-97832280BF6F}.Ad-Hoc|Any CPU.Build.0 = Release|Any CPU
		{BE3CA852-A63B-44C2-8C3D-97832280BF6F}.Ad-Hoc|Any CPU.Deploy.0 = Release|Any CPU
		{BE3CA852-A63B-44C2-8C3D-97832280BF6F}.Ad-Hoc|ARM.ActiveCfg = Release|Any CPU
		{BE3CA852-A63B-44C2-8C3D-97832280BF6F}.Ad-Hoc|ARM.Build.0 = Release|Any CPU
		{BE3CA852-A63B-44C2-8C3D-97832280BF6F}.Ad-Hoc|ARM.Deploy.0 = Release|Any CPU
		{BE3CA852-A63B-44C2-8C3D-97832280BF6F}.Ad-Hoc|iPhone.ActiveCfg = Release|Any CPU
		{BE3CA852-A63B-44C2-8C3D-97832280BF6F}.Ad-Hoc|iPhone.Build.0 = Release|Any CPU
		{BE3CA852-A63B-44C2-8C3D-97832280BF6F}.Ad-Hoc|iPhone.Deploy.0 = Release|Any CPU
		{BE3CA852-A63B-44C2-8C3D-97832280BF6F}.Ad-Hoc|iPhoneSimulator.ActiveCfg = Release|Any CPU
		{BE3CA852-A63B-44C2-8C3D-97832280BF6F}.Ad-Hoc|iPhoneSimulator.Build.0 = Release|Any CPU
		{BE3CA852-A63B-44C2-8C3D-97832280BF6F}.Ad-Hoc|iPhoneSimulator.Deploy.0 = Release|Any CPU
		{BE3CA852-A63B-44C2-8C3D-97832280BF6F}.Ad-Hoc|x86.ActiveCfg = Release|Any CPU
		{BE3CA852-A63B-44C2-8C3D-97832280BF6F}.Ad-Hoc|x86.Build.0 = Release|Any CPU
		{BE3CA852-A63B-44C2-8C3D-97832280BF6F}.Ad-Hoc|x86.Deploy.0 = Release|Any CPU
		{BE3CA852-A63B-44C2-8C3D-97832280BF6F}.AppStore|Any CPU.ActiveCfg = Release|Any CPU
		{BE3CA852-A63B-44C2-8C3D-97832280BF6F}.AppStore|Any CPU.Build.0 = Release|Any CPU
		{BE3CA852-A63B-44C2-8C3D-97832280BF6F}.AppStore|Any CPU.Deploy.0 = Release|Any CPU
		{BE3CA852-A63B-44C2-8C3D-97832280BF6F}.AppStore|ARM.ActiveCfg = Release|Any CPU
		{BE3CA852-A63B-44C2-8C3D-97832280BF6F}.AppStore|ARM.Build.0 = Release|Any CPU
		{BE3CA852-A63B-44C2-8C3D-97832280BF6F}.AppStore|ARM.Deploy.0 = Release|Any CPU
		{BE3CA852-A63B-44C2-8C3D-97832280BF6F}.AppStore|iPhone.ActiveCfg = Release|Any CPU
		{BE3CA852-A63B-44C2-8C3D-97832280BF6F}.AppStore|iPhone.Build.0 = Release|Any CPU
		{BE3CA852-A63B-44C2-8C3D-97832280BF6F}.AppStore|iPhone.Deploy.0 = Release|Any CPU
		{BE3CA852-A63B-44C2-8C3D-97832280BF6F}.AppStore|iPhoneSimulator.ActiveCfg = Release|Any CPU
		{BE3CA852-A63B-44C2-8C3D-97832280BF6F}.AppStore|iPhoneSimulator.Build.0 = Release|Any CPU
		{BE3CA852-A63B-44C2-8C3D-97832280BF6F}.AppStore|iPhoneSimulator.Deploy.0 = Release|Any CPU
		{BE3CA852-A63B-44C2-8C3D-97832280BF6F}.AppStore|x86.ActiveCfg = Release|Any CPU
		{BE3CA852-A63B-44C2-8C3D-97832280BF6F}.AppStore|x86.Build.0 = Release|Any CPU
		{BE3CA852-A63B-44C2-8C3D-97832280BF6F}.AppStore|x86.Deploy.0 = Release|Any CPU
		{BE3CA852-A63B-44C2-8C3D-97832280BF6F}.Debug|Any CPU.ActiveCfg = Debug|Any CPU
		{BE3CA852-A63B-44C2-8C3D-97832280BF6F}.Debug|Any CPU.Build.0 = Debug|Any CPU
		{BE3CA852-A63B-44C2-8C3D-97832280BF6F}.Debug|Any CPU.Deploy.0 = Debug|Any CPU
		{BE3CA852-A63B-44C2-8C3D-97832280BF6F}.Debug|ARM.ActiveCfg = Debug|Any CPU
		{BE3CA852-A63B-44C2-8C3D-97832280BF6F}.Debug|ARM.Build.0 = Debug|Any CPU
		{BE3CA852-A63B-44C2-8C3D-97832280BF6F}.Debug|ARM.Deploy.0 = Debug|Any CPU
		{BE3CA852-A63B-44C2-8C3D-97832280BF6F}.Debug|iPhone.ActiveCfg = Debug|Any CPU
		{BE3CA852-A63B-44C2-8C3D-97832280BF6F}.Debug|iPhone.Build.0 = Debug|Any CPU
		{BE3CA852-A63B-44C2-8C3D-97832280BF6F}.Debug|iPhone.Deploy.0 = Debug|Any CPU
		{BE3CA852-A63B-44C2-8C3D-97832280BF6F}.Debug|iPhoneSimulator.ActiveCfg = Debug|Any CPU
		{BE3CA852-A63B-44C2-8C3D-97832280BF6F}.Debug|iPhoneSimulator.Build.0 = Debug|Any CPU
		{BE3CA852-A63B-44C2-8C3D-97832280BF6F}.Debug|iPhoneSimulator.Deploy.0 = Debug|Any CPU
		{BE3CA852-A63B-44C2-8C3D-97832280BF6F}.Debug|x86.ActiveCfg = Debug|Any CPU
		{BE3CA852-A63B-44C2-8C3D-97832280BF6F}.Debug|x86.Build.0 = Debug|Any CPU
		{BE3CA852-A63B-44C2-8C3D-97832280BF6F}.Debug|x86.Deploy.0 = Debug|Any CPU
		{BE3CA852-A63B-44C2-8C3D-97832280BF6F}.Release|Any CPU.ActiveCfg = Release|Any CPU
		{BE3CA852-A63B-44C2-8C3D-97832280BF6F}.Release|Any CPU.Build.0 = Release|Any CPU
		{BE3CA852-A63B-44C2-8C3D-97832280BF6F}.Release|Any CPU.Deploy.0 = Release|Any CPU
		{BE3CA852-A63B-44C2-8C3D-97832280BF6F}.Release|ARM.ActiveCfg = Release|Any CPU
		{BE3CA852-A63B-44C2-8C3D-97832280BF6F}.Release|ARM.Build.0 = Release|Any CPU
		{BE3CA852-A63B-44C2-8C3D-97832280BF6F}.Release|ARM.Deploy.0 = Release|Any CPU
		{BE3CA852-A63B-44C2-8C3D-97832280BF6F}.Release|iPhone.ActiveCfg = Release|Any CPU
		{BE3CA852-A63B-44C2-8C3D-97832280BF6F}.Release|iPhone.Build.0 = Release|Any CPU
		{BE3CA852-A63B-44C2-8C3D-97832280BF6F}.Release|iPhone.Deploy.0 = Release|Any CPU
		{BE3CA852-A63B-44C2-8C3D-97832280BF6F}.Release|iPhoneSimulator.ActiveCfg = Release|Any CPU
		{BE3CA852-A63B-44C2-8C3D-97832280BF6F}.Release|iPhoneSimulator.Build.0 = Release|Any CPU
		{BE3CA852-A63B-44C2-8C3D-97832280BF6F}.Release|iPhoneSimulator.Deploy.0 = Release|Any CPU
		{BE3CA852-A63B-44C2-8C3D-97832280BF6F}.Release|x86.ActiveCfg = Release|Any CPU
		{BE3CA852-A63B-44C2-8C3D-97832280BF6F}.Release|x86.Build.0 = Release|Any CPU
		{BE3CA852-A63B-44C2-8C3D-97832280BF6F}.Release|x86.Deploy.0 = Release|Any CPU
		{B9DB05F5-9393-4A5C-A5E3-A09B0F3F4A0B}.Ad-Hoc|Any CPU.ActiveCfg = Ad-Hoc|iPhone
		{B9DB05F5-9393-4A5C-A5E3-A09B0F3F4A0B}.Ad-Hoc|ARM.ActiveCfg = Ad-Hoc|iPhone
		{B9DB05F5-9393-4A5C-A5E3-A09B0F3F4A0B}.Ad-Hoc|iPhone.ActiveCfg = Ad-Hoc|iPhone
		{B9DB05F5-9393-4A5C-A5E3-A09B0F3F4A0B}.Ad-Hoc|iPhone.Build.0 = Ad-Hoc|iPhone
		{B9DB05F5-9393-4A5C-A5E3-A09B0F3F4A0B}.Ad-Hoc|iPhoneSimulator.ActiveCfg = Ad-Hoc|iPhoneSimulator
		{B9DB05F5-9393-4A5C-A5E3-A09B0F3F4A0B}.Ad-Hoc|iPhoneSimulator.Build.0 = Ad-Hoc|iPhoneSimulator
		{B9DB05F5-9393-4A5C-A5E3-A09B0F3F4A0B}.Ad-Hoc|x86.ActiveCfg = Ad-Hoc|iPhone
		{B9DB05F5-9393-4A5C-A5E3-A09B0F3F4A0B}.AppStore|Any CPU.ActiveCfg = AppStore|iPhone
		{B9DB05F5-9393-4A5C-A5E3-A09B0F3F4A0B}.AppStore|ARM.ActiveCfg = AppStore|iPhone
		{B9DB05F5-9393-4A5C-A5E3-A09B0F3F4A0B}.AppStore|iPhone.ActiveCfg = AppStore|iPhone
		{B9DB05F5-9393-4A5C-A5E3-A09B0F3F4A0B}.AppStore|iPhone.Build.0 = AppStore|iPhone
		{B9DB05F5-9393-4A5C-A5E3-A09B0F3F4A0B}.AppStore|iPhoneSimulator.ActiveCfg = AppStore|iPhoneSimulator
		{B9DB05F5-9393-4A5C-A5E3-A09B0F3F4A0B}.AppStore|iPhoneSimulator.Build.0 = AppStore|iPhoneSimulator
		{B9DB05F5-9393-4A5C-A5E3-A09B0F3F4A0B}.AppStore|x86.ActiveCfg = AppStore|iPhone
		{B9DB05F5-9393-4A5C-A5E3-A09B0F3F4A0B}.Debug|Any CPU.ActiveCfg = Debug|iPhone
		{B9DB05F5-9393-4A5C-A5E3-A09B0F3F4A0B}.Debug|ARM.ActiveCfg = Debug|iPhone
		{B9DB05F5-9393-4A5C-A5E3-A09B0F3F4A0B}.Debug|iPhone.ActiveCfg = Debug|iPhone
		{B9DB05F5-9393-4A5C-A5E3-A09B0F3F4A0B}.Debug|iPhone.Build.0 = Debug|iPhone
		{B9DB05F5-9393-4A5C-A5E3-A09B0F3F4A0B}.Debug|iPhoneSimulator.ActiveCfg = Debug|iPhoneSimulator
		{B9DB05F5-9393-4A5C-A5E3-A09B0F3F4A0B}.Debug|iPhoneSimulator.Build.0 = Debug|iPhoneSimulator
		{B9DB05F5-9393-4A5C-A5E3-A09B0F3F4A0B}.Debug|x86.ActiveCfg = Debug|iPhone
		{B9DB05F5-9393-4A5C-A5E3-A09B0F3F4A0B}.Release|Any CPU.ActiveCfg = Release|iPhone
		{B9DB05F5-9393-4A5C-A5E3-A09B0F3F4A0B}.Release|ARM.ActiveCfg = Release|iPhone
		{B9DB05F5-9393-4A5C-A5E3-A09B0F3F4A0B}.Release|iPhone.ActiveCfg = Release|iPhone
		{B9DB05F5-9393-4A5C-A5E3-A09B0F3F4A0B}.Release|iPhone.Build.0 = Release|iPhone
		{B9DB05F5-9393-4A5C-A5E3-A09B0F3F4A0B}.Release|iPhoneSimulator.ActiveCfg = Release|iPhoneSimulator
		{B9DB05F5-9393-4A5C-A5E3-A09B0F3F4A0B}.Release|iPhoneSimulator.Build.0 = Release|iPhoneSimulator
		{B9DB05F5-9393-4A5C-A5E3-A09B0F3F4A0B}.Release|x86.ActiveCfg = Release|iPhone
		{6CA4F112-1975-484B-9756-AE9B69C92531}.Ad-Hoc|Any CPU.ActiveCfg = Release|Any CPU
		{6CA4F112-1975-484B-9756-AE9B69C92531}.Ad-Hoc|Any CPU.Build.0 = Release|Any CPU
		{6CA4F112-1975-484B-9756-AE9B69C92531}.Ad-Hoc|Any CPU.Deploy.0 = Release|Any CPU
		{6CA4F112-1975-484B-9756-AE9B69C92531}.Ad-Hoc|ARM.ActiveCfg = Release|ARM
		{6CA4F112-1975-484B-9756-AE9B69C92531}.Ad-Hoc|ARM.Build.0 = Release|ARM
		{6CA4F112-1975-484B-9756-AE9B69C92531}.Ad-Hoc|ARM.Deploy.0 = Release|ARM
		{6CA4F112-1975-484B-9756-AE9B69C92531}.Ad-Hoc|iPhone.ActiveCfg = Release|Any CPU
		{6CA4F112-1975-484B-9756-AE9B69C92531}.Ad-Hoc|iPhone.Build.0 = Release|Any CPU
		{6CA4F112-1975-484B-9756-AE9B69C92531}.Ad-Hoc|iPhone.Deploy.0 = Release|Any CPU
		{6CA4F112-1975-484B-9756-AE9B69C92531}.Ad-Hoc|iPhoneSimulator.ActiveCfg = Release|Any CPU
		{6CA4F112-1975-484B-9756-AE9B69C92531}.Ad-Hoc|iPhoneSimulator.Build.0 = Release|Any CPU
		{6CA4F112-1975-484B-9756-AE9B69C92531}.Ad-Hoc|iPhoneSimulator.Deploy.0 = Release|Any CPU
		{6CA4F112-1975-484B-9756-AE9B69C92531}.Ad-Hoc|x86.ActiveCfg = Release|x86
		{6CA4F112-1975-484B-9756-AE9B69C92531}.Ad-Hoc|x86.Build.0 = Release|x86
		{6CA4F112-1975-484B-9756-AE9B69C92531}.Ad-Hoc|x86.Deploy.0 = Release|x86
		{6CA4F112-1975-484B-9756-AE9B69C92531}.AppStore|Any CPU.ActiveCfg = Release|Any CPU
		{6CA4F112-1975-484B-9756-AE9B69C92531}.AppStore|Any CPU.Build.0 = Release|Any CPU
		{6CA4F112-1975-484B-9756-AE9B69C92531}.AppStore|Any CPU.Deploy.0 = Release|Any CPU
		{6CA4F112-1975-484B-9756-AE9B69C92531}.AppStore|ARM.ActiveCfg = Release|ARM
		{6CA4F112-1975-484B-9756-AE9B69C92531}.AppStore|ARM.Build.0 = Release|ARM
		{6CA4F112-1975-484B-9756-AE9B69C92531}.AppStore|ARM.Deploy.0 = Release|ARM
		{6CA4F112-1975-484B-9756-AE9B69C92531}.AppStore|iPhone.ActiveCfg = Release|Any CPU
		{6CA4F112-1975-484B-9756-AE9B69C92531}.AppStore|iPhone.Build.0 = Release|Any CPU
		{6CA4F112-1975-484B-9756-AE9B69C92531}.AppStore|iPhone.Deploy.0 = Release|Any CPU
		{6CA4F112-1975-484B-9756-AE9B69C92531}.AppStore|iPhoneSimulator.ActiveCfg = Release|Any CPU
		{6CA4F112-1975-484B-9756-AE9B69C92531}.AppStore|iPhoneSimulator.Build.0 = Release|Any CPU
		{6CA4F112-1975-484B-9756-AE9B69C92531}.AppStore|iPhoneSimulator.Deploy.0 = Release|Any CPU
		{6CA4F112-1975-484B-9756-AE9B69C92531}.AppStore|x86.ActiveCfg = Release|x86
		{6CA4F112-1975-484B-9756-AE9B69C92531}.AppStore|x86.Build.0 = Release|x86
		{6CA4F112-1975-484B-9756-AE9B69C92531}.AppStore|x86.Deploy.0 = Release|x86
		{6CA4F112-1975-484B-9756-AE9B69C92531}.Debug|Any CPU.ActiveCfg = Debug|Any CPU
		{6CA4F112-1975-484B-9756-AE9B69C92531}.Debug|Any CPU.Build.0 = Debug|Any CPU
		{6CA4F112-1975-484B-9756-AE9B69C92531}.Debug|Any CPU.Deploy.0 = Debug|Any CPU
		{6CA4F112-1975-484B-9756-AE9B69C92531}.Debug|ARM.ActiveCfg = Debug|ARM
		{6CA4F112-1975-484B-9756-AE9B69C92531}.Debug|ARM.Build.0 = Debug|ARM
		{6CA4F112-1975-484B-9756-AE9B69C92531}.Debug|ARM.Deploy.0 = Debug|ARM
		{6CA4F112-1975-484B-9756-AE9B69C92531}.Debug|iPhone.ActiveCfg = Debug|Any CPU
		{6CA4F112-1975-484B-9756-AE9B69C92531}.Debug|iPhone.Build.0 = Debug|Any CPU
		{6CA4F112-1975-484B-9756-AE9B69C92531}.Debug|iPhone.Deploy.0 = Debug|Any CPU
		{6CA4F112-1975-484B-9756-AE9B69C92531}.Debug|iPhoneSimulator.ActiveCfg = Debug|Any CPU
		{6CA4F112-1975-484B-9756-AE9B69C92531}.Debug|iPhoneSimulator.Build.0 = Debug|Any CPU
		{6CA4F112-1975-484B-9756-AE9B69C92531}.Debug|iPhoneSimulator.Deploy.0 = Debug|Any CPU
		{6CA4F112-1975-484B-9756-AE9B69C92531}.Debug|x86.ActiveCfg = Debug|x86
		{6CA4F112-1975-484B-9756-AE9B69C92531}.Debug|x86.Build.0 = Debug|x86
		{6CA4F112-1975-484B-9756-AE9B69C92531}.Debug|x86.Deploy.0 = Debug|x86
		{6CA4F112-1975-484B-9756-AE9B69C92531}.Release|Any CPU.ActiveCfg = Release|Any CPU
		{6CA4F112-1975-484B-9756-AE9B69C92531}.Release|Any CPU.Build.0 = Release|Any CPU
		{6CA4F112-1975-484B-9756-AE9B69C92531}.Release|Any CPU.Deploy.0 = Release|Any CPU
		{6CA4F112-1975-484B-9756-AE9B69C92531}.Release|ARM.ActiveCfg = Release|ARM
		{6CA4F112-1975-484B-9756-AE9B69C92531}.Release|ARM.Build.0 = Release|ARM
		{6CA4F112-1975-484B-9756-AE9B69C92531}.Release|ARM.Deploy.0 = Release|ARM
		{6CA4F112-1975-484B-9756-AE9B69C92531}.Release|iPhone.ActiveCfg = Release|Any CPU
		{6CA4F112-1975-484B-9756-AE9B69C92531}.Release|iPhone.Build.0 = Release|Any CPU
		{6CA4F112-1975-484B-9756-AE9B69C92531}.Release|iPhone.Deploy.0 = Release|Any CPU
		{6CA4F112-1975-484B-9756-AE9B69C92531}.Release|iPhoneSimulator.ActiveCfg = Release|Any CPU
		{6CA4F112-1975-484B-9756-AE9B69C92531}.Release|iPhoneSimulator.Build.0 = Release|Any CPU
		{6CA4F112-1975-484B-9756-AE9B69C92531}.Release|iPhoneSimulator.Deploy.0 = Release|Any CPU
		{6CA4F112-1975-484B-9756-AE9B69C92531}.Release|x86.ActiveCfg = Release|x86
		{6CA4F112-1975-484B-9756-AE9B69C92531}.Release|x86.Build.0 = Release|x86
		{6CA4F112-1975-484B-9756-AE9B69C92531}.Release|x86.Deploy.0 = Release|x86
		{4ECFCE62-C22E-4DB6-8484-FBC19BF0154A}.Ad-Hoc|Any CPU.ActiveCfg = Release|Any CPU
		{4ECFCE62-C22E-4DB6-8484-FBC19BF0154A}.Ad-Hoc|Any CPU.Build.0 = Release|Any CPU
		{4ECFCE62-C22E-4DB6-8484-FBC19BF0154A}.Ad-Hoc|ARM.ActiveCfg = Release|Any CPU
		{4ECFCE62-C22E-4DB6-8484-FBC19BF0154A}.Ad-Hoc|ARM.Build.0 = Release|Any CPU
		{4ECFCE62-C22E-4DB6-8484-FBC19BF0154A}.Ad-Hoc|iPhone.ActiveCfg = Release|Any CPU
		{4ECFCE62-C22E-4DB6-8484-FBC19BF0154A}.Ad-Hoc|iPhone.Build.0 = Release|Any CPU
		{4ECFCE62-C22E-4DB6-8484-FBC19BF0154A}.Ad-Hoc|iPhoneSimulator.ActiveCfg = Release|Any CPU
		{4ECFCE62-C22E-4DB6-8484-FBC19BF0154A}.Ad-Hoc|iPhoneSimulator.Build.0 = Release|Any CPU
		{4ECFCE62-C22E-4DB6-8484-FBC19BF0154A}.Ad-Hoc|x86.ActiveCfg = Release|Any CPU
		{4ECFCE62-C22E-4DB6-8484-FBC19BF0154A}.Ad-Hoc|x86.Build.0 = Release|Any CPU
		{4ECFCE62-C22E-4DB6-8484-FBC19BF0154A}.AppStore|Any CPU.ActiveCfg = Release|Any CPU
		{4ECFCE62-C22E-4DB6-8484-FBC19BF0154A}.AppStore|Any CPU.Build.0 = Release|Any CPU
		{4ECFCE62-C22E-4DB6-8484-FBC19BF0154A}.AppStore|ARM.ActiveCfg = Release|Any CPU
		{4ECFCE62-C22E-4DB6-8484-FBC19BF0154A}.AppStore|ARM.Build.0 = Release|Any CPU
		{4ECFCE62-C22E-4DB6-8484-FBC19BF0154A}.AppStore|iPhone.ActiveCfg = Release|Any CPU
		{4ECFCE62-C22E-4DB6-8484-FBC19BF0154A}.AppStore|iPhone.Build.0 = Release|Any CPU
		{4ECFCE62-C22E-4DB6-8484-FBC19BF0154A}.AppStore|iPhoneSimulator.ActiveCfg = Release|Any CPU
		{4ECFCE62-C22E-4DB6-8484-FBC19BF0154A}.AppStore|iPhoneSimulator.Build.0 = Release|Any CPU
		{4ECFCE62-C22E-4DB6-8484-FBC19BF0154A}.AppStore|x86.ActiveCfg = Release|Any CPU
		{4ECFCE62-C22E-4DB6-8484-FBC19BF0154A}.AppStore|x86.Build.0 = Release|Any CPU
		{4ECFCE62-C22E-4DB6-8484-FBC19BF0154A}.Debug|Any CPU.ActiveCfg = Debug|Any CPU
		{4ECFCE62-C22E-4DB6-8484-FBC19BF0154A}.Debug|Any CPU.Build.0 = Debug|Any CPU
		{4ECFCE62-C22E-4DB6-8484-FBC19BF0154A}.Debug|ARM.ActiveCfg = Debug|Any CPU
		{4ECFCE62-C22E-4DB6-8484-FBC19BF0154A}.Debug|ARM.Build.0 = Debug|Any CPU
		{4ECFCE62-C22E-4DB6-8484-FBC19BF0154A}.Debug|iPhone.ActiveCfg = Debug|Any CPU
		{4ECFCE62-C22E-4DB6-8484-FBC19BF0154A}.Debug|iPhone.Build.0 = Debug|Any CPU
		{4ECFCE62-C22E-4DB6-8484-FBC19BF0154A}.Debug|iPhoneSimulator.ActiveCfg = Debug|Any CPU
		{4ECFCE62-C22E-4DB6-8484-FBC19BF0154A}.Debug|iPhoneSimulator.Build.0 = Debug|Any CPU
		{4ECFCE62-C22E-4DB6-8484-FBC19BF0154A}.Debug|x86.ActiveCfg = Debug|Any CPU
		{4ECFCE62-C22E-4DB6-8484-FBC19BF0154A}.Debug|x86.Build.0 = Debug|Any CPU
		{4ECFCE62-C22E-4DB6-8484-FBC19BF0154A}.Release|Any CPU.ActiveCfg = Release|Any CPU
		{4ECFCE62-C22E-4DB6-8484-FBC19BF0154A}.Release|Any CPU.Build.0 = Release|Any CPU
		{4ECFCE62-C22E-4DB6-8484-FBC19BF0154A}.Release|ARM.ActiveCfg = Release|Any CPU
		{4ECFCE62-C22E-4DB6-8484-FBC19BF0154A}.Release|ARM.Build.0 = Release|Any CPU
		{4ECFCE62-C22E-4DB6-8484-FBC19BF0154A}.Release|iPhone.ActiveCfg = Release|Any CPU
		{4ECFCE62-C22E-4DB6-8484-FBC19BF0154A}.Release|iPhone.Build.0 = Release|Any CPU
		{4ECFCE62-C22E-4DB6-8484-FBC19BF0154A}.Release|iPhoneSimulator.ActiveCfg = Release|Any CPU
		{4ECFCE62-C22E-4DB6-8484-FBC19BF0154A}.Release|iPhoneSimulator.Build.0 = Release|Any CPU
		{4ECFCE62-C22E-4DB6-8484-FBC19BF0154A}.Release|x86.ActiveCfg = Release|Any CPU
		{4ECFCE62-C22E-4DB6-8484-FBC19BF0154A}.Release|x86.Build.0 = Release|Any CPU
	EndGlobalSection
	GlobalSection(SolutionProperties) = preSolution
		HideSolutionNode = FALSE
	EndGlobalSection
EndGlobal
