
Microsoft Visual Studio Solution File, Format Version 12.00
# Visual Studio 14
VisualStudioVersion = 14.0.24720.0
MinimumVisualStudioVersion = 10.0.40219.1
Project("{FAE04EC0-301F-11D3-BF4B-00C04F79EFBC}") = "XamFormsBindingModes.Droid", "XamFormsBindingModes\XamFormsBindingModes.Droid\XamFormsBindingModes.Droid.csproj", "{750979C7-6589-4D24-A67C-EAD2E02E5D4E}"
EndProject
Project("{FAE04EC0-301F-11D3-BF4B-00C04F79EFBC}") = "XamFormsBindingModes.iOS", "XamFormsBindingModes\XamFormsBindingModes.iOS\XamFormsBindingModes.iOS.csproj", "{54465C13-DDEA-4FAF-9ADE-297D09B99EA3}"
EndProject
Project("{FAE04EC0-301F-11D3-BF4B-00C04F79EFBC}") = "XamFormsBindingModes.WinPhone", "XamFormsBindingModes\XamFormsBindingModes.WinPhone\XamFormsBindingModes.WinPhone.csproj", "{A287B3D3-95E5-48C1-A3DC-3D90A26BB0F0}"
EndProject
Project("{FAE04EC0-301F-11D3-BF4B-00C04F79EFBC}") = "XamFormsBindingModes", "XamFormsBindingModes\XamFormsBindingModes\XamFormsBindingModes.csproj", "{CD50FDF2-36B9-47A8-81C6-806587C5A60A}"
EndProject
Global
	GlobalSection(SolutionConfigurationPlatforms) = preSolution
		Ad-Hoc|Any CPU = Ad-Hoc|Any CPU
		Ad-Hoc|ARM = Ad-Hoc|ARM
		Ad-Hoc|iPhone = Ad-Hoc|iPhone
		Ad-Hoc|iPhoneSimulator = Ad-Hoc|iPhoneSimulator
		Ad-Hoc|x86 = Ad-Hoc|x86
		AppStore|Any CPU = AppStore|Any CPU
		AppStore|ARM = AppStore|ARM
		AppStore|iPhone = AppStore|iPhone
		AppStore|iPhoneSimulator = AppStore|iPhoneSimulator
		AppStore|x86 = AppStore|x86
		Debug|Any CPU = Debug|Any CPU
		Debug|ARM = Debug|ARM
		Debug|iPhone = Debug|iPhone
		Debug|iPhoneSimulator = Debug|iPhoneSimulator
		Debug|x86 = Debug|x86
		Release|Any CPU = Release|Any CPU
		Release|ARM = Release|ARM
		Release|iPhone = Release|iPhone
		Release|iPhoneSimulator = Release|iPhoneSimulator
		Release|x86 = Release|x86
	EndGlobalSection
	GlobalSection(ProjectConfigurationPlatforms) = postSolution
		{750979C7-6589-4D24-A67C-EAD2E02E5D4E}.Ad-Hoc|Any CPU.ActiveCfg = Release|Any CPU
		{750979C7-6589-4D24-A67C-EAD2E02E5D4E}.Ad-Hoc|Any CPU.Build.0 = Release|Any CPU
		{750979C7-6589-4D24-A67C-EAD2E02E5D4E}.Ad-Hoc|Any CPU.Deploy.0 = Release|Any CPU
		{750979C7-6589-4D24-A67C-EAD2E02E5D4E}.Ad-Hoc|ARM.ActiveCfg = Release|Any CPU
		{750979C7-6589-4D24-A67C-EAD2E02E5D4E}.Ad-Hoc|ARM.Build.0 = Release|Any CPU
		{750979C7-6589-4D24-A67C-EAD2E02E5D4E}.Ad-Hoc|ARM.Deploy.0 = Release|Any CPU
		{750979C7-6589-4D24-A67C-EAD2E02E5D4E}.Ad-Hoc|iPhone.ActiveCfg = Release|Any CPU
		{750979C7-6589-4D24-A67C-EAD2E02E5D4E}.Ad-Hoc|iPhone.Build.0 = Release|Any CPU
		{750979C7-6589-4D24-A67C-EAD2E02E5D4E}.Ad-Hoc|iPhone.Deploy.0 = Release|Any CPU
		{750979C7-6589-4D24-A67C-EAD2E02E5D4E}.Ad-Hoc|iPhoneSimulator.ActiveCfg = Release|Any CPU
		{750979C7-6589-4D24-A67C-EAD2E02E5D4E}.Ad-Hoc|iPhoneSimulator.Build.0 = Release|Any CPU
		{750979C7-6589-4D24-A67C-EAD2E02E5D4E}.Ad-Hoc|iPhoneSimulator.Deploy.0 = Release|Any CPU
		{750979C7-6589-4D24-A67C-EAD2E02E5D4E}.Ad-Hoc|x86.ActiveCfg = Release|Any CPU
		{750979C7-6589-4D24-A67C-EAD2E02E5D4E}.Ad-Hoc|x86.Build.0 = Release|Any CPU
		{750979C7-6589-4D24-A67C-EAD2E02E5D4E}.Ad-Hoc|x86.Deploy.0 = Release|Any CPU
		{750979C7-6589-4D24-A67C-EAD2E02E5D4E}.AppStore|Any CPU.ActiveCfg = Release|Any CPU
		{750979C7-6589-4D24-A67C-EAD2E02E5D4E}.AppStore|Any CPU.Build.0 = Release|Any CPU
		{750979C7-6589-4D24-A67C-EAD2E02E5D4E}.AppStore|Any CPU.Deploy.0 = Release|Any CPU
		{750979C7-6589-4D24-A67C-EAD2E02E5D4E}.AppStore|ARM.ActiveCfg = Release|Any CPU
		{750979C7-6589-4D24-A67C-EAD2E02E5D4E}.AppStore|ARM.Build.0 = Release|Any CPU
		{750979C7-6589-4D24-A67C-EAD2E02E5D4E}.AppStore|ARM.Deploy.0 = Release|Any CPU
		{750979C7-6589-4D24-A67C-EAD2E02E5D4E}.AppStore|iPhone.ActiveCfg = Release|Any CPU
		{750979C7-6589-4D24-A67C-EAD2E02E5D4E}.AppStore|iPhone.Build.0 = Release|Any CPU
		{750979C7-6589-4D24-A67C-EAD2E02E5D4E}.AppStore|iPhone.Deploy.0 = Release|Any CPU
		{750979C7-6589-4D24-A67C-EAD2E02E5D4E}.AppStore|iPhoneSimulator.ActiveCfg = Release|Any CPU
		{750979C7-6589-4D24-A67C-EAD2E02E5D4E}.AppStore|iPhoneSimulator.Build.0 = Release|Any CPU
		{750979C7-6589-4D24-A67C-EAD2E02E5D4E}.AppStore|iPhoneSimulator.Deploy.0 = Release|Any CPU
		{750979C7-6589-4D24-A67C-EAD2E02E5D4E}.AppStore|x86.ActiveCfg = Release|Any CPU
		{750979C7-6589-4D24-A67C-EAD2E02E5D4E}.AppStore|x86.Build.0 = Release|Any CPU
		{750979C7-6589-4D24-A67C-EAD2E02E5D4E}.AppStore|x86.Deploy.0 = Release|Any CPU
		{750979C7-6589-4D24-A67C-EAD2E02E5D4E}.Debug|Any CPU.ActiveCfg = Debug|Any CPU
		{750979C7-6589-4D24-A67C-EAD2E02E5D4E}.Debug|Any CPU.Build.0 = Debug|Any CPU
		{750979C7-6589-4D24-A67C-EAD2E02E5D4E}.Debug|Any CPU.Deploy.0 = Debug|Any CPU
		{750979C7-6589-4D24-A67C-EAD2E02E5D4E}.Debug|ARM.ActiveCfg = Debug|Any CPU
		{750979C7-6589-4D24-A67C-EAD2E02E5D4E}.Debug|ARM.Build.0 = Debug|Any CPU
		{750979C7-6589-4D24-A67C-EAD2E02E5D4E}.Debug|ARM.Deploy.0 = Debug|Any CPU
		{750979C7-6589-4D24-A67C-EAD2E02E5D4E}.Debug|iPhone.ActiveCfg = Debug|Any CPU
		{750979C7-6589-4D24-A67C-EAD2E02E5D4E}.Debug|iPhone.Build.0 = Debug|Any CPU
		{750979C7-6589-4D24-A67C-EAD2E02E5D4E}.Debug|iPhone.Deploy.0 = Debug|Any CPU
		{750979C7-6589-4D24-A67C-EAD2E02E5D4E}.Debug|iPhoneSimulator.ActiveCfg = Debug|Any CPU
		{750979C7-6589-4D24-A67C-EAD2E02E5D4E}.Debug|iPhoneSimulator.Build.0 = Debug|Any CPU
		{750979C7-6589-4D24-A67C-EAD2E02E5D4E}.Debug|iPhoneSimulator.Deploy.0 = Debug|Any CPU
		{750979C7-6589-4D24-A67C-EAD2E02E5D4E}.Debug|x86.ActiveCfg = Debug|Any CPU
		{750979C7-6589-4D24-A67C-EAD2E02E5D4E}.Debug|x86.Build.0 = Debug|Any CPU
		{750979C7-6589-4D24-A67C-EAD2E02E5D4E}.Debug|x86.Deploy.0 = Debug|Any CPU
		{750979C7-6589-4D24-A67C-EAD2E02E5D4E}.Release|Any CPU.ActiveCfg = Release|Any CPU
		{750979C7-6589-4D24-A67C-EAD2E02E5D4E}.Release|Any CPU.Build.0 = Release|Any CPU
		{750979C7-6589-4D24-A67C-EAD2E02E5D4E}.Release|Any CPU.Deploy.0 = Release|Any CPU
		{750979C7-6589-4D24-A67C-EAD2E02E5D4E}.Release|ARM.ActiveCfg = Release|Any CPU
		{750979C7-6589-4D24-A67C-EAD2E02E5D4E}.Release|ARM.Build.0 = Release|Any CPU
		{750979C7-6589-4D24-A67C-EAD2E02E5D4E}.Release|ARM.Deploy.0 = Release|Any CPU
		{750979C7-6589-4D24-A67C-EAD2E02E5D4E}.Release|iPhone.ActiveCfg = Release|Any CPU
		{750979C7-6589-4D24-A67C-EAD2E02E5D4E}.Release|iPhone.Build.0 = Release|Any CPU
		{750979C7-6589-4D24-A67C-EAD2E02E5D4E}.Release|iPhone.Deploy.0 = Release|Any CPU
		{750979C7-6589-4D24-A67C-EAD2E02E5D4E}.Release|iPhoneSimulator.ActiveCfg = Release|Any CPU
		{750979C7-6589-4D24-A67C-EAD2E02E5D4E}.Release|iPhoneSimulator.Build.0 = Release|Any CPU
		{750979C7-6589-4D24-A67C-EAD2E02E5D4E}.Release|iPhoneSimulator.Deploy.0 = Release|Any CPU
		{750979C7-6589-4D24-A67C-EAD2E02E5D4E}.Release|x86.ActiveCfg = Release|Any CPU
		{750979C7-6589-4D24-A67C-EAD2E02E5D4E}.Release|x86.Build.0 = Release|Any CPU
		{750979C7-6589-4D24-A67C-EAD2E02E5D4E}.Release|x86.Deploy.0 = Release|Any CPU
		{54465C13-DDEA-4FAF-9ADE-297D09B99EA3}.Ad-Hoc|Any CPU.ActiveCfg = Ad-Hoc|iPhone
		{54465C13-DDEA-4FAF-9ADE-297D09B99EA3}.Ad-Hoc|ARM.ActiveCfg = Ad-Hoc|iPhone
		{54465C13-DDEA-4FAF-9ADE-297D09B99EA3}.Ad-Hoc|iPhone.ActiveCfg = Ad-Hoc|iPhone
		{54465C13-DDEA-4FAF-9ADE-297D09B99EA3}.Ad-Hoc|iPhone.Build.0 = Ad-Hoc|iPhone
		{54465C13-DDEA-4FAF-9ADE-297D09B99EA3}.Ad-Hoc|iPhoneSimulator.ActiveCfg = Ad-Hoc|iPhoneSimulator
		{54465C13-DDEA-4FAF-9ADE-297D09B99EA3}.Ad-Hoc|iPhoneSimulator.Build.0 = Ad-Hoc|iPhoneSimulator
		{54465C13-DDEA-4FAF-9ADE-297D09B99EA3}.Ad-Hoc|x86.ActiveCfg = Ad-Hoc|iPhone
		{54465C13-DDEA-4FAF-9ADE-297D09B99EA3}.AppStore|Any CPU.ActiveCfg = AppStore|iPhone
		{54465C13-DDEA-4FAF-9ADE-297D09B99EA3}.AppStore|ARM.ActiveCfg = AppStore|iPhone
		{54465C13-DDEA-4FAF-9ADE-297D09B99EA3}.AppStore|iPhone.ActiveCfg = AppStore|iPhone
		{54465C13-DDEA-4FAF-9ADE-297D09B99EA3}.AppStore|iPhone.Build.0 = AppStore|iPhone
		{54465C13-DDEA-4FAF-9ADE-297D09B99EA3}.AppStore|iPhoneSimulator.ActiveCfg = AppStore|iPhoneSimulator
		{54465C13-DDEA-4FAF-9ADE-297D09B99EA3}.AppStore|iPhoneSimulator.Build.0 = AppStore|iPhoneSimulator
		{54465C13-DDEA-4FAF-9ADE-297D09B99EA3}.AppStore|x86.ActiveCfg = AppStore|iPhone
		{54465C13-DDEA-4FAF-9ADE-297D09B99EA3}.Debug|Any CPU.ActiveCfg = Debug|iPhone
		{54465C13-DDEA-4FAF-9ADE-297D09B99EA3}.Debug|ARM.ActiveCfg = Debug|iPhone
		{54465C13-DDEA-4FAF-9ADE-297D09B99EA3}.Debug|iPhone.ActiveCfg = Debug|iPhone
		{54465C13-DDEA-4FAF-9ADE-297D09B99EA3}.Debug|iPhone.Build.0 = Debug|iPhone
		{54465C13-DDEA-4FAF-9ADE-297D09B99EA3}.Debug|iPhoneSimulator.ActiveCfg = Debug|iPhoneSimulator
		{54465C13-DDEA-4FAF-9ADE-297D09B99EA3}.Debug|iPhoneSimulator.Build.0 = Debug|iPhoneSimulator
		{54465C13-DDEA-4FAF-9ADE-297D09B99EA3}.Debug|x86.ActiveCfg = Debug|iPhone
		{54465C13-DDEA-4FAF-9ADE-297D09B99EA3}.Release|Any CPU.ActiveCfg = Release|iPhone
		{54465C13-DDEA-4FAF-9ADE-297D09B99EA3}.Release|ARM.ActiveCfg = Release|iPhone
		{54465C13-DDEA-4FAF-9ADE-297D09B99EA3}.Release|iPhone.ActiveCfg = Release|iPhone
		{54465C13-DDEA-4FAF-9ADE-297D09B99EA3}.Release|iPhone.Build.0 = Release|iPhone
		{54465C13-DDEA-4FAF-9ADE-297D09B99EA3}.Release|iPhoneSimulator.ActiveCfg = Release|iPhoneSimulator
		{54465C13-DDEA-4FAF-9ADE-297D09B99EA3}.Release|iPhoneSimulator.Build.0 = Release|iPhoneSimulator
		{54465C13-DDEA-4FAF-9ADE-297D09B99EA3}.Release|x86.ActiveCfg = Release|iPhone
		{A287B3D3-95E5-48C1-A3DC-3D90A26BB0F0}.Ad-Hoc|Any CPU.ActiveCfg = Release|Any CPU
		{A287B3D3-95E5-48C1-A3DC-3D90A26BB0F0}.Ad-Hoc|Any CPU.Build.0 = Release|Any CPU
		{A287B3D3-95E5-48C1-A3DC-3D90A26BB0F0}.Ad-Hoc|Any CPU.Deploy.0 = Release|Any CPU
		{A287B3D3-95E5-48C1-A3DC-3D90A26BB0F0}.Ad-Hoc|ARM.ActiveCfg = Release|ARM
		{A287B3D3-95E5-48C1-A3DC-3D90A26BB0F0}.Ad-Hoc|ARM.Build.0 = Release|ARM
		{A287B3D3-95E5-48C1-A3DC-3D90A26BB0F0}.Ad-Hoc|ARM.Deploy.0 = Release|ARM
		{A287B3D3-95E5-48C1-A3DC-3D90A26BB0F0}.Ad-Hoc|iPhone.ActiveCfg = Release|Any CPU
		{A287B3D3-95E5-48C1-A3DC-3D90A26BB0F0}.Ad-Hoc|iPhone.Build.0 = Release|Any CPU
		{A287B3D3-95E5-48C1-A3DC-3D90A26BB0F0}.Ad-Hoc|iPhone.Deploy.0 = Release|Any CPU
		{A287B3D3-95E5-48C1-A3DC-3D90A26BB0F0}.Ad-Hoc|iPhoneSimulator.ActiveCfg = Release|Any CPU
		{A287B3D3-95E5-48C1-A3DC-3D90A26BB0F0}.Ad-Hoc|iPhoneSimulator.Build.0 = Release|Any CPU
		{A287B3D3-95E5-48C1-A3DC-3D90A26BB0F0}.Ad-Hoc|iPhoneSimulator.Deploy.0 = Release|Any CPU
		{A287B3D3-95E5-48C1-A3DC-3D90A26BB0F0}.Ad-Hoc|x86.ActiveCfg = Release|x86
		{A287B3D3-95E5-48C1-A3DC-3D90A26BB0F0}.Ad-Hoc|x86.Build.0 = Release|x86
		{A287B3D3-95E5-48C1-A3DC-3D90A26BB0F0}.Ad-Hoc|x86.Deploy.0 = Release|x86
		{A287B3D3-95E5-48C1-A3DC-3D90A26BB0F0}.AppStore|Any CPU.ActiveCfg = Release|Any CPU
		{A287B3D3-95E5-48C1-A3DC-3D90A26BB0F0}.AppStore|Any CPU.Build.0 = Release|Any CPU
		{A287B3D3-95E5-48C1-A3DC-3D90A26BB0F0}.AppStore|Any CPU.Deploy.0 = Release|Any CPU
		{A287B3D3-95E5-48C1-A3DC-3D90A26BB0F0}.AppStore|ARM.ActiveCfg = Release|ARM
		{A287B3D3-95E5-48C1-A3DC-3D90A26BB0F0}.AppStore|ARM.Build.0 = Release|ARM
		{A287B3D3-95E5-48C1-A3DC-3D90A26BB0F0}.AppStore|ARM.Deploy.0 = Release|ARM
		{A287B3D3-95E5-48C1-A3DC-3D90A26BB0F0}.AppStore|iPhone.ActiveCfg = Release|Any CPU
		{A287B3D3-95E5-48C1-A3DC-3D90A26BB0F0}.AppStore|iPhone.Build.0 = Release|Any CPU
		{A287B3D3-95E5-48C1-A3DC-3D90A26BB0F0}.AppStore|iPhone.Deploy.0 = Release|Any CPU
		{A287B3D3-95E5-48C1-A3DC-3D90A26BB0F0}.AppStore|iPhoneSimulator.ActiveCfg = Release|Any CPU
		{A287B3D3-95E5-48C1-A3DC-3D90A26BB0F0}.AppStore|iPhoneSimulator.Build.0 = Release|Any CPU
		{A287B3D3-95E5-48C1-A3DC-3D90A26BB0F0}.AppStore|iPhoneSimulator.Deploy.0 = Release|Any CPU
		{A287B3D3-95E5-48C1-A3DC-3D90A26BB0F0}.AppStore|x86.ActiveCfg = Release|x86
		{A287B3D3-95E5-48C1-A3DC-3D90A26BB0F0}.AppStore|x86.Build.0 = Release|x86
		{A287B3D3-95E5-48C1-A3DC-3D90A26BB0F0}.AppStore|x86.Deploy.0 = Release|x86
		{A287B3D3-95E5-48C1-A3DC-3D90A26BB0F0}.Debug|Any CPU.ActiveCfg = Debug|Any CPU
		{A287B3D3-95E5-48C1-A3DC-3D90A26BB0F0}.Debug|Any CPU.Build.0 = Debug|Any CPU
		{A287B3D3-95E5-48C1-A3DC-3D90A26BB0F0}.Debug|Any CPU.Deploy.0 = Debug|Any CPU
		{A287B3D3-95E5-48C1-A3DC-3D90A26BB0F0}.Debug|ARM.ActiveCfg = Debug|ARM
		{A287B3D3-95E5-48C1-A3DC-3D90A26BB0F0}.Debug|ARM.Build.0 = Debug|ARM
		{A287B3D3-95E5-48C1-A3DC-3D90A26BB0F0}.Debug|ARM.Deploy.0 = Debug|ARM
		{A287B3D3-95E5-48C1-A3DC-3D90A26BB0F0}.Debug|iPhone.ActiveCfg = Debug|Any CPU
		{A287B3D3-95E5-48C1-A3DC-3D90A26BB0F0}.Debug|iPhone.Build.0 = Debug|Any CPU
		{A287B3D3-95E5-48C1-A3DC-3D90A26BB0F0}.Debug|iPhone.Deploy.0 = Debug|Any CPU
		{A287B3D3-95E5-48C1-A3DC-3D90A26BB0F0}.Debug|iPhoneSimulator.ActiveCfg = Debug|Any CPU
		{A287B3D3-95E5-48C1-A3DC-3D90A26BB0F0}.Debug|iPhoneSimulator.Build.0 = Debug|Any CPU
		{A287B3D3-95E5-48C1-A3DC-3D90A26BB0F0}.Debug|iPhoneSimulator.Deploy.0 = Debug|Any CPU
		{A287B3D3-95E5-48C1-A3DC-3D90A26BB0F0}.Debug|x86.ActiveCfg = Debug|x86
		{A287B3D3-95E5-48C1-A3DC-3D90A26BB0F0}.Debug|x86.Build.0 = Debug|x86
		{A287B3D3-95E5-48C1-A3DC-3D90A26BB0F0}.Debug|x86.Deploy.0 = Debug|x86
		{A287B3D3-95E5-48C1-A3DC-3D90A26BB0F0}.Release|Any CPU.ActiveCfg = Release|Any CPU
		{A287B3D3-95E5-48C1-A3DC-3D90A26BB0F0}.Release|Any CPU.Build.0 = Release|Any CPU
		{A287B3D3-95E5-48C1-A3DC-3D90A26BB0F0}.Release|Any CPU.Deploy.0 = Release|Any CPU
		{A287B3D3-95E5-48C1-A3DC-3D90A26BB0F0}.Release|ARM.ActiveCfg = Release|ARM
		{A287B3D3-95E5-48C1-A3DC-3D90A26BB0F0}.Release|ARM.Build.0 = Release|ARM
		{A287B3D3-95E5-48C1-A3DC-3D90A26BB0F0}.Release|ARM.Deploy.0 = Release|ARM
		{A287B3D3-95E5-48C1-A3DC-3D90A26BB0F0}.Release|iPhone.ActiveCfg = Release|Any CPU
		{A287B3D3-95E5-48C1-A3DC-3D90A26BB0F0}.Release|iPhone.Build.0 = Release|Any CPU
		{A287B3D3-95E5-48C1-A3DC-3D90A26BB0F0}.Release|iPhone.Deploy.0 = Release|Any CPU
		{A287B3D3-95E5-48C1-A3DC-3D90A26BB0F0}.Release|iPhoneSimulator.ActiveCfg = Release|Any CPU
		{A287B3D3-95E5-48C1-A3DC-3D90A26BB0F0}.Release|iPhoneSimulator.Build.0 = Release|Any CPU
		{A287B3D3-95E5-48C1-A3DC-3D90A26BB0F0}.Release|iPhoneSimulator.Deploy.0 = Release|Any CPU
		{A287B3D3-95E5-48C1-A3DC-3D90A26BB0F0}.Release|x86.ActiveCfg = Release|x86
		{A287B3D3-95E5-48C1-A3DC-3D90A26BB0F0}.Release|x86.Build.0 = Release|x86
		{A287B3D3-95E5-48C1-A3DC-3D90A26BB0F0}.Release|x86.Deploy.0 = Release|x86
		{CD50FDF2-36B9-47A8-81C6-806587C5A60A}.Ad-Hoc|Any CPU.ActiveCfg = Release|Any CPU
		{CD50FDF2-36B9-47A8-81C6-806587C5A60A}.Ad-Hoc|Any CPU.Build.0 = Release|Any CPU
		{CD50FDF2-36B9-47A8-81C6-806587C5A60A}.Ad-Hoc|ARM.ActiveCfg = Release|Any CPU
		{CD50FDF2-36B9-47A8-81C6-806587C5A60A}.Ad-Hoc|ARM.Build.0 = Release|Any CPU
		{CD50FDF2-36B9-47A8-81C6-806587C5A60A}.Ad-Hoc|iPhone.ActiveCfg = Release|Any CPU
		{CD50FDF2-36B9-47A8-81C6-806587C5A60A}.Ad-Hoc|iPhone.Build.0 = Release|Any CPU
		{CD50FDF2-36B9-47A8-81C6-806587C5A60A}.Ad-Hoc|iPhoneSimulator.ActiveCfg = Release|Any CPU
		{CD50FDF2-36B9-47A8-81C6-806587C5A60A}.Ad-Hoc|iPhoneSimulator.Build.0 = Release|Any CPU
		{CD50FDF2-36B9-47A8-81C6-806587C5A60A}.Ad-Hoc|x86.ActiveCfg = Release|Any CPU
		{CD50FDF2-36B9-47A8-81C6-806587C5A60A}.Ad-Hoc|x86.Build.0 = Release|Any CPU
		{CD50FDF2-36B9-47A8-81C6-806587C5A60A}.AppStore|Any CPU.ActiveCfg = Release|Any CPU
		{CD50FDF2-36B9-47A8-81C6-806587C5A60A}.AppStore|Any CPU.Build.0 = Release|Any CPU
		{CD50FDF2-36B9-47A8-81C6-806587C5A60A}.AppStore|ARM.ActiveCfg = Release|Any CPU
		{CD50FDF2-36B9-47A8-81C6-806587C5A60A}.AppStore|ARM.Build.0 = Release|Any CPU
		{CD50FDF2-36B9-47A8-81C6-806587C5A60A}.AppStore|iPhone.ActiveCfg = Release|Any CPU
		{CD50FDF2-36B9-47A8-81C6-806587C5A60A}.AppStore|iPhone.Build.0 = Release|Any CPU
		{CD50FDF2-36B9-47A8-81C6-806587C5A60A}.AppStore|iPhoneSimulator.ActiveCfg = Release|Any CPU
		{CD50FDF2-36B9-47A8-81C6-806587C5A60A}.AppStore|iPhoneSimulator.Build.0 = Release|Any CPU
		{CD50FDF2-36B9-47A8-81C6-806587C5A60A}.AppStore|x86.ActiveCfg = Release|Any CPU
		{CD50FDF2-36B9-47A8-81C6-806587C5A60A}.AppStore|x86.Build.0 = Release|Any CPU
		{CD50FDF2-36B9-47A8-81C6-806587C5A60A}.Debug|Any CPU.ActiveCfg = Debug|Any CPU
		{CD50FDF2-36B9-47A8-81C6-806587C5A60A}.Debug|Any CPU.Build.0 = Debug|Any CPU
		{CD50FDF2-36B9-47A8-81C6-806587C5A60A}.Debug|ARM.ActiveCfg = Debug|Any CPU
		{CD50FDF2-36B9-47A8-81C6-806587C5A60A}.Debug|ARM.Build.0 = Debug|Any CPU
		{CD50FDF2-36B9-47A8-81C6-806587C5A60A}.Debug|iPhone.ActiveCfg = Debug|Any CPU
		{CD50FDF2-36B9-47A8-81C6-806587C5A60A}.Debug|iPhone.Build.0 = Debug|Any CPU
		{CD50FDF2-36B9-47A8-81C6-806587C5A60A}.Debug|iPhoneSimulator.ActiveCfg = Debug|Any CPU
		{CD50FDF2-36B9-47A8-81C6-806587C5A60A}.Debug|iPhoneSimulator.Build.0 = Debug|Any CPU
		{CD50FDF2-36B9-47A8-81C6-806587C5A60A}.Debug|x86.ActiveCfg = Debug|Any CPU
		{CD50FDF2-36B9-47A8-81C6-806587C5A60A}.Debug|x86.Build.0 = Debug|Any CPU
		{CD50FDF2-36B9-47A8-81C6-806587C5A60A}.Release|Any CPU.ActiveCfg = Release|Any CPU
		{CD50FDF2-36B9-47A8-81C6-806587C5A60A}.Release|Any CPU.Build.0 = Release|Any CPU
		{CD50FDF2-36B9-47A8-81C6-806587C5A60A}.Release|ARM.ActiveCfg = Release|Any CPU
		{CD50FDF2-36B9-47A8-81C6-806587C5A60A}.Release|ARM.Build.0 = Release|Any CPU
		{CD50FDF2-36B9-47A8-81C6-806587C5A60A}.Release|iPhone.ActiveCfg = Release|Any CPU
		{CD50FDF2-36B9-47A8-81C6-806587C5A60A}.Release|iPhone.Build.0 = Release|Any CPU
		{CD50FDF2-36B9-47A8-81C6-806587C5A60A}.Release|iPhoneSimulator.ActiveCfg = Release|Any CPU
		{CD50FDF2-36B9-47A8-81C6-806587C5A60A}.Release|iPhoneSimulator.Build.0 = Release|Any CPU
		{CD50FDF2-36B9-47A8-81C6-806587C5A60A}.Release|x86.ActiveCfg = Release|Any CPU
		{CD50FDF2-36B9-47A8-81C6-806587C5A60A}.Release|x86.Build.0 = Release|Any CPU
	EndGlobalSection
	GlobalSection(SolutionProperties) = preSolution
		HideSolutionNode = FALSE
	EndGlobalSection
EndGlobal
