
Microsoft Visual Studio Solution File, Format Version 12.00
# Visual Studio 14
VisualStudioVersion = 14.0.23107.0
MinimumVisualStudioVersion = 10.0.40219.1
Project("{FAE04EC0-301F-11D3-BF4B-00C04F79EFBC}") = "XamFormsBahaviorTriggers", "XamFormsBahaviorTriggers\XamFormsBahaviorTriggers\XamFormsBahaviorTriggers.csproj", "{AD82E945-CD9A-4052-A6F5-E073508B7CE4}"
EndProject
Project("{FAE04EC0-301F-11D3-BF4B-00C04F79EFBC}") = "XamFormsBahaviorTriggers.iOS", "XamFormsBahaviorTriggers\XamFormsBahaviorTriggers.iOS\XamFormsBahaviorTriggers.iOS.csproj", "{48C94B46-179A-4E98-91A7-45780D7ECF7F}"
EndProject
Project("{FAE04EC0-301F-11D3-BF4B-00C04F79EFBC}") = "XamFormsBahaviorTriggers.Droid", "XamFormsBahaviorTriggers\XamFormsBahaviorTriggers.Droid\XamFormsBahaviorTriggers.Droid.csproj", "{D124FEAC-DCA0-4E51-AEA9-7BC9CF72029E}"
EndProject
Project("{FAE04EC0-301F-11D3-BF4B-00C04F79EFBC}") = "XamFormsBahaviorTriggers.WinPhone", "XamFormsBahaviorTriggers\XamFormsBahaviorTriggers.WinPhone\XamFormsBahaviorTriggers.WinPhone.csproj", "{20B2EE40-86AE-4218-8EA3-1130A6D2A292}"
EndProject
Global
	GlobalSection(SolutionConfigurationPlatforms) = preSolution
		Ad-Hoc|Any CPU = Ad-Hoc|Any CPU
		Ad-Hoc|ARM = Ad-Hoc|ARM
		Ad-Hoc|iPhone = Ad-Hoc|iPhone
		Ad-Hoc|iPhoneSimulator = Ad-Hoc|iPhoneSimulator
		Ad-Hoc|x86 = Ad-Hoc|x86
		AppStore|Any CPU = AppStore|Any CPU
		AppStore|ARM = AppStore|ARM
		AppStore|iPhone = AppStore|iPhone
		AppStore|iPhoneSimulator = AppStore|iPhoneSimulator
		AppStore|x86 = AppStore|x86
		Debug|Any CPU = Debug|Any CPU
		Debug|ARM = Debug|ARM
		Debug|iPhone = Debug|iPhone
		Debug|iPhoneSimulator = Debug|iPhoneSimulator
		Debug|x86 = Debug|x86
		Release|Any CPU = Release|Any CPU
		Release|ARM = Release|ARM
		Release|iPhone = Release|iPhone
		Release|iPhoneSimulator = Release|iPhoneSimulator
		Release|x86 = Release|x86
	EndGlobalSection
	GlobalSection(ProjectConfigurationPlatforms) = postSolution
		{AD82E945-CD9A-4052-A6F5-E073508B7CE4}.Ad-Hoc|Any CPU.ActiveCfg = Release|Any CPU
		{AD82E945-CD9A-4052-A6F5-E073508B7CE4}.Ad-Hoc|Any CPU.Build.0 = Release|Any CPU
		{AD82E945-CD9A-4052-A6F5-E073508B7CE4}.Ad-Hoc|ARM.ActiveCfg = Release|Any CPU
		{AD82E945-CD9A-4052-A6F5-E073508B7CE4}.Ad-Hoc|ARM.Build.0 = Release|Any CPU
		{AD82E945-CD9A-4052-A6F5-E073508B7CE4}.Ad-Hoc|iPhone.ActiveCfg = Release|Any CPU
		{AD82E945-CD9A-4052-A6F5-E073508B7CE4}.Ad-Hoc|iPhone.Build.0 = Release|Any CPU
		{AD82E945-CD9A-4052-A6F5-E073508B7CE4}.Ad-Hoc|iPhoneSimulator.ActiveCfg = Release|Any CPU
		{AD82E945-CD9A-4052-A6F5-E073508B7CE4}.Ad-Hoc|iPhoneSimulator.Build.0 = Release|Any CPU
		{AD82E945-CD9A-4052-A6F5-E073508B7CE4}.Ad-Hoc|x86.ActiveCfg = Release|Any CPU
		{AD82E945-CD9A-4052-A6F5-E073508B7CE4}.Ad-Hoc|x86.Build.0 = Release|Any CPU
		{AD82E945-CD9A-4052-A6F5-E073508B7CE4}.AppStore|Any CPU.ActiveCfg = Release|Any CPU
		{AD82E945-CD9A-4052-A6F5-E073508B7CE4}.AppStore|Any CPU.Build.0 = Release|Any CPU
		{AD82E945-CD9A-4052-A6F5-E073508B7CE4}.AppStore|ARM.ActiveCfg = Release|Any CPU
		{AD82E945-CD9A-4052-A6F5-E073508B7CE4}.AppStore|ARM.Build.0 = Release|Any CPU
		{AD82E945-CD9A-4052-A6F5-E073508B7CE4}.AppStore|iPhone.ActiveCfg = Release|Any CPU
		{AD82E945-CD9A-4052-A6F5-E073508B7CE4}.AppStore|iPhone.Build.0 = Release|Any CPU
		{AD82E945-CD9A-4052-A6F5-E073508B7CE4}.AppStore|iPhoneSimulator.ActiveCfg = Release|Any CPU
		{AD82E945-CD9A-4052-A6F5-E073508B7CE4}.AppStore|iPhoneSimulator.Build.0 = Release|Any CPU
		{AD82E945-CD9A-4052-A6F5-E073508B7CE4}.AppStore|x86.ActiveCfg = Release|Any CPU
		{AD82E945-CD9A-4052-A6F5-E073508B7CE4}.AppStore|x86.Build.0 = Release|Any CPU
		{AD82E945-CD9A-4052-A6F5-E073508B7CE4}.Debug|Any CPU.ActiveCfg = Debug|Any CPU
		{AD82E945-CD9A-4052-A6F5-E073508B7CE4}.Debug|Any CPU.Build.0 = Debug|Any CPU
		{AD82E945-CD9A-4052-A6F5-E073508B7CE4}.Debug|ARM.ActiveCfg = Debug|Any CPU
		{AD82E945-CD9A-4052-A6F5-E073508B7CE4}.Debug|ARM.Build.0 = Debug|Any CPU
		{AD82E945-CD9A-4052-A6F5-E073508B7CE4}.Debug|iPhone.ActiveCfg = Debug|Any CPU
		{AD82E945-CD9A-4052-A6F5-E073508B7CE4}.Debug|iPhone.Build.0 = Debug|Any CPU
		{AD82E945-CD9A-4052-A6F5-E073508B7CE4}.Debug|iPhoneSimulator.ActiveCfg = Debug|Any CPU
		{AD82E945-CD9A-4052-A6F5-E073508B7CE4}.Debug|iPhoneSimulator.Build.0 = Debug|Any CPU
		{AD82E945-CD9A-4052-A6F5-E073508B7CE4}.Debug|x86.ActiveCfg = Debug|Any CPU
		{AD82E945-CD9A-4052-A6F5-E073508B7CE4}.Debug|x86.Build.0 = Debug|Any CPU
		{AD82E945-CD9A-4052-A6F5-E073508B7CE4}.Release|Any CPU.ActiveCfg = Release|Any CPU
		{AD82E945-CD9A-4052-A6F5-E073508B7CE4}.Release|Any CPU.Build.0 = Release|Any CPU
		{AD82E945-CD9A-4052-A6F5-E073508B7CE4}.Release|ARM.ActiveCfg = Release|Any CPU
		{AD82E945-CD9A-4052-A6F5-E073508B7CE4}.Release|ARM.Build.0 = Release|Any CPU
		{AD82E945-CD9A-4052-A6F5-E073508B7CE4}.Release|iPhone.ActiveCfg = Release|Any CPU
		{AD82E945-CD9A-4052-A6F5-E073508B7CE4}.Release|iPhone.Build.0 = Release|Any CPU
		{AD82E945-CD9A-4052-A6F5-E073508B7CE4}.Release|iPhoneSimulator.ActiveCfg = Release|Any CPU
		{AD82E945-CD9A-4052-A6F5-E073508B7CE4}.Release|iPhoneSimulator.Build.0 = Release|Any CPU
		{AD82E945-CD9A-4052-A6F5-E073508B7CE4}.Release|x86.ActiveCfg = Release|Any CPU
		{AD82E945-CD9A-4052-A6F5-E073508B7CE4}.Release|x86.Build.0 = Release|Any CPU
		{48C94B46-179A-4E98-91A7-45780D7ECF7F}.Ad-Hoc|Any CPU.ActiveCfg = Ad-Hoc|iPhone
		{48C94B46-179A-4E98-91A7-45780D7ECF7F}.Ad-Hoc|ARM.ActiveCfg = Ad-Hoc|iPhone
		{48C94B46-179A-4E98-91A7-45780D7ECF7F}.Ad-Hoc|iPhone.ActiveCfg = Ad-Hoc|iPhone
		{48C94B46-179A-4E98-91A7-45780D7ECF7F}.Ad-Hoc|iPhone.Build.0 = Ad-Hoc|iPhone
		{48C94B46-179A-4E98-91A7-45780D7ECF7F}.Ad-Hoc|iPhoneSimulator.ActiveCfg = Ad-Hoc|iPhoneSimulator
		{48C94B46-179A-4E98-91A7-45780D7ECF7F}.Ad-Hoc|iPhoneSimulator.Build.0 = Ad-Hoc|iPhoneSimulator
		{48C94B46-179A-4E98-91A7-45780D7ECF7F}.Ad-Hoc|x86.ActiveCfg = Ad-Hoc|iPhone
		{48C94B46-179A-4E98-91A7-45780D7ECF7F}.AppStore|Any CPU.ActiveCfg = AppStore|iPhone
		{48C94B46-179A-4E98-91A7-45780D7ECF7F}.AppStore|ARM.ActiveCfg = AppStore|iPhone
		{48C94B46-179A-4E98-91A7-45780D7ECF7F}.AppStore|iPhone.ActiveCfg = AppStore|iPhone
		{48C94B46-179A-4E98-91A7-45780D7ECF7F}.AppStore|iPhone.Build.0 = AppStore|iPhone
		{48C94B46-179A-4E98-91A7-45780D7ECF7F}.AppStore|iPhoneSimulator.ActiveCfg = AppStore|iPhoneSimulator
		{48C94B46-179A-4E98-91A7-45780D7ECF7F}.AppStore|iPhoneSimulator.Build.0 = AppStore|iPhoneSimulator
		{48C94B46-179A-4E98-91A7-45780D7ECF7F}.AppStore|x86.ActiveCfg = AppStore|iPhone
		{48C94B46-179A-4E98-91A7-45780D7ECF7F}.Debug|Any CPU.ActiveCfg = Debug|iPhone
		{48C94B46-179A-4E98-91A7-45780D7ECF7F}.Debug|ARM.ActiveCfg = Debug|iPhone
		{48C94B46-179A-4E98-91A7-45780D7ECF7F}.Debug|iPhone.ActiveCfg = Debug|iPhone
		{48C94B46-179A-4E98-91A7-45780D7ECF7F}.Debug|iPhone.Build.0 = Debug|iPhone
		{48C94B46-179A-4E98-91A7-45780D7ECF7F}.Debug|iPhoneSimulator.ActiveCfg = Debug|iPhoneSimulator
		{48C94B46-179A-4E98-91A7-45780D7ECF7F}.Debug|iPhoneSimulator.Build.0 = Debug|iPhoneSimulator
		{48C94B46-179A-4E98-91A7-45780D7ECF7F}.Debug|x86.ActiveCfg = Debug|iPhone
		{48C94B46-179A-4E98-91A7-45780D7ECF7F}.Release|Any CPU.ActiveCfg = Release|iPhone
		{48C94B46-179A-4E98-91A7-45780D7ECF7F}.Release|ARM.ActiveCfg = Release|iPhone
		{48C94B46-179A-4E98-91A7-45780D7ECF7F}.Release|iPhone.ActiveCfg = Release|iPhone
		{48C94B46-179A-4E98-91A7-45780D7ECF7F}.Release|iPhone.Build.0 = Release|iPhone
		{48C94B46-179A-4E98-91A7-45780D7ECF7F}.Release|iPhoneSimulator.ActiveCfg = Release|iPhoneSimulator
		{48C94B46-179A-4E98-91A7-45780D7ECF7F}.Release|iPhoneSimulator.Build.0 = Release|iPhoneSimulator
		{48C94B46-179A-4E98-91A7-45780D7ECF7F}.Release|x86.ActiveCfg = Release|iPhone
		{D124FEAC-DCA0-4E51-AEA9-7BC9CF72029E}.Ad-Hoc|Any CPU.ActiveCfg = Release|Any CPU
		{D124FEAC-DCA0-4E51-AEA9-7BC9CF72029E}.Ad-Hoc|Any CPU.Build.0 = Release|Any CPU
		{D124FEAC-DCA0-4E51-AEA9-7BC9CF72029E}.Ad-Hoc|Any CPU.Deploy.0 = Release|Any CPU
		{D124FEAC-DCA0-4E51-AEA9-7BC9CF72029E}.Ad-Hoc|ARM.ActiveCfg = Release|Any CPU
		{D124FEAC-DCA0-4E51-AEA9-7BC9CF72029E}.Ad-Hoc|ARM.Build.0 = Release|Any CPU
		{D124FEAC-DCA0-4E51-AEA9-7BC9CF72029E}.Ad-Hoc|ARM.Deploy.0 = Release|Any CPU
		{D124FEAC-DCA0-4E51-AEA9-7BC9CF72029E}.Ad-Hoc|iPhone.ActiveCfg = Release|Any CPU
		{D124FEAC-DCA0-4E51-AEA9-7BC9CF72029E}.Ad-Hoc|iPhone.Build.0 = Release|Any CPU
		{D124FEAC-DCA0-4E51-AEA9-7BC9CF72029E}.Ad-Hoc|iPhone.Deploy.0 = Release|Any CPU
		{D124FEAC-DCA0-4E51-AEA9-7BC9CF72029E}.Ad-Hoc|iPhoneSimulator.ActiveCfg = Release|Any CPU
		{D124FEAC-DCA0-4E51-AEA9-7BC9CF72029E}.Ad-Hoc|iPhoneSimulator.Build.0 = Release|Any CPU
		{D124FEAC-DCA0-4E51-AEA9-7BC9CF72029E}.Ad-Hoc|iPhoneSimulator.Deploy.0 = Release|Any CPU
		{D124FEAC-DCA0-4E51-AEA9-7BC9CF72029E}.Ad-Hoc|x86.ActiveCfg = Release|Any CPU
		{D124FEAC-DCA0-4E51-AEA9-7BC9CF72029E}.Ad-Hoc|x86.Build.0 = Release|Any CPU
		{D124FEAC-DCA0-4E51-AEA9-7BC9CF72029E}.Ad-Hoc|x86.Deploy.0 = Release|Any CPU
		{D124FEAC-DCA0-4E51-AEA9-7BC9CF72029E}.AppStore|Any CPU.ActiveCfg = Release|Any CPU
		{D124FEAC-DCA0-4E51-AEA9-7BC9CF72029E}.AppStore|Any CPU.Build.0 = Release|Any CPU
		{D124FEAC-DCA0-4E51-AEA9-7BC9CF72029E}.AppStore|Any CPU.Deploy.0 = Release|Any CPU
		{D124FEAC-DCA0-4E51-AEA9-7BC9CF72029E}.AppStore|ARM.ActiveCfg = Release|Any CPU
		{D124FEAC-DCA0-4E51-AEA9-7BC9CF72029E}.AppStore|ARM.Build.0 = Release|Any CPU
		{D124FEAC-DCA0-4E51-AEA9-7BC9CF72029E}.AppStore|ARM.Deploy.0 = Release|Any CPU
		{D124FEAC-DCA0-4E51-AEA9-7BC9CF72029E}.AppStore|iPhone.ActiveCfg = Release|Any CPU
		{D124FEAC-DCA0-4E51-AEA9-7BC9CF72029E}.AppStore|iPhone.Build.0 = Release|Any CPU
		{D124FEAC-DCA0-4E51-AEA9-7BC9CF72029E}.AppStore|iPhone.Deploy.0 = Release|Any CPU
		{D124FEAC-DCA0-4E51-AEA9-7BC9CF72029E}.AppStore|iPhoneSimulator.ActiveCfg = Release|Any CPU
		{D124FEAC-DCA0-4E51-AEA9-7BC9CF72029E}.AppStore|iPhoneSimulator.Build.0 = Release|Any CPU
		{D124FEAC-DCA0-4E51-AEA9-7BC9CF72029E}.AppStore|iPhoneSimulator.Deploy.0 = Release|Any CPU
		{D124FEAC-DCA0-4E51-AEA9-7BC9CF72029E}.AppStore|x86.ActiveCfg = Release|Any CPU
		{D124FEAC-DCA0-4E51-AEA9-7BC9CF72029E}.AppStore|x86.Build.0 = Release|Any CPU
		{D124FEAC-DCA0-4E51-AEA9-7BC9CF72029E}.AppStore|x86.Deploy.0 = Release|Any CPU
		{D124FEAC-DCA0-4E51-AEA9-7BC9CF72029E}.Debug|Any CPU.ActiveCfg = Debug|Any CPU
		{D124FEAC-DCA0-4E51-AEA9-7BC9CF72029E}.Debug|Any CPU.Build.0 = Debug|Any CPU
		{D124FEAC-DCA0-4E51-AEA9-7BC9CF72029E}.Debug|Any CPU.Deploy.0 = Debug|Any CPU
		{D124FEAC-DCA0-4E51-AEA9-7BC9CF72029E}.Debug|ARM.ActiveCfg = Debug|Any CPU
		{D124FEAC-DCA0-4E51-AEA9-7BC9CF72029E}.Debug|ARM.Build.0 = Debug|Any CPU
		{D124FEAC-DCA0-4E51-AEA9-7BC9CF72029E}.Debug|ARM.Deploy.0 = Debug|Any CPU
		{D124FEAC-DCA0-4E51-AEA9-7BC9CF72029E}.Debug|iPhone.ActiveCfg = Debug|Any CPU
		{D124FEAC-DCA0-4E51-AEA9-7BC9CF72029E}.Debug|iPhone.Build.0 = Debug|Any CPU
		{D124FEAC-DCA0-4E51-AEA9-7BC9CF72029E}.Debug|iPhone.Deploy.0 = Debug|Any CPU
		{D124FEAC-DCA0-4E51-AEA9-7BC9CF72029E}.Debug|iPhoneSimulator.ActiveCfg = Debug|Any CPU
		{D124FEAC-DCA0-4E51-AEA9-7BC9CF72029E}.Debug|iPhoneSimulator.Build.0 = Debug|Any CPU
		{D124FEAC-DCA0-4E51-AEA9-7BC9CF72029E}.Debug|iPhoneSimulator.Deploy.0 = Debug|Any CPU
		{D124FEAC-DCA0-4E51-AEA9-7BC9CF72029E}.Debug|x86.ActiveCfg = Debug|Any CPU
		{D124FEAC-DCA0-4E51-AEA9-7BC9CF72029E}.Debug|x86.Build.0 = Debug|Any CPU
		{D124FEAC-DCA0-4E51-AEA9-7BC9CF72029E}.Debug|x86.Deploy.0 = Debug|Any CPU
		{D124FEAC-DCA0-4E51-AEA9-7BC9CF72029E}.Release|Any CPU.ActiveCfg = Release|Any CPU
		{D124FEAC-DCA0-4E51-AEA9-7BC9CF72029E}.Release|Any CPU.Build.0 = Release|Any CPU
		{D124FEAC-DCA0-4E51-AEA9-7BC9CF72029E}.Release|Any CPU.Deploy.0 = Release|Any CPU
		{D124FEAC-DCA0-4E51-AEA9-7BC9CF72029E}.Release|ARM.ActiveCfg = Release|Any CPU
		{D124FEAC-DCA0-4E51-AEA9-7BC9CF72029E}.Release|ARM.Build.0 = Release|Any CPU
		{D124FEAC-DCA0-4E51-AEA9-7BC9CF72029E}.Release|ARM.Deploy.0 = Release|Any CPU
		{D124FEAC-DCA0-4E51-AEA9-7BC9CF72029E}.Release|iPhone.ActiveCfg = Release|Any CPU
		{D124FEAC-DCA0-4E51-AEA9-7BC9CF72029E}.Release|iPhone.Build.0 = Release|Any CPU
		{D124FEAC-DCA0-4E51-AEA9-7BC9CF72029E}.Release|iPhone.Deploy.0 = Release|Any CPU
		{D124FEAC-DCA0-4E51-AEA9-7BC9CF72029E}.Release|iPhoneSimulator.ActiveCfg = Release|Any CPU
		{D124FEAC-DCA0-4E51-AEA9-7BC9CF72029E}.Release|iPhoneSimulator.Build.0 = Release|Any CPU
		{D124FEAC-DCA0-4E51-AEA9-7BC9CF72029E}.Release|iPhoneSimulator.Deploy.0 = Release|Any CPU
		{D124FEAC-DCA0-4E51-AEA9-7BC9CF72029E}.Release|x86.ActiveCfg = Release|Any CPU
		{D124FEAC-DCA0-4E51-AEA9-7BC9CF72029E}.Release|x86.Build.0 = Release|Any CPU
		{D124FEAC-DCA0-4E51-AEA9-7BC9CF72029E}.Release|x86.Deploy.0 = Release|Any CPU
		{20B2EE40-86AE-4218-8EA3-1130A6D2A292}.Ad-Hoc|Any CPU.ActiveCfg = Release|Any CPU
		{20B2EE40-86AE-4218-8EA3-1130A6D2A292}.Ad-Hoc|Any CPU.Build.0 = Release|Any CPU
		{20B2EE40-86AE-4218-8EA3-1130A6D2A292}.Ad-Hoc|Any CPU.Deploy.0 = Release|Any CPU
		{20B2EE40-86AE-4218-8EA3-1130A6D2A292}.Ad-Hoc|ARM.ActiveCfg = Release|ARM
		{20B2EE40-86AE-4218-8EA3-1130A6D2A292}.Ad-Hoc|ARM.Build.0 = Release|ARM
		{20B2EE40-86AE-4218-8EA3-1130A6D2A292}.Ad-Hoc|ARM.Deploy.0 = Release|ARM
		{20B2EE40-86AE-4218-8EA3-1130A6D2A292}.Ad-Hoc|iPhone.ActiveCfg = Release|Any CPU
		{20B2EE40-86AE-4218-8EA3-1130A6D2A292}.Ad-Hoc|iPhone.Build.0 = Release|Any CPU
		{20B2EE40-86AE-4218-8EA3-1130A6D2A292}.Ad-Hoc|iPhone.Deploy.0 = Release|Any CPU
		{20B2EE40-86AE-4218-8EA3-1130A6D2A292}.Ad-Hoc|iPhoneSimulator.ActiveCfg = Release|Any CPU
		{20B2EE40-86AE-4218-8EA3-1130A6D2A292}.Ad-Hoc|iPhoneSimulator.Build.0 = Release|Any CPU
		{20B2EE40-86AE-4218-8EA3-1130A6D2A292}.Ad-Hoc|iPhoneSimulator.Deploy.0 = Release|Any CPU
		{20B2EE40-86AE-4218-8EA3-1130A6D2A292}.Ad-Hoc|x86.ActiveCfg = Release|x86
		{20B2EE40-86AE-4218-8EA3-1130A6D2A292}.Ad-Hoc|x86.Build.0 = Release|x86
		{20B2EE40-86AE-4218-8EA3-1130A6D2A292}.Ad-Hoc|x86.Deploy.0 = Release|x86
		{20B2EE40-86AE-4218-8EA3-1130A6D2A292}.AppStore|Any CPU.ActiveCfg = Release|Any CPU
		{20B2EE40-86AE-4218-8EA3-1130A6D2A292}.AppStore|Any CPU.Build.0 = Release|Any CPU
		{20B2EE40-86AE-4218-8EA3-1130A6D2A292}.AppStore|Any CPU.Deploy.0 = Release|Any CPU
		{20B2EE40-86AE-4218-8EA3-1130A6D2A292}.AppStore|ARM.ActiveCfg = Release|ARM
		{20B2EE40-86AE-4218-8EA3-1130A6D2A292}.AppStore|ARM.Build.0 = Release|ARM
		{20B2EE40-86AE-4218-8EA3-1130A6D2A292}.AppStore|ARM.Deploy.0 = Release|ARM
		{20B2EE40-86AE-4218-8EA3-1130A6D2A292}.AppStore|iPhone.ActiveCfg = Release|Any CPU
		{20B2EE40-86AE-4218-8EA3-1130A6D2A292}.AppStore|iPhone.Build.0 = Release|Any CPU
		{20B2EE40-86AE-4218-8EA3-1130A6D2A292}.AppStore|iPhone.Deploy.0 = Release|Any CPU
		{20B2EE40-86AE-4218-8EA3-1130A6D2A292}.AppStore|iPhoneSimulator.ActiveCfg = Release|Any CPU
		{20B2EE40-86AE-4218-8EA3-1130A6D2A292}.AppStore|iPhoneSimulator.Build.0 = Release|Any CPU
		{20B2EE40-86AE-4218-8EA3-1130A6D2A292}.AppStore|iPhoneSimulator.Deploy.0 = Release|Any CPU
		{20B2EE40-86AE-4218-8EA3-1130A6D2A292}.AppStore|x86.ActiveCfg = Release|x86
		{20B2EE40-86AE-4218-8EA3-1130A6D2A292}.AppStore|x86.Build.0 = Release|x86
		{20B2EE40-86AE-4218-8EA3-1130A6D2A292}.AppStore|x86.Deploy.0 = Release|x86
		{20B2EE40-86AE-4218-8EA3-1130A6D2A292}.Debug|Any CPU.ActiveCfg = Debug|Any CPU
		{20B2EE40-86AE-4218-8EA3-1130A6D2A292}.Debug|Any CPU.Build.0 = Debug|Any CPU
		{20B2EE40-86AE-4218-8EA3-1130A6D2A292}.Debug|Any CPU.Deploy.0 = Debug|Any CPU
		{20B2EE40-86AE-4218-8EA3-1130A6D2A292}.Debug|ARM.ActiveCfg = Debug|ARM
		{20B2EE40-86AE-4218-8EA3-1130A6D2A292}.Debug|ARM.Build.0 = Debug|ARM
		{20B2EE40-86AE-4218-8EA3-1130A6D2A292}.Debug|ARM.Deploy.0 = Debug|ARM
		{20B2EE40-86AE-4218-8EA3-1130A6D2A292}.Debug|iPhone.ActiveCfg = Debug|Any CPU
		{20B2EE40-86AE-4218-8EA3-1130A6D2A292}.Debug|iPhone.Build.0 = Debug|Any CPU
		{20B2EE40-86AE-4218-8EA3-1130A6D2A292}.Debug|iPhone.Deploy.0 = Debug|Any CPU
		{20B2EE40-86AE-4218-8EA3-1130A6D2A292}.Debug|iPhoneSimulator.ActiveCfg = Debug|Any CPU
		{20B2EE40-86AE-4218-8EA3-1130A6D2A292}.Debug|iPhoneSimulator.Build.0 = Debug|Any CPU
		{20B2EE40-86AE-4218-8EA3-1130A6D2A292}.Debug|iPhoneSimulator.Deploy.0 = Debug|Any CPU
		{20B2EE40-86AE-4218-8EA3-1130A6D2A292}.Debug|x86.ActiveCfg = Debug|x86
		{20B2EE40-86AE-4218-8EA3-1130A6D2A292}.Debug|x86.Build.0 = Debug|x86
		{20B2EE40-86AE-4218-8EA3-1130A6D2A292}.Debug|x86.Deploy.0 = Debug|x86
		{20B2EE40-86AE-4218-8EA3-1130A6D2A292}.Release|Any CPU.ActiveCfg = Release|Any CPU
		{20B2EE40-86AE-4218-8EA3-1130A6D2A292}.Release|Any CPU.Build.0 = Release|Any CPU
		{20B2EE40-86AE-4218-8EA3-1130A6D2A292}.Release|Any CPU.Deploy.0 = Release|Any CPU
		{20B2EE40-86AE-4218-8EA3-1130A6D2A292}.Release|ARM.ActiveCfg = Release|ARM
		{20B2EE40-86AE-4218-8EA3-1130A6D2A292}.Release|ARM.Build.0 = Release|ARM
		{20B2EE40-86AE-4218-8EA3-1130A6D2A292}.Release|ARM.Deploy.0 = Release|ARM
		{20B2EE40-86AE-4218-8EA3-1130A6D2A292}.Release|iPhone.ActiveCfg = Release|Any CPU
		{20B2EE40-86AE-4218-8EA3-1130A6D2A292}.Release|iPhone.Build.0 = Release|Any CPU
		{20B2EE40-86AE-4218-8EA3-1130A6D2A292}.Release|iPhone.Deploy.0 = Release|Any CPU
		{20B2EE40-86AE-4218-8EA3-1130A6D2A292}.Release|iPhoneSimulator.ActiveCfg = Release|Any CPU
		{20B2EE40-86AE-4218-8EA3-1130A6D2A292}.Release|iPhoneSimulator.Build.0 = Release|Any CPU
		{20B2EE40-86AE-4218-8EA3-1130A6D2A292}.Release|iPhoneSimulator.Deploy.0 = Release|Any CPU
		{20B2EE40-86AE-4218-8EA3-1130A6D2A292}.Release|x86.ActiveCfg = Release|x86
		{20B2EE40-86AE-4218-8EA3-1130A6D2A292}.Release|x86.Build.0 = Release|x86
		{20B2EE40-86AE-4218-8EA3-1130A6D2A292}.Release|x86.Deploy.0 = Release|x86
	EndGlobalSection
	GlobalSection(SolutionProperties) = preSolution
		HideSolutionNode = FALSE
	EndGlobalSection
EndGlobal
