
Microsoft Visual Studio Solution File, Format Version 12.00
# Visual Studio 14
VisualStudioVersion = 14.0.24720.0
MinimumVisualStudioVersion = 10.0.40219.1
Project("{FAE04EC0-301F-11D3-BF4B-00C04F79EFBC}") = "XamFormsGestures.Droid", "XamFormsGestures\XamFormsGestures.Droid\XamFormsGestures.Droid.csproj", "{6E231FF7-73BB-4DF8-8C07-8B6EB49E3301}"
EndProject
Project("{FAE04EC0-301F-11D3-BF4B-00C04F79EFBC}") = "XamFormsGestures.iOS", "XamFormsGestures\XamFormsGestures.iOS\XamFormsGestures.iOS.csproj", "{519CE28F-50A0-4EC1-ADE6-83762DB29F58}"
EndProject
Project("{FAE04EC0-301F-11D3-BF4B-00C04F79EFBC}") = "XamFormsGestures.WinPhone", "XamFormsGestures\XamFormsGestures.WinPhone\XamFormsGestures.WinPhone.csproj", "{708FFADC-EFB8-4664-BBC4-68A51E1573E5}"
EndProject
Project("{FAE04EC0-301F-11D3-BF4B-00C04F79EFBC}") = "XamFormsGestures", "XamFormsGestures\XamFormsGestures\XamFormsGestures.csproj", "{1EF7904A-4150-4316-8EE3-3DD1A802B9D3}"
EndProject
Global
	GlobalSection(SolutionConfigurationPlatforms) = preSolution
		Ad-Hoc|Any CPU = Ad-Hoc|Any CPU
		Ad-Hoc|ARM = Ad-Hoc|ARM
		Ad-Hoc|iPhone = Ad-Hoc|iPhone
		Ad-Hoc|iPhoneSimulator = Ad-Hoc|iPhoneSimulator
		Ad-Hoc|x86 = Ad-Hoc|x86
		AppStore|Any CPU = AppStore|Any CPU
		AppStore|ARM = AppStore|ARM
		AppStore|iPhone = AppStore|iPhone
		AppStore|iPhoneSimulator = AppStore|iPhoneSimulator
		AppStore|x86 = AppStore|x86
		Debug|Any CPU = Debug|Any CPU
		Debug|ARM = Debug|ARM
		Debug|iPhone = Debug|iPhone
		Debug|iPhoneSimulator = Debug|iPhoneSimulator
		Debug|x86 = Debug|x86
		Release|Any CPU = Release|Any CPU
		Release|ARM = Release|ARM
		Release|iPhone = Release|iPhone
		Release|iPhoneSimulator = Release|iPhoneSimulator
		Release|x86 = Release|x86
	EndGlobalSection
	GlobalSection(ProjectConfigurationPlatforms) = postSolution
		{6E231FF7-73BB-4DF8-8C07-8B6EB49E3301}.Ad-Hoc|Any CPU.ActiveCfg = Release|Any CPU
		{6E231FF7-73BB-4DF8-8C07-8B6EB49E3301}.Ad-Hoc|Any CPU.Build.0 = Release|Any CPU
		{6E231FF7-73BB-4DF8-8C07-8B6EB49E3301}.Ad-Hoc|Any CPU.Deploy.0 = Release|Any CPU
		{6E231FF7-73BB-4DF8-8C07-8B6EB49E3301}.Ad-Hoc|ARM.ActiveCfg = Release|Any CPU
		{6E231FF7-73BB-4DF8-8C07-8B6EB49E3301}.Ad-Hoc|ARM.Build.0 = Release|Any CPU
		{6E231FF7-73BB-4DF8-8C07-8B6EB49E3301}.Ad-Hoc|ARM.Deploy.0 = Release|Any CPU
		{6E231FF7-73BB-4DF8-8C07-8B6EB49E3301}.Ad-Hoc|iPhone.ActiveCfg = Release|Any CPU
		{6E231FF7-73BB-4DF8-8C07-8B6EB49E3301}.Ad-Hoc|iPhone.Build.0 = Release|Any CPU
		{6E231FF7-73BB-4DF8-8C07-8B6EB49E3301}.Ad-Hoc|iPhone.Deploy.0 = Release|Any CPU
		{6E231FF7-73BB-4DF8-8C07-8B6EB49E3301}.Ad-Hoc|iPhoneSimulator.ActiveCfg = Release|Any CPU
		{6E231FF7-73BB-4DF8-8C07-8B6EB49E3301}.Ad-Hoc|iPhoneSimulator.Build.0 = Release|Any CPU
		{6E231FF7-73BB-4DF8-8C07-8B6EB49E3301}.Ad-Hoc|iPhoneSimulator.Deploy.0 = Release|Any CPU
		{6E231FF7-73BB-4DF8-8C07-8B6EB49E3301}.Ad-Hoc|x86.ActiveCfg = Release|Any CPU
		{6E231FF7-73BB-4DF8-8C07-8B6EB49E3301}.Ad-Hoc|x86.Build.0 = Release|Any CPU
		{6E231FF7-73BB-4DF8-8C07-8B6EB49E3301}.Ad-Hoc|x86.Deploy.0 = Release|Any CPU
		{6E231FF7-73BB-4DF8-8C07-8B6EB49E3301}.AppStore|Any CPU.ActiveCfg = Release|Any CPU
		{6E231FF7-73BB-4DF8-8C07-8B6EB49E3301}.AppStore|Any CPU.Build.0 = Release|Any CPU
		{6E231FF7-73BB-4DF8-8C07-8B6EB49E3301}.AppStore|Any CPU.Deploy.0 = Release|Any CPU
		{6E231FF7-73BB-4DF8-8C07-8B6EB49E3301}.AppStore|ARM.ActiveCfg = Release|Any CPU
		{6E231FF7-73BB-4DF8-8C07-8B6EB49E3301}.AppStore|ARM.Build.0 = Release|Any CPU
		{6E231FF7-73BB-4DF8-8C07-8B6EB49E3301}.AppStore|ARM.Deploy.0 = Release|Any CPU
		{6E231FF7-73BB-4DF8-8C07-8B6EB49E3301}.AppStore|iPhone.ActiveCfg = Release|Any CPU
		{6E231FF7-73BB-4DF8-8C07-8B6EB49E3301}.AppStore|iPhone.Build.0 = Release|Any CPU
		{6E231FF7-73BB-4DF8-8C07-8B6EB49E3301}.AppStore|iPhone.Deploy.0 = Release|Any CPU
		{6E231FF7-73BB-4DF8-8C07-8B6EB49E3301}.AppStore|iPhoneSimulator.ActiveCfg = Release|Any CPU
		{6E231FF7-73BB-4DF8-8C07-8B6EB49E3301}.AppStore|iPhoneSimulator.Build.0 = Release|Any CPU
		{6E231FF7-73BB-4DF8-8C07-8B6EB49E3301}.AppStore|iPhoneSimulator.Deploy.0 = Release|Any CPU
		{6E231FF7-73BB-4DF8-8C07-8B6EB49E3301}.AppStore|x86.ActiveCfg = Release|Any CPU
		{6E231FF7-73BB-4DF8-8C07-8B6EB49E3301}.AppStore|x86.Build.0 = Release|Any CPU
		{6E231FF7-73BB-4DF8-8C07-8B6EB49E3301}.AppStore|x86.Deploy.0 = Release|Any CPU
		{6E231FF7-73BB-4DF8-8C07-8B6EB49E3301}.Debug|Any CPU.ActiveCfg = Debug|Any CPU
		{6E231FF7-73BB-4DF8-8C07-8B6EB49E3301}.Debug|Any CPU.Build.0 = Debug|Any CPU
		{6E231FF7-73BB-4DF8-8C07-8B6EB49E3301}.Debug|Any CPU.Deploy.0 = Debug|Any CPU
		{6E231FF7-73BB-4DF8-8C07-8B6EB49E3301}.Debug|ARM.ActiveCfg = Debug|Any CPU
		{6E231FF7-73BB-4DF8-8C07-8B6EB49E3301}.Debug|ARM.Build.0 = Debug|Any CPU
		{6E231FF7-73BB-4DF8-8C07-8B6EB49E3301}.Debug|ARM.Deploy.0 = Debug|Any CPU
		{6E231FF7-73BB-4DF8-8C07-8B6EB49E3301}.Debug|iPhone.ActiveCfg = Debug|Any CPU
		{6E231FF7-73BB-4DF8-8C07-8B6EB49E3301}.Debug|iPhone.Build.0 = Debug|Any CPU
		{6E231FF7-73BB-4DF8-8C07-8B6EB49E3301}.Debug|iPhone.Deploy.0 = Debug|Any CPU
		{6E231FF7-73BB-4DF8-8C07-8B6EB49E3301}.Debug|iPhoneSimulator.ActiveCfg = Debug|Any CPU
		{6E231FF7-73BB-4DF8-8C07-8B6EB49E3301}.Debug|iPhoneSimulator.Build.0 = Debug|Any CPU
		{6E231FF7-73BB-4DF8-8C07-8B6EB49E3301}.Debug|iPhoneSimulator.Deploy.0 = Debug|Any CPU
		{6E231FF7-73BB-4DF8-8C07-8B6EB49E3301}.Debug|x86.ActiveCfg = Debug|Any CPU
		{6E231FF7-73BB-4DF8-8C07-8B6EB49E3301}.Debug|x86.Build.0 = Debug|Any CPU
		{6E231FF7-73BB-4DF8-8C07-8B6EB49E3301}.Debug|x86.Deploy.0 = Debug|Any CPU
		{6E231FF7-73BB-4DF8-8C07-8B6EB49E3301}.Release|Any CPU.ActiveCfg = Release|Any CPU
		{6E231FF7-73BB-4DF8-8C07-8B6EB49E3301}.Release|Any CPU.Build.0 = Release|Any CPU
		{6E231FF7-73BB-4DF8-8C07-8B6EB49E3301}.Release|Any CPU.Deploy.0 = Release|Any CPU
		{6E231FF7-73BB-4DF8-8C07-8B6EB49E3301}.Release|ARM.ActiveCfg = Release|Any CPU
		{6E231FF7-73BB-4DF8-8C07-8B6EB49E3301}.Release|ARM.Build.0 = Release|Any CPU
		{6E231FF7-73BB-4DF8-8C07-8B6EB49E3301}.Release|ARM.Deploy.0 = Release|Any CPU
		{6E231FF7-73BB-4DF8-8C07-8B6EB49E3301}.Release|iPhone.ActiveCfg = Release|Any CPU
		{6E231FF7-73BB-4DF8-8C07-8B6EB49E3301}.Release|iPhone.Build.0 = Release|Any CPU
		{6E231FF7-73BB-4DF8-8C07-8B6EB49E3301}.Release|iPhone.Deploy.0 = Release|Any CPU
		{6E231FF7-73BB-4DF8-8C07-8B6EB49E3301}.Release|iPhoneSimulator.ActiveCfg = Release|Any CPU
		{6E231FF7-73BB-4DF8-8C07-8B6EB49E3301}.Release|iPhoneSimulator.Build.0 = Release|Any CPU
		{6E231FF7-73BB-4DF8-8C07-8B6EB49E3301}.Release|iPhoneSimulator.Deploy.0 = Release|Any CPU
		{6E231FF7-73BB-4DF8-8C07-8B6EB49E3301}.Release|x86.ActiveCfg = Release|Any CPU
		{6E231FF7-73BB-4DF8-8C07-8B6EB49E3301}.Release|x86.Build.0 = Release|Any CPU
		{6E231FF7-73BB-4DF8-8C07-8B6EB49E3301}.Release|x86.Deploy.0 = Release|Any CPU
		{519CE28F-50A0-4EC1-ADE6-83762DB29F58}.Ad-Hoc|Any CPU.ActiveCfg = Ad-Hoc|iPhone
		{519CE28F-50A0-4EC1-ADE6-83762DB29F58}.Ad-Hoc|ARM.ActiveCfg = Ad-Hoc|iPhone
		{519CE28F-50A0-4EC1-ADE6-83762DB29F58}.Ad-Hoc|iPhone.ActiveCfg = Ad-Hoc|iPhone
		{519CE28F-50A0-4EC1-ADE6-83762DB29F58}.Ad-Hoc|iPhone.Build.0 = Ad-Hoc|iPhone
		{519CE28F-50A0-4EC1-ADE6-83762DB29F58}.Ad-Hoc|iPhoneSimulator.ActiveCfg = Ad-Hoc|iPhoneSimulator
		{519CE28F-50A0-4EC1-ADE6-83762DB29F58}.Ad-Hoc|iPhoneSimulator.Build.0 = Ad-Hoc|iPhoneSimulator
		{519CE28F-50A0-4EC1-ADE6-83762DB29F58}.Ad-Hoc|x86.ActiveCfg = Ad-Hoc|iPhone
		{519CE28F-50A0-4EC1-ADE6-83762DB29F58}.AppStore|Any CPU.ActiveCfg = AppStore|iPhone
		{519CE28F-50A0-4EC1-ADE6-83762DB29F58}.AppStore|ARM.ActiveCfg = AppStore|iPhone
		{519CE28F-50A0-4EC1-ADE6-83762DB29F58}.AppStore|iPhone.ActiveCfg = AppStore|iPhone
		{519CE28F-50A0-4EC1-ADE6-83762DB29F58}.AppStore|iPhone.Build.0 = AppStore|iPhone
		{519CE28F-50A0-4EC1-ADE6-83762DB29F58}.AppStore|iPhoneSimulator.ActiveCfg = AppStore|iPhoneSimulator
		{519CE28F-50A0-4EC1-ADE6-83762DB29F58}.AppStore|iPhoneSimulator.Build.0 = AppStore|iPhoneSimulator
		{519CE28F-50A0-4EC1-ADE6-83762DB29F58}.AppStore|x86.ActiveCfg = AppStore|iPhone
		{519CE28F-50A0-4EC1-ADE6-83762DB29F58}.Debug|Any CPU.ActiveCfg = Debug|iPhone
		{519CE28F-50A0-4EC1-ADE6-83762DB29F58}.Debug|ARM.ActiveCfg = Debug|iPhone
		{519CE28F-50A0-4EC1-ADE6-83762DB29F58}.Debug|iPhone.ActiveCfg = Debug|iPhone
		{519CE28F-50A0-4EC1-ADE6-83762DB29F58}.Debug|iPhone.Build.0 = Debug|iPhone
		{519CE28F-50A0-4EC1-ADE6-83762DB29F58}.Debug|iPhoneSimulator.ActiveCfg = Debug|iPhoneSimulator
		{519CE28F-50A0-4EC1-ADE6-83762DB29F58}.Debug|iPhoneSimulator.Build.0 = Debug|iPhoneSimulator
		{519CE28F-50A0-4EC1-ADE6-83762DB29F58}.Debug|x86.ActiveCfg = Debug|iPhone
		{519CE28F-50A0-4EC1-ADE6-83762DB29F58}.Release|Any CPU.ActiveCfg = Release|iPhone
		{519CE28F-50A0-4EC1-ADE6-83762DB29F58}.Release|ARM.ActiveCfg = Release|iPhone
		{519CE28F-50A0-4EC1-ADE6-83762DB29F58}.Release|iPhone.ActiveCfg = Release|iPhone
		{519CE28F-50A0-4EC1-ADE6-83762DB29F58}.Release|iPhone.Build.0 = Release|iPhone
		{519CE28F-50A0-4EC1-ADE6-83762DB29F58}.Release|iPhoneSimulator.ActiveCfg = Release|iPhoneSimulator
		{519CE28F-50A0-4EC1-ADE6-83762DB29F58}.Release|iPhoneSimulator.Build.0 = Release|iPhoneSimulator
		{519CE28F-50A0-4EC1-ADE6-83762DB29F58}.Release|x86.ActiveCfg = Release|iPhone
		{708FFADC-EFB8-4664-BBC4-68A51E1573E5}.Ad-Hoc|Any CPU.ActiveCfg = Release|Any CPU
		{708FFADC-EFB8-4664-BBC4-68A51E1573E5}.Ad-Hoc|Any CPU.Build.0 = Release|Any CPU
		{708FFADC-EFB8-4664-BBC4-68A51E1573E5}.Ad-Hoc|Any CPU.Deploy.0 = Release|Any CPU
		{708FFADC-EFB8-4664-BBC4-68A51E1573E5}.Ad-Hoc|ARM.ActiveCfg = Release|ARM
		{708FFADC-EFB8-4664-BBC4-68A51E1573E5}.Ad-Hoc|ARM.Build.0 = Release|ARM
		{708FFADC-EFB8-4664-BBC4-68A51E1573E5}.Ad-Hoc|ARM.Deploy.0 = Release|ARM
		{708FFADC-EFB8-4664-BBC4-68A51E1573E5}.Ad-Hoc|iPhone.ActiveCfg = Release|Any CPU
		{708FFADC-EFB8-4664-BBC4-68A51E1573E5}.Ad-Hoc|iPhone.Build.0 = Release|Any CPU
		{708FFADC-EFB8-4664-BBC4-68A51E1573E5}.Ad-Hoc|iPhone.Deploy.0 = Release|Any CPU
		{708FFADC-EFB8-4664-BBC4-68A51E1573E5}.Ad-Hoc|iPhoneSimulator.ActiveCfg = Release|Any CPU
		{708FFADC-EFB8-4664-BBC4-68A51E1573E5}.Ad-Hoc|iPhoneSimulator.Build.0 = Release|Any CPU
		{708FFADC-EFB8-4664-BBC4-68A51E1573E5}.Ad-Hoc|iPhoneSimulator.Deploy.0 = Release|Any CPU
		{708FFADC-EFB8-4664-BBC4-68A51E1573E5}.Ad-Hoc|x86.ActiveCfg = Release|x86
		{708FFADC-EFB8-4664-BBC4-68A51E1573E5}.Ad-Hoc|x86.Build.0 = Release|x86
		{708FFADC-EFB8-4664-BBC4-68A51E1573E5}.Ad-Hoc|x86.Deploy.0 = Release|x86
		{708FFADC-EFB8-4664-BBC4-68A51E1573E5}.AppStore|Any CPU.ActiveCfg = Release|Any CPU
		{708FFADC-EFB8-4664-BBC4-68A51E1573E5}.AppStore|Any CPU.Build.0 = Release|Any CPU
		{708FFADC-EFB8-4664-BBC4-68A51E1573E5}.AppStore|Any CPU.Deploy.0 = Release|Any CPU
		{708FFADC-EFB8-4664-BBC4-68A51E1573E5}.AppStore|ARM.ActiveCfg = Release|ARM
		{708FFADC-EFB8-4664-BBC4-68A51E1573E5}.AppStore|ARM.Build.0 = Release|ARM
		{708FFADC-EFB8-4664-BBC4-68A51E1573E5}.AppStore|ARM.Deploy.0 = Release|ARM
		{708FFADC-EFB8-4664-BBC4-68A51E1573E5}.AppStore|iPhone.ActiveCfg = Release|Any CPU
		{708FFADC-EFB8-4664-BBC4-68A51E1573E5}.AppStore|iPhone.Build.0 = Release|Any CPU
		{708FFADC-EFB8-4664-BBC4-68A51E1573E5}.AppStore|iPhone.Deploy.0 = Release|Any CPU
		{708FFADC-EFB8-4664-BBC4-68A51E1573E5}.AppStore|iPhoneSimulator.ActiveCfg = Release|Any CPU
		{708FFADC-EFB8-4664-BBC4-68A51E1573E5}.AppStore|iPhoneSimulator.Build.0 = Release|Any CPU
		{708FFADC-EFB8-4664-BBC4-68A51E1573E5}.AppStore|iPhoneSimulator.Deploy.0 = Release|Any CPU
		{708FFADC-EFB8-4664-BBC4-68A51E1573E5}.AppStore|x86.ActiveCfg = Release|x86
		{708FFADC-EFB8-4664-BBC4-68A51E1573E5}.AppStore|x86.Build.0 = Release|x86
		{708FFADC-EFB8-4664-BBC4-68A51E1573E5}.AppStore|x86.Deploy.0 = Release|x86
		{708FFADC-EFB8-4664-BBC4-68A51E1573E5}.Debug|Any CPU.ActiveCfg = Debug|Any CPU
		{708FFADC-EFB8-4664-BBC4-68A51E1573E5}.Debug|Any CPU.Build.0 = Debug|Any CPU
		{708FFADC-EFB8-4664-BBC4-68A51E1573E5}.Debug|Any CPU.Deploy.0 = Debug|Any CPU
		{708FFADC-EFB8-4664-BBC4-68A51E1573E5}.Debug|ARM.ActiveCfg = Debug|ARM
		{708FFADC-EFB8-4664-BBC4-68A51E1573E5}.Debug|ARM.Build.0 = Debug|ARM
		{708FFADC-EFB8-4664-BBC4-68A51E1573E5}.Debug|ARM.Deploy.0 = Debug|ARM
		{708FFADC-EFB8-4664-BBC4-68A51E1573E5}.Debug|iPhone.ActiveCfg = Debug|Any CPU
		{708FFADC-EFB8-4664-BBC4-68A51E1573E5}.Debug|iPhone.Build.0 = Debug|Any CPU
		{708FFADC-EFB8-4664-BBC4-68A51E1573E5}.Debug|iPhone.Deploy.0 = Debug|Any CPU
		{708FFADC-EFB8-4664-BBC4-68A51E1573E5}.Debug|iPhoneSimulator.ActiveCfg = Debug|Any CPU
		{708FFADC-EFB8-4664-BBC4-68A51E1573E5}.Debug|iPhoneSimulator.Build.0 = Debug|Any CPU
		{708FFADC-EFB8-4664-BBC4-68A51E1573E5}.Debug|iPhoneSimulator.Deploy.0 = Debug|Any CPU
		{708FFADC-EFB8-4664-BBC4-68A51E1573E5}.Debug|x86.ActiveCfg = Debug|x86
		{708FFADC-EFB8-4664-BBC4-68A51E1573E5}.Debug|x86.Build.0 = Debug|x86
		{708FFADC-EFB8-4664-BBC4-68A51E1573E5}.Debug|x86.Deploy.0 = Debug|x86
		{708FFADC-EFB8-4664-BBC4-68A51E1573E5}.Release|Any CPU.ActiveCfg = Release|Any CPU
		{708FFADC-EFB8-4664-BBC4-68A51E1573E5}.Release|Any CPU.Build.0 = Release|Any CPU
		{708FFADC-EFB8-4664-BBC4-68A51E1573E5}.Release|Any CPU.Deploy.0 = Release|Any CPU
		{708FFADC-EFB8-4664-BBC4-68A51E1573E5}.Release|ARM.ActiveCfg = Release|ARM
		{708FFADC-EFB8-4664-BBC4-68A51E1573E5}.Release|ARM.Build.0 = Release|ARM
		{708FFADC-EFB8-4664-BBC4-68A51E1573E5}.Release|ARM.Deploy.0 = Release|ARM
		{708FFADC-EFB8-4664-BBC4-68A51E1573E5}.Release|iPhone.ActiveCfg = Release|Any CPU
		{708FFADC-EFB8-4664-BBC4-68A51E1573E5}.Release|iPhone.Build.0 = Release|Any CPU
		{708FFADC-EFB8-4664-BBC4-68A51E1573E5}.Release|iPhone.Deploy.0 = Release|Any CPU
		{708FFADC-EFB8-4664-BBC4-68A51E1573E5}.Release|iPhoneSimulator.ActiveCfg = Release|Any CPU
		{708FFADC-EFB8-4664-BBC4-68A51E1573E5}.Release|iPhoneSimulator.Build.0 = Release|Any CPU
		{708FFADC-EFB8-4664-BBC4-68A51E1573E5}.Release|iPhoneSimulator.Deploy.0 = Release|Any CPU
		{708FFADC-EFB8-4664-BBC4-68A51E1573E5}.Release|x86.ActiveCfg = Release|x86
		{708FFADC-EFB8-4664-BBC4-68A51E1573E5}.Release|x86.Build.0 = Release|x86
		{708FFADC-EFB8-4664-BBC4-68A51E1573E5}.Release|x86.Deploy.0 = Release|x86
		{1EF7904A-4150-4316-8EE3-3DD1A802B9D3}.Ad-Hoc|Any CPU.ActiveCfg = Release|Any CPU
		{1EF7904A-4150-4316-8EE3-3DD1A802B9D3}.Ad-Hoc|Any CPU.Build.0 = Release|Any CPU
		{1EF7904A-4150-4316-8EE3-3DD1A802B9D3}.Ad-Hoc|ARM.ActiveCfg = Release|Any CPU
		{1EF7904A-4150-4316-8EE3-3DD1A802B9D3}.Ad-Hoc|ARM.Build.0 = Release|Any CPU
		{1EF7904A-4150-4316-8EE3-3DD1A802B9D3}.Ad-Hoc|iPhone.ActiveCfg = Release|Any CPU
		{1EF7904A-4150-4316-8EE3-3DD1A802B9D3}.Ad-Hoc|iPhone.Build.0 = Release|Any CPU
		{1EF7904A-4150-4316-8EE3-3DD1A802B9D3}.Ad-Hoc|iPhoneSimulator.ActiveCfg = Release|Any CPU
		{1EF7904A-4150-4316-8EE3-3DD1A802B9D3}.Ad-Hoc|iPhoneSimulator.Build.0 = Release|Any CPU
		{1EF7904A-4150-4316-8EE3-3DD1A802B9D3}.Ad-Hoc|x86.ActiveCfg = Release|Any CPU
		{1EF7904A-4150-4316-8EE3-3DD1A802B9D3}.Ad-Hoc|x86.Build.0 = Release|Any CPU
		{1EF7904A-4150-4316-8EE3-3DD1A802B9D3}.AppStore|Any CPU.ActiveCfg = Release|Any CPU
		{1EF7904A-4150-4316-8EE3-3DD1A802B9D3}.AppStore|Any CPU.Build.0 = Release|Any CPU
		{1EF7904A-4150-4316-8EE3-3DD1A802B9D3}.AppStore|ARM.ActiveCfg = Release|Any CPU
		{1EF7904A-4150-4316-8EE3-3DD1A802B9D3}.AppStore|ARM.Build.0 = Release|Any CPU
		{1EF7904A-4150-4316-8EE3-3DD1A802B9D3}.AppStore|iPhone.ActiveCfg = Release|Any CPU
		{1EF7904A-4150-4316-8EE3-3DD1A802B9D3}.AppStore|iPhone.Build.0 = Release|Any CPU
		{1EF7904A-4150-4316-8EE3-3DD1A802B9D3}.AppStore|iPhoneSimulator.ActiveCfg = Release|Any CPU
		{1EF7904A-4150-4316-8EE3-3DD1A802B9D3}.AppStore|iPhoneSimulator.Build.0 = Release|Any CPU
		{1EF7904A-4150-4316-8EE3-3DD1A802B9D3}.AppStore|x86.ActiveCfg = Release|Any CPU
		{1EF7904A-4150-4316-8EE3-3DD1A802B9D3}.AppStore|x86.Build.0 = Release|Any CPU
		{1EF7904A-4150-4316-8EE3-3DD1A802B9D3}.Debug|Any CPU.ActiveCfg = Debug|Any CPU
		{1EF7904A-4150-4316-8EE3-3DD1A802B9D3}.Debug|Any CPU.Build.0 = Debug|Any CPU
		{1EF7904A-4150-4316-8EE3-3DD1A802B9D3}.Debug|ARM.ActiveCfg = Debug|Any CPU
		{1EF7904A-4150-4316-8EE3-3DD1A802B9D3}.Debug|ARM.Build.0 = Debug|Any CPU
		{1EF7904A-4150-4316-8EE3-3DD1A802B9D3}.Debug|iPhone.ActiveCfg = Debug|Any CPU
		{1EF7904A-4150-4316-8EE3-3DD1A802B9D3}.Debug|iPhone.Build.0 = Debug|Any CPU
		{1EF7904A-4150-4316-8EE3-3DD1A802B9D3}.Debug|iPhoneSimulator.ActiveCfg = Debug|Any CPU
		{1EF7904A-4150-4316-8EE3-3DD1A802B9D3}.Debug|iPhoneSimulator.Build.0 = Debug|Any CPU
		{1EF7904A-4150-4316-8EE3-3DD1A802B9D3}.Debug|x86.ActiveCfg = Debug|Any CPU
		{1EF7904A-4150-4316-8EE3-3DD1A802B9D3}.Debug|x86.Build.0 = Debug|Any CPU
		{1EF7904A-4150-4316-8EE3-3DD1A802B9D3}.Release|Any CPU.ActiveCfg = Release|Any CPU
		{1EF7904A-4150-4316-8EE3-3DD1A802B9D3}.Release|Any CPU.Build.0 = Release|Any CPU
		{1EF7904A-4150-4316-8EE3-3DD1A802B9D3}.Release|ARM.ActiveCfg = Release|Any CPU
		{1EF7904A-4150-4316-8EE3-3DD1A802B9D3}.Release|ARM.Build.0 = Release|Any CPU
		{1EF7904A-4150-4316-8EE3-3DD1A802B9D3}.Release|iPhone.ActiveCfg = Release|Any CPU
		{1EF7904A-4150-4316-8EE3-3DD1A802B9D3}.Release|iPhone.Build.0 = Release|Any CPU
		{1EF7904A-4150-4316-8EE3-3DD1A802B9D3}.Release|iPhoneSimulator.ActiveCfg = Release|Any CPU
		{1EF7904A-4150-4316-8EE3-3DD1A802B9D3}.Release|iPhoneSimulator.Build.0 = Release|Any CPU
		{1EF7904A-4150-4316-8EE3-3DD1A802B9D3}.Release|x86.ActiveCfg = Release|Any CPU
		{1EF7904A-4150-4316-8EE3-3DD1A802B9D3}.Release|x86.Build.0 = Release|Any CPU
	EndGlobalSection
	GlobalSection(SolutionProperties) = preSolution
		HideSolutionNode = FALSE
	EndGlobalSection
EndGlobal
