
Microsoft Visual Studio Solution File, Format Version 12.00
# Visual Studio 14
VisualStudioVersion = 14.0.23107.0
MinimumVisualStudioVersion = 10.0.40219.1
Project("{FAE04EC0-301F-11D3-BF4B-00C04F79EFBC}") = "XamFormsTakingPhotos.Droid", "XamFormsTakingPhotos\XamFormsTakingPhotos.Droid\XamFormsTakingPhotos.Droid.csproj", "{9811D8DC-BCB2-42D6-AE59-AAE7BB1901FB}"
EndProject
Project("{FAE04EC0-301F-11D3-BF4B-00C04F79EFBC}") = "XamFormsTakingPhotos.iOS", "XamFormsTakingPhotos\XamFormsTakingPhotos.iOS\XamFormsTakingPhotos.iOS.csproj", "{618F60AD-199C-48D5-90F9-D9BA87F46584}"
EndProject
Project("{FAE04EC0-301F-11D3-BF4B-00C04F79EFBC}") = "XamFormsTakingPhotos.WinPhone", "XamFormsTakingPhotos\XamFormsTakingPhotos.WinPhone\XamFormsTakingPhotos.WinPhone.csproj", "{8E66DA03-D368-46F4-B019-6422F7B763EA}"
EndProject
Project("{FAE04EC0-301F-11D3-BF4B-00C04F79EFBC}") = "XamFormsTakingPhotos", "XamFormsTakingPhotos\XamFormsTakingPhotos\XamFormsTakingPhotos.csproj", "{A6D9941D-0770-487F-9A76-FE71A15F2CA8}"
EndProject
Global
	GlobalSection(SolutionConfigurationPlatforms) = preSolution
		Ad-Hoc|Any CPU = Ad-Hoc|Any CPU
		Ad-Hoc|ARM = Ad-Hoc|ARM
		Ad-Hoc|iPhone = Ad-Hoc|iPhone
		Ad-Hoc|iPhoneSimulator = Ad-Hoc|iPhoneSimulator
		Ad-Hoc|x86 = Ad-Hoc|x86
		AppStore|Any CPU = AppStore|Any CPU
		AppStore|ARM = AppStore|ARM
		AppStore|iPhone = AppStore|iPhone
		AppStore|iPhoneSimulator = AppStore|iPhoneSimulator
		AppStore|x86 = AppStore|x86
		Debug|Any CPU = Debug|Any CPU
		Debug|ARM = Debug|ARM
		Debug|iPhone = Debug|iPhone
		Debug|iPhoneSimulator = Debug|iPhoneSimulator
		Debug|x86 = Debug|x86
		Release|Any CPU = Release|Any CPU
		Release|ARM = Release|ARM
		Release|iPhone = Release|iPhone
		Release|iPhoneSimulator = Release|iPhoneSimulator
		Release|x86 = Release|x86
	EndGlobalSection
	GlobalSection(ProjectConfigurationPlatforms) = postSolution
		{9811D8DC-BCB2-42D6-AE59-AAE7BB1901FB}.Ad-Hoc|Any CPU.ActiveCfg = Release|Any CPU
		{9811D8DC-BCB2-42D6-AE59-AAE7BB1901FB}.Ad-Hoc|Any CPU.Build.0 = Release|Any CPU
		{9811D8DC-BCB2-42D6-AE59-AAE7BB1901FB}.Ad-Hoc|Any CPU.Deploy.0 = Release|Any CPU
		{9811D8DC-BCB2-42D6-AE59-AAE7BB1901FB}.Ad-Hoc|ARM.ActiveCfg = Release|Any CPU
		{9811D8DC-BCB2-42D6-AE59-AAE7BB1901FB}.Ad-Hoc|ARM.Build.0 = Release|Any CPU
		{9811D8DC-BCB2-42D6-AE59-AAE7BB1901FB}.Ad-Hoc|ARM.Deploy.0 = Release|Any CPU
		{9811D8DC-BCB2-42D6-AE59-AAE7BB1901FB}.Ad-Hoc|iPhone.ActiveCfg = Release|Any CPU
		{9811D8DC-BCB2-42D6-AE59-AAE7BB1901FB}.Ad-Hoc|iPhone.Build.0 = Release|Any CPU
		{9811D8DC-BCB2-42D6-AE59-AAE7BB1901FB}.Ad-Hoc|iPhone.Deploy.0 = Release|Any CPU
		{9811D8DC-BCB2-42D6-AE59-AAE7BB1901FB}.Ad-Hoc|iPhoneSimulator.ActiveCfg = Release|Any CPU
		{9811D8DC-BCB2-42D6-AE59-AAE7BB1901FB}.Ad-Hoc|iPhoneSimulator.Build.0 = Release|Any CPU
		{9811D8DC-BCB2-42D6-AE59-AAE7BB1901FB}.Ad-Hoc|iPhoneSimulator.Deploy.0 = Release|Any CPU
		{9811D8DC-BCB2-42D6-AE59-AAE7BB1901FB}.Ad-Hoc|x86.ActiveCfg = Release|Any CPU
		{9811D8DC-BCB2-42D6-AE59-AAE7BB1901FB}.Ad-Hoc|x86.Build.0 = Release|Any CPU
		{9811D8DC-BCB2-42D6-AE59-AAE7BB1901FB}.Ad-Hoc|x86.Deploy.0 = Release|Any CPU
		{9811D8DC-BCB2-42D6-AE59-AAE7BB1901FB}.AppStore|Any CPU.ActiveCfg = Release|Any CPU
		{9811D8DC-BCB2-42D6-AE59-AAE7BB1901FB}.AppStore|Any CPU.Build.0 = Release|Any CPU
		{9811D8DC-BCB2-42D6-AE59-AAE7BB1901FB}.AppStore|Any CPU.Deploy.0 = Release|Any CPU
		{9811D8DC-BCB2-42D6-AE59-AAE7BB1901FB}.AppStore|ARM.ActiveCfg = Release|Any CPU
		{9811D8DC-BCB2-42D6-AE59-AAE7BB1901FB}.AppStore|ARM.Build.0 = Release|Any CPU
		{9811D8DC-BCB2-42D6-AE59-AAE7BB1901FB}.AppStore|ARM.Deploy.0 = Release|Any CPU
		{9811D8DC-BCB2-42D6-AE59-AAE7BB1901FB}.AppStore|iPhone.ActiveCfg = Release|Any CPU
		{9811D8DC-BCB2-42D6-AE59-AAE7BB1901FB}.AppStore|iPhone.Build.0 = Release|Any CPU
		{9811D8DC-BCB2-42D6-AE59-AAE7BB1901FB}.AppStore|iPhone.Deploy.0 = Release|Any CPU
		{9811D8DC-BCB2-42D6-AE59-AAE7BB1901FB}.AppStore|iPhoneSimulator.ActiveCfg = Release|Any CPU
		{9811D8DC-BCB2-42D6-AE59-AAE7BB1901FB}.AppStore|iPhoneSimulator.Build.0 = Release|Any CPU
		{9811D8DC-BCB2-42D6-AE59-AAE7BB1901FB}.AppStore|iPhoneSimulator.Deploy.0 = Release|Any CPU
		{9811D8DC-BCB2-42D6-AE59-AAE7BB1901FB}.AppStore|x86.ActiveCfg = Release|Any CPU
		{9811D8DC-BCB2-42D6-AE59-AAE7BB1901FB}.AppStore|x86.Build.0 = Release|Any CPU
		{9811D8DC-BCB2-42D6-AE59-AAE7BB1901FB}.AppStore|x86.Deploy.0 = Release|Any CPU
		{9811D8DC-BCB2-42D6-AE59-AAE7BB1901FB}.Debug|Any CPU.ActiveCfg = Debug|Any CPU
		{9811D8DC-BCB2-42D6-AE59-AAE7BB1901FB}.Debug|Any CPU.Build.0 = Debug|Any CPU
		{9811D8DC-BCB2-42D6-AE59-AAE7BB1901FB}.Debug|Any CPU.Deploy.0 = Debug|Any CPU
		{9811D8DC-BCB2-42D6-AE59-AAE7BB1901FB}.Debug|ARM.ActiveCfg = Debug|Any CPU
		{9811D8DC-BCB2-42D6-AE59-AAE7BB1901FB}.Debug|ARM.Build.0 = Debug|Any CPU
		{9811D8DC-BCB2-42D6-AE59-AAE7BB1901FB}.Debug|ARM.Deploy.0 = Debug|Any CPU
		{9811D8DC-BCB2-42D6-AE59-AAE7BB1901FB}.Debug|iPhone.ActiveCfg = Debug|Any CPU
		{9811D8DC-BCB2-42D6-AE59-AAE7BB1901FB}.Debug|iPhone.Build.0 = Debug|Any CPU
		{9811D8DC-BCB2-42D6-AE59-AAE7BB1901FB}.Debug|iPhone.Deploy.0 = Debug|Any CPU
		{9811D8DC-BCB2-42D6-AE59-AAE7BB1901FB}.Debug|iPhoneSimulator.ActiveCfg = Debug|Any CPU
		{9811D8DC-BCB2-42D6-AE59-AAE7BB1901FB}.Debug|iPhoneSimulator.Build.0 = Debug|Any CPU
		{9811D8DC-BCB2-42D6-AE59-AAE7BB1901FB}.Debug|iPhoneSimulator.Deploy.0 = Debug|Any CPU
		{9811D8DC-BCB2-42D6-AE59-AAE7BB1901FB}.Debug|x86.ActiveCfg = Debug|Any CPU
		{9811D8DC-BCB2-42D6-AE59-AAE7BB1901FB}.Debug|x86.Build.0 = Debug|Any CPU
		{9811D8DC-BCB2-42D6-AE59-AAE7BB1901FB}.Debug|x86.Deploy.0 = Debug|Any CPU
		{9811D8DC-BCB2-42D6-AE59-AAE7BB1901FB}.Release|Any CPU.ActiveCfg = Release|Any CPU
		{9811D8DC-BCB2-42D6-AE59-AAE7BB1901FB}.Release|Any CPU.Build.0 = Release|Any CPU
		{9811D8DC-BCB2-42D6-AE59-AAE7BB1901FB}.Release|Any CPU.Deploy.0 = Release|Any CPU
		{9811D8DC-BCB2-42D6-AE59-AAE7BB1901FB}.Release|ARM.ActiveCfg = Release|Any CPU
		{9811D8DC-BCB2-42D6-AE59-AAE7BB1901FB}.Release|ARM.Build.0 = Release|Any CPU
		{9811D8DC-BCB2-42D6-AE59-AAE7BB1901FB}.Release|ARM.Deploy.0 = Release|Any CPU
		{9811D8DC-BCB2-42D6-AE59-AAE7BB1901FB}.Release|iPhone.ActiveCfg = Release|Any CPU
		{9811D8DC-BCB2-42D6-AE59-AAE7BB1901FB}.Release|iPhone.Build.0 = Release|Any CPU
		{9811D8DC-BCB2-42D6-AE59-AAE7BB1901FB}.Release|iPhone.Deploy.0 = Release|Any CPU
		{9811D8DC-BCB2-42D6-AE59-AAE7BB1901FB}.Release|iPhoneSimulator.ActiveCfg = Release|Any CPU
		{9811D8DC-BCB2-42D6-AE59-AAE7BB1901FB}.Release|iPhoneSimulator.Build.0 = Release|Any CPU
		{9811D8DC-BCB2-42D6-AE59-AAE7BB1901FB}.Release|iPhoneSimulator.Deploy.0 = Release|Any CPU
		{9811D8DC-BCB2-42D6-AE59-AAE7BB1901FB}.Release|x86.ActiveCfg = Release|Any CPU
		{9811D8DC-BCB2-42D6-AE59-AAE7BB1901FB}.Release|x86.Build.0 = Release|Any CPU
		{9811D8DC-BCB2-42D6-AE59-AAE7BB1901FB}.Release|x86.Deploy.0 = Release|Any CPU
		{618F60AD-199C-48D5-90F9-D9BA87F46584}.Ad-Hoc|Any CPU.ActiveCfg = Ad-Hoc|iPhone
		{618F60AD-199C-48D5-90F9-D9BA87F46584}.Ad-Hoc|ARM.ActiveCfg = Ad-Hoc|iPhone
		{618F60AD-199C-48D5-90F9-D9BA87F46584}.Ad-Hoc|iPhone.ActiveCfg = Ad-Hoc|iPhone
		{618F60AD-199C-48D5-90F9-D9BA87F46584}.Ad-Hoc|iPhone.Build.0 = Ad-Hoc|iPhone
		{618F60AD-199C-48D5-90F9-D9BA87F46584}.Ad-Hoc|iPhoneSimulator.ActiveCfg = Ad-Hoc|iPhoneSimulator
		{618F60AD-199C-48D5-90F9-D9BA87F46584}.Ad-Hoc|iPhoneSimulator.Build.0 = Ad-Hoc|iPhoneSimulator
		{618F60AD-199C-48D5-90F9-D9BA87F46584}.Ad-Hoc|x86.ActiveCfg = Ad-Hoc|iPhone
		{618F60AD-199C-48D5-90F9-D9BA87F46584}.AppStore|Any CPU.ActiveCfg = AppStore|iPhone
		{618F60AD-199C-48D5-90F9-D9BA87F46584}.AppStore|ARM.ActiveCfg = AppStore|iPhone
		{618F60AD-199C-48D5-90F9-D9BA87F46584}.AppStore|iPhone.ActiveCfg = AppStore|iPhone
		{618F60AD-199C-48D5-90F9-D9BA87F46584}.AppStore|iPhone.Build.0 = AppStore|iPhone
		{618F60AD-199C-48D5-90F9-D9BA87F46584}.AppStore|iPhoneSimulator.ActiveCfg = AppStore|iPhoneSimulator
		{618F60AD-199C-48D5-90F9-D9BA87F46584}.AppStore|iPhoneSimulator.Build.0 = AppStore|iPhoneSimulator
		{618F60AD-199C-48D5-90F9-D9BA87F46584}.AppStore|x86.ActiveCfg = AppStore|iPhone
		{618F60AD-199C-48D5-90F9-D9BA87F46584}.Debug|Any CPU.ActiveCfg = Debug|iPhone
		{618F60AD-199C-48D5-90F9-D9BA87F46584}.Debug|ARM.ActiveCfg = Debug|iPhone
		{618F60AD-199C-48D5-90F9-D9BA87F46584}.Debug|iPhone.ActiveCfg = Debug|iPhone
		{618F60AD-199C-48D5-90F9-D9BA87F46584}.Debug|iPhone.Build.0 = Debug|iPhone
		{618F60AD-199C-48D5-90F9-D9BA87F46584}.Debug|iPhoneSimulator.ActiveCfg = Debug|iPhoneSimulator
		{618F60AD-199C-48D5-90F9-D9BA87F46584}.Debug|iPhoneSimulator.Build.0 = Debug|iPhoneSimulator
		{618F60AD-199C-48D5-90F9-D9BA87F46584}.Debug|x86.ActiveCfg = Debug|iPhone
		{618F60AD-199C-48D5-90F9-D9BA87F46584}.Release|Any CPU.ActiveCfg = Release|iPhone
		{618F60AD-199C-48D5-90F9-D9BA87F46584}.Release|ARM.ActiveCfg = Release|iPhone
		{618F60AD-199C-48D5-90F9-D9BA87F46584}.Release|iPhone.ActiveCfg = Release|iPhone
		{618F60AD-199C-48D5-90F9-D9BA87F46584}.Release|iPhone.Build.0 = Release|iPhone
		{618F60AD-199C-48D5-90F9-D9BA87F46584}.Release|iPhoneSimulator.ActiveCfg = Release|iPhoneSimulator
		{618F60AD-199C-48D5-90F9-D9BA87F46584}.Release|iPhoneSimulator.Build.0 = Release|iPhoneSimulator
		{618F60AD-199C-48D5-90F9-D9BA87F46584}.Release|x86.ActiveCfg = Release|iPhone
		{8E66DA03-D368-46F4-B019-6422F7B763EA}.Ad-Hoc|Any CPU.ActiveCfg = Release|Any CPU
		{8E66DA03-D368-46F4-B019-6422F7B763EA}.Ad-Hoc|Any CPU.Build.0 = Release|Any CPU
		{8E66DA03-D368-46F4-B019-6422F7B763EA}.Ad-Hoc|Any CPU.Deploy.0 = Release|Any CPU
		{8E66DA03-D368-46F4-B019-6422F7B763EA}.Ad-Hoc|ARM.ActiveCfg = Release|ARM
		{8E66DA03-D368-46F4-B019-6422F7B763EA}.Ad-Hoc|ARM.Build.0 = Release|ARM
		{8E66DA03-D368-46F4-B019-6422F7B763EA}.Ad-Hoc|ARM.Deploy.0 = Release|ARM
		{8E66DA03-D368-46F4-B019-6422F7B763EA}.Ad-Hoc|iPhone.ActiveCfg = Release|Any CPU
		{8E66DA03-D368-46F4-B019-6422F7B763EA}.Ad-Hoc|iPhone.Build.0 = Release|Any CPU
		{8E66DA03-D368-46F4-B019-6422F7B763EA}.Ad-Hoc|iPhone.Deploy.0 = Release|Any CPU
		{8E66DA03-D368-46F4-B019-6422F7B763EA}.Ad-Hoc|iPhoneSimulator.ActiveCfg = Release|Any CPU
		{8E66DA03-D368-46F4-B019-6422F7B763EA}.Ad-Hoc|iPhoneSimulator.Build.0 = Release|Any CPU
		{8E66DA03-D368-46F4-B019-6422F7B763EA}.Ad-Hoc|iPhoneSimulator.Deploy.0 = Release|Any CPU
		{8E66DA03-D368-46F4-B019-6422F7B763EA}.Ad-Hoc|x86.ActiveCfg = Release|x86
		{8E66DA03-D368-46F4-B019-6422F7B763EA}.Ad-Hoc|x86.Build.0 = Release|x86
		{8E66DA03-D368-46F4-B019-6422F7B763EA}.Ad-Hoc|x86.Deploy.0 = Release|x86
		{8E66DA03-D368-46F4-B019-6422F7B763EA}.AppStore|Any CPU.ActiveCfg = Release|Any CPU
		{8E66DA03-D368-46F4-B019-6422F7B763EA}.AppStore|Any CPU.Build.0 = Release|Any CPU
		{8E66DA03-D368-46F4-B019-6422F7B763EA}.AppStore|Any CPU.Deploy.0 = Release|Any CPU
		{8E66DA03-D368-46F4-B019-6422F7B763EA}.AppStore|ARM.ActiveCfg = Release|ARM
		{8E66DA03-D368-46F4-B019-6422F7B763EA}.AppStore|ARM.Build.0 = Release|ARM
		{8E66DA03-D368-46F4-B019-6422F7B763EA}.AppStore|ARM.Deploy.0 = Release|ARM
		{8E66DA03-D368-46F4-B019-6422F7B763EA}.AppStore|iPhone.ActiveCfg = Release|Any CPU
		{8E66DA03-D368-46F4-B019-6422F7B763EA}.AppStore|iPhone.Build.0 = Release|Any CPU
		{8E66DA03-D368-46F4-B019-6422F7B763EA}.AppStore|iPhone.Deploy.0 = Release|Any CPU
		{8E66DA03-D368-46F4-B019-6422F7B763EA}.AppStore|iPhoneSimulator.ActiveCfg = Release|Any CPU
		{8E66DA03-D368-46F4-B019-6422F7B763EA}.AppStore|iPhoneSimulator.Build.0 = Release|Any CPU
		{8E66DA03-D368-46F4-B019-6422F7B763EA}.AppStore|iPhoneSimulator.Deploy.0 = Release|Any CPU
		{8E66DA03-D368-46F4-B019-6422F7B763EA}.AppStore|x86.ActiveCfg = Release|x86
		{8E66DA03-D368-46F4-B019-6422F7B763EA}.AppStore|x86.Build.0 = Release|x86
		{8E66DA03-D368-46F4-B019-6422F7B763EA}.AppStore|x86.Deploy.0 = Release|x86
		{8E66DA03-D368-46F4-B019-6422F7B763EA}.Debug|Any CPU.ActiveCfg = Debug|Any CPU
		{8E66DA03-D368-46F4-B019-6422F7B763EA}.Debug|Any CPU.Build.0 = Debug|Any CPU
		{8E66DA03-D368-46F4-B019-6422F7B763EA}.Debug|Any CPU.Deploy.0 = Debug|Any CPU
		{8E66DA03-D368-46F4-B019-6422F7B763EA}.Debug|ARM.ActiveCfg = Debug|ARM
		{8E66DA03-D368-46F4-B019-6422F7B763EA}.Debug|ARM.Build.0 = Debug|ARM
		{8E66DA03-D368-46F4-B019-6422F7B763EA}.Debug|ARM.Deploy.0 = Debug|ARM
		{8E66DA03-D368-46F4-B019-6422F7B763EA}.Debug|iPhone.ActiveCfg = Debug|Any CPU
		{8E66DA03-D368-46F4-B019-6422F7B763EA}.Debug|iPhone.Build.0 = Debug|Any CPU
		{8E66DA03-D368-46F4-B019-6422F7B763EA}.Debug|iPhone.Deploy.0 = Debug|Any CPU
		{8E66DA03-D368-46F4-B019-6422F7B763EA}.Debug|iPhoneSimulator.ActiveCfg = Debug|Any CPU
		{8E66DA03-D368-46F4-B019-6422F7B763EA}.Debug|iPhoneSimulator.Build.0 = Debug|Any CPU
		{8E66DA03-D368-46F4-B019-6422F7B763EA}.Debug|iPhoneSimulator.Deploy.0 = Debug|Any CPU
		{8E66DA03-D368-46F4-B019-6422F7B763EA}.Debug|x86.ActiveCfg = Debug|x86
		{8E66DA03-D368-46F4-B019-6422F7B763EA}.Debug|x86.Build.0 = Debug|x86
		{8E66DA03-D368-46F4-B019-6422F7B763EA}.Debug|x86.Deploy.0 = Debug|x86
		{8E66DA03-D368-46F4-B019-6422F7B763EA}.Release|Any CPU.ActiveCfg = Release|Any CPU
		{8E66DA03-D368-46F4-B019-6422F7B763EA}.Release|Any CPU.Build.0 = Release|Any CPU
		{8E66DA03-D368-46F4-B019-6422F7B763EA}.Release|Any CPU.Deploy.0 = Release|Any CPU
		{8E66DA03-D368-46F4-B019-6422F7B763EA}.Release|ARM.ActiveCfg = Release|ARM
		{8E66DA03-D368-46F4-B019-6422F7B763EA}.Release|ARM.Build.0 = Release|ARM
		{8E66DA03-D368-46F4-B019-6422F7B763EA}.Release|ARM.Deploy.0 = Release|ARM
		{8E66DA03-D368-46F4-B019-6422F7B763EA}.Release|iPhone.ActiveCfg = Release|Any CPU
		{8E66DA03-D368-46F4-B019-6422F7B763EA}.Release|iPhone.Build.0 = Release|Any CPU
		{8E66DA03-D368-46F4-B019-6422F7B763EA}.Release|iPhone.Deploy.0 = Release|Any CPU
		{8E66DA03-D368-46F4-B019-6422F7B763EA}.Release|iPhoneSimulator.ActiveCfg = Release|Any CPU
		{8E66DA03-D368-46F4-B019-6422F7B763EA}.Release|iPhoneSimulator.Build.0 = Release|Any CPU
		{8E66DA03-D368-46F4-B019-6422F7B763EA}.Release|iPhoneSimulator.Deploy.0 = Release|Any CPU
		{8E66DA03-D368-46F4-B019-6422F7B763EA}.Release|x86.ActiveCfg = Release|x86
		{8E66DA03-D368-46F4-B019-6422F7B763EA}.Release|x86.Build.0 = Release|x86
		{8E66DA03-D368-46F4-B019-6422F7B763EA}.Release|x86.Deploy.0 = Release|x86
		{A6D9941D-0770-487F-9A76-FE71A15F2CA8}.Ad-Hoc|Any CPU.ActiveCfg = Release|Any CPU
		{A6D9941D-0770-487F-9A76-FE71A15F2CA8}.Ad-Hoc|Any CPU.Build.0 = Release|Any CPU
		{A6D9941D-0770-487F-9A76-FE71A15F2CA8}.Ad-Hoc|ARM.ActiveCfg = Release|Any CPU
		{A6D9941D-0770-487F-9A76-FE71A15F2CA8}.Ad-Hoc|ARM.Build.0 = Release|Any CPU
		{A6D9941D-0770-487F-9A76-FE71A15F2CA8}.Ad-Hoc|iPhone.ActiveCfg = Release|Any CPU
		{A6D9941D-0770-487F-9A76-FE71A15F2CA8}.Ad-Hoc|iPhone.Build.0 = Release|Any CPU
		{A6D9941D-0770-487F-9A76-FE71A15F2CA8}.Ad-Hoc|iPhoneSimulator.ActiveCfg = Release|Any CPU
		{A6D9941D-0770-487F-9A76-FE71A15F2CA8}.Ad-Hoc|iPhoneSimulator.Build.0 = Release|Any CPU
		{A6D9941D-0770-487F-9A76-FE71A15F2CA8}.Ad-Hoc|x86.ActiveCfg = Release|Any CPU
		{A6D9941D-0770-487F-9A76-FE71A15F2CA8}.Ad-Hoc|x86.Build.0 = Release|Any CPU
		{A6D9941D-0770-487F-9A76-FE71A15F2CA8}.AppStore|Any CPU.ActiveCfg = Release|Any CPU
		{A6D9941D-0770-487F-9A76-FE71A15F2CA8}.AppStore|Any CPU.Build.0 = Release|Any CPU
		{A6D9941D-0770-487F-9A76-FE71A15F2CA8}.AppStore|ARM.ActiveCfg = Release|Any CPU
		{A6D9941D-0770-487F-9A76-FE71A15F2CA8}.AppStore|ARM.Build.0 = Release|Any CPU
		{A6D9941D-0770-487F-9A76-FE71A15F2CA8}.AppStore|iPhone.ActiveCfg = Release|Any CPU
		{A6D9941D-0770-487F-9A76-FE71A15F2CA8}.AppStore|iPhone.Build.0 = Release|Any CPU
		{A6D9941D-0770-487F-9A76-FE71A15F2CA8}.AppStore|iPhoneSimulator.ActiveCfg = Release|Any CPU
		{A6D9941D-0770-487F-9A76-FE71A15F2CA8}.AppStore|iPhoneSimulator.Build.0 = Release|Any CPU
		{A6D9941D-0770-487F-9A76-FE71A15F2CA8}.AppStore|x86.ActiveCfg = Release|Any CPU
		{A6D9941D-0770-487F-9A76-FE71A15F2CA8}.AppStore|x86.Build.0 = Release|Any CPU
		{A6D9941D-0770-487F-9A76-FE71A15F2CA8}.Debug|Any CPU.ActiveCfg = Debug|Any CPU
		{A6D9941D-0770-487F-9A76-FE71A15F2CA8}.Debug|Any CPU.Build.0 = Debug|Any CPU
		{A6D9941D-0770-487F-9A76-FE71A15F2CA8}.Debug|ARM.ActiveCfg = Debug|Any CPU
		{A6D9941D-0770-487F-9A76-FE71A15F2CA8}.Debug|ARM.Build.0 = Debug|Any CPU
		{A6D9941D-0770-487F-9A76-FE71A15F2CA8}.Debug|iPhone.ActiveCfg = Debug|Any CPU
		{A6D9941D-0770-487F-9A76-FE71A15F2CA8}.Debug|iPhone.Build.0 = Debug|Any CPU
		{A6D9941D-0770-487F-9A76-FE71A15F2CA8}.Debug|iPhoneSimulator.ActiveCfg = Debug|Any CPU
		{A6D9941D-0770-487F-9A76-FE71A15F2CA8}.Debug|iPhoneSimulator.Build.0 = Debug|Any CPU
		{A6D9941D-0770-487F-9A76-FE71A15F2CA8}.Debug|x86.ActiveCfg = Debug|Any CPU
		{A6D9941D-0770-487F-9A76-FE71A15F2CA8}.Debug|x86.Build.0 = Debug|Any CPU
		{A6D9941D-0770-487F-9A76-FE71A15F2CA8}.Release|Any CPU.ActiveCfg = Release|Any CPU
		{A6D9941D-0770-487F-9A76-FE71A15F2CA8}.Release|Any CPU.Build.0 = Release|Any CPU
		{A6D9941D-0770-487F-9A76-FE71A15F2CA8}.Release|ARM.ActiveCfg = Release|Any CPU
		{A6D9941D-0770-487F-9A76-FE71A15F2CA8}.Release|ARM.Build.0 = Release|Any CPU
		{A6D9941D-0770-487F-9A76-FE71A15F2CA8}.Release|iPhone.ActiveCfg = Release|Any CPU
		{A6D9941D-0770-487F-9A76-FE71A15F2CA8}.Release|iPhone.Build.0 = Release|Any CPU
		{A6D9941D-0770-487F-9A76-FE71A15F2CA8}.Release|iPhoneSimulator.ActiveCfg = Release|Any CPU
		{A6D9941D-0770-487F-9A76-FE71A15F2CA8}.Release|iPhoneSimulator.Build.0 = Release|Any CPU
		{A6D9941D-0770-487F-9A76-FE71A15F2CA8}.Release|x86.ActiveCfg = Release|Any CPU
		{A6D9941D-0770-487F-9A76-FE71A15F2CA8}.Release|x86.Build.0 = Release|Any CPU
	EndGlobalSection
	GlobalSection(SolutionProperties) = preSolution
		HideSolutionNode = FALSE
	EndGlobalSection
EndGlobal
