
Microsoft Visual Studio Solution File, Format Version 12.00
# Visual Studio 14
VisualStudioVersion = 14.0.23107.0
MinimumVisualStudioVersion = 10.0.40219.1
Project("{FAE04EC0-301F-11D3-BF4B-00C04F79EFBC}") = "XamFormsEfficientNetworking.Droid", "XamFormsEfficientNetworking\XamFormsEfficientNetworking.Droid\XamFormsEfficientNetworking.Droid.csproj", "{04737F4B-00E6-4F31-A237-B9AEC5EAA5FD}"
EndProject
Project("{FAE04EC0-301F-11D3-BF4B-00C04F79EFBC}") = "XamFormsEfficientNetworking.iOS", "XamFormsEfficientNetworking\XamFormsEfficientNetworking.iOS\XamFormsEfficientNetworking.iOS.csproj", "{9098A898-D99C-47BA-B76F-1F2C362AF74C}"
EndProject
Project("{FAE04EC0-301F-11D3-BF4B-00C04F79EFBC}") = "XamFormsEfficientNetworking.WinPhone", "XamFormsEfficientNetworking\XamFormsEfficientNetworking.WinPhone\XamFormsEfficientNetworking.WinPhone.csproj", "{85F58024-132A-4B02-9CB0-9F0F35EA61A9}"
EndProject
Project("{FAE04EC0-301F-11D3-BF4B-00C04F79EFBC}") = "XamFormsEfficientNetworking", "XamFormsEfficientNetworking\XamFormsEfficientNetworking\XamFormsEfficientNetworking.csproj", "{C38616BA-85AB-4ED8-9168-F250C9C79741}"
EndProject
Global
	GlobalSection(SolutionConfigurationPlatforms) = preSolution
		Ad-Hoc|Any CPU = Ad-Hoc|Any CPU
		Ad-Hoc|ARM = Ad-Hoc|ARM
		Ad-Hoc|iPhone = Ad-Hoc|iPhone
		Ad-Hoc|iPhoneSimulator = Ad-Hoc|iPhoneSimulator
		Ad-Hoc|x86 = Ad-Hoc|x86
		AppStore|Any CPU = AppStore|Any CPU
		AppStore|ARM = AppStore|ARM
		AppStore|iPhone = AppStore|iPhone
		AppStore|iPhoneSimulator = AppStore|iPhoneSimulator
		AppStore|x86 = AppStore|x86
		Debug|Any CPU = Debug|Any CPU
		Debug|ARM = Debug|ARM
		Debug|iPhone = Debug|iPhone
		Debug|iPhoneSimulator = Debug|iPhoneSimulator
		Debug|x86 = Debug|x86
		Release|Any CPU = Release|Any CPU
		Release|ARM = Release|ARM
		Release|iPhone = Release|iPhone
		Release|iPhoneSimulator = Release|iPhoneSimulator
		Release|x86 = Release|x86
	EndGlobalSection
	GlobalSection(ProjectConfigurationPlatforms) = postSolution
		{04737F4B-00E6-4F31-A237-B9AEC5EAA5FD}.Ad-Hoc|Any CPU.ActiveCfg = Release|Any CPU
		{04737F4B-00E6-4F31-A237-B9AEC5EAA5FD}.Ad-Hoc|Any CPU.Build.0 = Release|Any CPU
		{04737F4B-00E6-4F31-A237-B9AEC5EAA5FD}.Ad-Hoc|Any CPU.Deploy.0 = Release|Any CPU
		{04737F4B-00E6-4F31-A237-B9AEC5EAA5FD}.Ad-Hoc|ARM.ActiveCfg = Release|Any CPU
		{04737F4B-00E6-4F31-A237-B9AEC5EAA5FD}.Ad-Hoc|ARM.Build.0 = Release|Any CPU
		{04737F4B-00E6-4F31-A237-B9AEC5EAA5FD}.Ad-Hoc|ARM.Deploy.0 = Release|Any CPU
		{04737F4B-00E6-4F31-A237-B9AEC5EAA5FD}.Ad-Hoc|iPhone.ActiveCfg = Release|Any CPU
		{04737F4B-00E6-4F31-A237-B9AEC5EAA5FD}.Ad-Hoc|iPhone.Build.0 = Release|Any CPU
		{04737F4B-00E6-4F31-A237-B9AEC5EAA5FD}.Ad-Hoc|iPhone.Deploy.0 = Release|Any CPU
		{04737F4B-00E6-4F31-A237-B9AEC5EAA5FD}.Ad-Hoc|iPhoneSimulator.ActiveCfg = Release|Any CPU
		{04737F4B-00E6-4F31-A237-B9AEC5EAA5FD}.Ad-Hoc|iPhoneSimulator.Build.0 = Release|Any CPU
		{04737F4B-00E6-4F31-A237-B9AEC5EAA5FD}.Ad-Hoc|iPhoneSimulator.Deploy.0 = Release|Any CPU
		{04737F4B-00E6-4F31-A237-B9AEC5EAA5FD}.Ad-Hoc|x86.ActiveCfg = Release|Any CPU
		{04737F4B-00E6-4F31-A237-B9AEC5EAA5FD}.Ad-Hoc|x86.Build.0 = Release|Any CPU
		{04737F4B-00E6-4F31-A237-B9AEC5EAA5FD}.Ad-Hoc|x86.Deploy.0 = Release|Any CPU
		{04737F4B-00E6-4F31-A237-B9AEC5EAA5FD}.AppStore|Any CPU.ActiveCfg = Release|Any CPU
		{04737F4B-00E6-4F31-A237-B9AEC5EAA5FD}.AppStore|Any CPU.Build.0 = Release|Any CPU
		{04737F4B-00E6-4F31-A237-B9AEC5EAA5FD}.AppStore|Any CPU.Deploy.0 = Release|Any CPU
		{04737F4B-00E6-4F31-A237-B9AEC5EAA5FD}.AppStore|ARM.ActiveCfg = Release|Any CPU
		{04737F4B-00E6-4F31-A237-B9AEC5EAA5FD}.AppStore|ARM.Build.0 = Release|Any CPU
		{04737F4B-00E6-4F31-A237-B9AEC5EAA5FD}.AppStore|ARM.Deploy.0 = Release|Any CPU
		{04737F4B-00E6-4F31-A237-B9AEC5EAA5FD}.AppStore|iPhone.ActiveCfg = Release|Any CPU
		{04737F4B-00E6-4F31-A237-B9AEC5EAA5FD}.AppStore|iPhone.Build.0 = Release|Any CPU
		{04737F4B-00E6-4F31-A237-B9AEC5EAA5FD}.AppStore|iPhone.Deploy.0 = Release|Any CPU
		{04737F4B-00E6-4F31-A237-B9AEC5EAA5FD}.AppStore|iPhoneSimulator.ActiveCfg = Release|Any CPU
		{04737F4B-00E6-4F31-A237-B9AEC5EAA5FD}.AppStore|iPhoneSimulator.Build.0 = Release|Any CPU
		{04737F4B-00E6-4F31-A237-B9AEC5EAA5FD}.AppStore|iPhoneSimulator.Deploy.0 = Release|Any CPU
		{04737F4B-00E6-4F31-A237-B9AEC5EAA5FD}.AppStore|x86.ActiveCfg = Release|Any CPU
		{04737F4B-00E6-4F31-A237-B9AEC5EAA5FD}.AppStore|x86.Build.0 = Release|Any CPU
		{04737F4B-00E6-4F31-A237-B9AEC5EAA5FD}.AppStore|x86.Deploy.0 = Release|Any CPU
		{04737F4B-00E6-4F31-A237-B9AEC5EAA5FD}.Debug|Any CPU.ActiveCfg = Debug|Any CPU
		{04737F4B-00E6-4F31-A237-B9AEC5EAA5FD}.Debug|Any CPU.Build.0 = Debug|Any CPU
		{04737F4B-00E6-4F31-A237-B9AEC5EAA5FD}.Debug|Any CPU.Deploy.0 = Debug|Any CPU
		{04737F4B-00E6-4F31-A237-B9AEC5EAA5FD}.Debug|ARM.ActiveCfg = Debug|Any CPU
		{04737F4B-00E6-4F31-A237-B9AEC5EAA5FD}.Debug|ARM.Build.0 = Debug|Any CPU
		{04737F4B-00E6-4F31-A237-B9AEC5EAA5FD}.Debug|ARM.Deploy.0 = Debug|Any CPU
		{04737F4B-00E6-4F31-A237-B9AEC5EAA5FD}.Debug|iPhone.ActiveCfg = Debug|Any CPU
		{04737F4B-00E6-4F31-A237-B9AEC5EAA5FD}.Debug|iPhone.Build.0 = Debug|Any CPU
		{04737F4B-00E6-4F31-A237-B9AEC5EAA5FD}.Debug|iPhone.Deploy.0 = Debug|Any CPU
		{04737F4B-00E6-4F31-A237-B9AEC5EAA5FD}.Debug|iPhoneSimulator.ActiveCfg = Debug|Any CPU
		{04737F4B-00E6-4F31-A237-B9AEC5EAA5FD}.Debug|iPhoneSimulator.Build.0 = Debug|Any CPU
		{04737F4B-00E6-4F31-A237-B9AEC5EAA5FD}.Debug|iPhoneSimulator.Deploy.0 = Debug|Any CPU
		{04737F4B-00E6-4F31-A237-B9AEC5EAA5FD}.Debug|x86.ActiveCfg = Debug|Any CPU
		{04737F4B-00E6-4F31-A237-B9AEC5EAA5FD}.Debug|x86.Build.0 = Debug|Any CPU
		{04737F4B-00E6-4F31-A237-B9AEC5EAA5FD}.Debug|x86.Deploy.0 = Debug|Any CPU
		{04737F4B-00E6-4F31-A237-B9AEC5EAA5FD}.Release|Any CPU.ActiveCfg = Release|Any CPU
		{04737F4B-00E6-4F31-A237-B9AEC5EAA5FD}.Release|Any CPU.Build.0 = Release|Any CPU
		{04737F4B-00E6-4F31-A237-B9AEC5EAA5FD}.Release|Any CPU.Deploy.0 = Release|Any CPU
		{04737F4B-00E6-4F31-A237-B9AEC5EAA5FD}.Release|ARM.ActiveCfg = Release|Any CPU
		{04737F4B-00E6-4F31-A237-B9AEC5EAA5FD}.Release|ARM.Build.0 = Release|Any CPU
		{04737F4B-00E6-4F31-A237-B9AEC5EAA5FD}.Release|ARM.Deploy.0 = Release|Any CPU
		{04737F4B-00E6-4F31-A237-B9AEC5EAA5FD}.Release|iPhone.ActiveCfg = Release|Any CPU
		{04737F4B-00E6-4F31-A237-B9AEC5EAA5FD}.Release|iPhone.Build.0 = Release|Any CPU
		{04737F4B-00E6-4F31-A237-B9AEC5EAA5FD}.Release|iPhone.Deploy.0 = Release|Any CPU
		{04737F4B-00E6-4F31-A237-B9AEC5EAA5FD}.Release|iPhoneSimulator.ActiveCfg = Release|Any CPU
		{04737F4B-00E6-4F31-A237-B9AEC5EAA5FD}.Release|iPhoneSimulator.Build.0 = Release|Any CPU
		{04737F4B-00E6-4F31-A237-B9AEC5EAA5FD}.Release|iPhoneSimulator.Deploy.0 = Release|Any CPU
		{04737F4B-00E6-4F31-A237-B9AEC5EAA5FD}.Release|x86.ActiveCfg = Release|Any CPU
		{04737F4B-00E6-4F31-A237-B9AEC5EAA5FD}.Release|x86.Build.0 = Release|Any CPU
		{04737F4B-00E6-4F31-A237-B9AEC5EAA5FD}.Release|x86.Deploy.0 = Release|Any CPU
		{9098A898-D99C-47BA-B76F-1F2C362AF74C}.Ad-Hoc|Any CPU.ActiveCfg = Ad-Hoc|iPhone
		{9098A898-D99C-47BA-B76F-1F2C362AF74C}.Ad-Hoc|ARM.ActiveCfg = Ad-Hoc|iPhone
		{9098A898-D99C-47BA-B76F-1F2C362AF74C}.Ad-Hoc|iPhone.ActiveCfg = Ad-Hoc|iPhone
		{9098A898-D99C-47BA-B76F-1F2C362AF74C}.Ad-Hoc|iPhone.Build.0 = Ad-Hoc|iPhone
		{9098A898-D99C-47BA-B76F-1F2C362AF74C}.Ad-Hoc|iPhoneSimulator.ActiveCfg = Ad-Hoc|iPhoneSimulator
		{9098A898-D99C-47BA-B76F-1F2C362AF74C}.Ad-Hoc|iPhoneSimulator.Build.0 = Ad-Hoc|iPhoneSimulator
		{9098A898-D99C-47BA-B76F-1F2C362AF74C}.Ad-Hoc|x86.ActiveCfg = Ad-Hoc|iPhone
		{9098A898-D99C-47BA-B76F-1F2C362AF74C}.AppStore|Any CPU.ActiveCfg = AppStore|iPhone
		{9098A898-D99C-47BA-B76F-1F2C362AF74C}.AppStore|ARM.ActiveCfg = AppStore|iPhone
		{9098A898-D99C-47BA-B76F-1F2C362AF74C}.AppStore|iPhone.ActiveCfg = AppStore|iPhone
		{9098A898-D99C-47BA-B76F-1F2C362AF74C}.AppStore|iPhone.Build.0 = AppStore|iPhone
		{9098A898-D99C-47BA-B76F-1F2C362AF74C}.AppStore|iPhoneSimulator.ActiveCfg = AppStore|iPhoneSimulator
		{9098A898-D99C-47BA-B76F-1F2C362AF74C}.AppStore|iPhoneSimulator.Build.0 = AppStore|iPhoneSimulator
		{9098A898-D99C-47BA-B76F-1F2C362AF74C}.AppStore|x86.ActiveCfg = AppStore|iPhone
		{9098A898-D99C-47BA-B76F-1F2C362AF74C}.Debug|Any CPU.ActiveCfg = Debug|iPhone
		{9098A898-D99C-47BA-B76F-1F2C362AF74C}.Debug|ARM.ActiveCfg = Debug|iPhone
		{9098A898-D99C-47BA-B76F-1F2C362AF74C}.Debug|iPhone.ActiveCfg = Debug|iPhone
		{9098A898-D99C-47BA-B76F-1F2C362AF74C}.Debug|iPhone.Build.0 = Debug|iPhone
		{9098A898-D99C-47BA-B76F-1F2C362AF74C}.Debug|iPhoneSimulator.ActiveCfg = Debug|iPhoneSimulator
		{9098A898-D99C-47BA-B76F-1F2C362AF74C}.Debug|iPhoneSimulator.Build.0 = Debug|iPhoneSimulator
		{9098A898-D99C-47BA-B76F-1F2C362AF74C}.Debug|x86.ActiveCfg = Debug|iPhone
		{9098A898-D99C-47BA-B76F-1F2C362AF74C}.Release|Any CPU.ActiveCfg = Release|iPhone
		{9098A898-D99C-47BA-B76F-1F2C362AF74C}.Release|ARM.ActiveCfg = Release|iPhone
		{9098A898-D99C-47BA-B76F-1F2C362AF74C}.Release|iPhone.ActiveCfg = Release|iPhone
		{9098A898-D99C-47BA-B76F-1F2C362AF74C}.Release|iPhone.Build.0 = Release|iPhone
		{9098A898-D99C-47BA-B76F-1F2C362AF74C}.Release|iPhoneSimulator.ActiveCfg = Release|iPhoneSimulator
		{9098A898-D99C-47BA-B76F-1F2C362AF74C}.Release|iPhoneSimulator.Build.0 = Release|iPhoneSimulator
		{9098A898-D99C-47BA-B76F-1F2C362AF74C}.Release|x86.ActiveCfg = Release|iPhone
		{85F58024-132A-4B02-9CB0-9F0F35EA61A9}.Ad-Hoc|Any CPU.ActiveCfg = Release|Any CPU
		{85F58024-132A-4B02-9CB0-9F0F35EA61A9}.Ad-Hoc|Any CPU.Build.0 = Release|Any CPU
		{85F58024-132A-4B02-9CB0-9F0F35EA61A9}.Ad-Hoc|Any CPU.Deploy.0 = Release|Any CPU
		{85F58024-132A-4B02-9CB0-9F0F35EA61A9}.Ad-Hoc|ARM.ActiveCfg = Release|ARM
		{85F58024-132A-4B02-9CB0-9F0F35EA61A9}.Ad-Hoc|ARM.Build.0 = Release|ARM
		{85F58024-132A-4B02-9CB0-9F0F35EA61A9}.Ad-Hoc|ARM.Deploy.0 = Release|ARM
		{85F58024-132A-4B02-9CB0-9F0F35EA61A9}.Ad-Hoc|iPhone.ActiveCfg = Release|Any CPU
		{85F58024-132A-4B02-9CB0-9F0F35EA61A9}.Ad-Hoc|iPhone.Build.0 = Release|Any CPU
		{85F58024-132A-4B02-9CB0-9F0F35EA61A9}.Ad-Hoc|iPhone.Deploy.0 = Release|Any CPU
		{85F58024-132A-4B02-9CB0-9F0F35EA61A9}.Ad-Hoc|iPhoneSimulator.ActiveCfg = Release|Any CPU
		{85F58024-132A-4B02-9CB0-9F0F35EA61A9}.Ad-Hoc|iPhoneSimulator.Build.0 = Release|Any CPU
		{85F58024-132A-4B02-9CB0-9F0F35EA61A9}.Ad-Hoc|iPhoneSimulator.Deploy.0 = Release|Any CPU
		{85F58024-132A-4B02-9CB0-9F0F35EA61A9}.Ad-Hoc|x86.ActiveCfg = Release|x86
		{85F58024-132A-4B02-9CB0-9F0F35EA61A9}.Ad-Hoc|x86.Build.0 = Release|x86
		{85F58024-132A-4B02-9CB0-9F0F35EA61A9}.Ad-Hoc|x86.Deploy.0 = Release|x86
		{85F58024-132A-4B02-9CB0-9F0F35EA61A9}.AppStore|Any CPU.ActiveCfg = Release|Any CPU
		{85F58024-132A-4B02-9CB0-9F0F35EA61A9}.AppStore|Any CPU.Build.0 = Release|Any CPU
		{85F58024-132A-4B02-9CB0-9F0F35EA61A9}.AppStore|Any CPU.Deploy.0 = Release|Any CPU
		{85F58024-132A-4B02-9CB0-9F0F35EA61A9}.AppStore|ARM.ActiveCfg = Release|ARM
		{85F58024-132A-4B02-9CB0-9F0F35EA61A9}.AppStore|ARM.Build.0 = Release|ARM
		{85F58024-132A-4B02-9CB0-9F0F35EA61A9}.AppStore|ARM.Deploy.0 = Release|ARM
		{85F58024-132A-4B02-9CB0-9F0F35EA61A9}.AppStore|iPhone.ActiveCfg = Release|Any CPU
		{85F58024-132A-4B02-9CB0-9F0F35EA61A9}.AppStore|iPhone.Build.0 = Release|Any CPU
		{85F58024-132A-4B02-9CB0-9F0F35EA61A9}.AppStore|iPhone.Deploy.0 = Release|Any CPU
		{85F58024-132A-4B02-9CB0-9F0F35EA61A9}.AppStore|iPhoneSimulator.ActiveCfg = Release|Any CPU
		{85F58024-132A-4B02-9CB0-9F0F35EA61A9}.AppStore|iPhoneSimulator.Build.0 = Release|Any CPU
		{85F58024-132A-4B02-9CB0-9F0F35EA61A9}.AppStore|iPhoneSimulator.Deploy.0 = Release|Any CPU
		{85F58024-132A-4B02-9CB0-9F0F35EA61A9}.AppStore|x86.ActiveCfg = Release|x86
		{85F58024-132A-4B02-9CB0-9F0F35EA61A9}.AppStore|x86.Build.0 = Release|x86
		{85F58024-132A-4B02-9CB0-9F0F35EA61A9}.AppStore|x86.Deploy.0 = Release|x86
		{85F58024-132A-4B02-9CB0-9F0F35EA61A9}.Debug|Any CPU.ActiveCfg = Debug|Any CPU
		{85F58024-132A-4B02-9CB0-9F0F35EA61A9}.Debug|Any CPU.Build.0 = Debug|Any CPU
		{85F58024-132A-4B02-9CB0-9F0F35EA61A9}.Debug|Any CPU.Deploy.0 = Debug|Any CPU
		{85F58024-132A-4B02-9CB0-9F0F35EA61A9}.Debug|ARM.ActiveCfg = Debug|ARM
		{85F58024-132A-4B02-9CB0-9F0F35EA61A9}.Debug|ARM.Build.0 = Debug|ARM
		{85F58024-132A-4B02-9CB0-9F0F35EA61A9}.Debug|ARM.Deploy.0 = Debug|ARM
		{85F58024-132A-4B02-9CB0-9F0F35EA61A9}.Debug|iPhone.ActiveCfg = Debug|Any CPU
		{85F58024-132A-4B02-9CB0-9F0F35EA61A9}.Debug|iPhone.Build.0 = Debug|Any CPU
		{85F58024-132A-4B02-9CB0-9F0F35EA61A9}.Debug|iPhone.Deploy.0 = Debug|Any CPU
		{85F58024-132A-4B02-9CB0-9F0F35EA61A9}.Debug|iPhoneSimulator.ActiveCfg = Debug|Any CPU
		{85F58024-132A-4B02-9CB0-9F0F35EA61A9}.Debug|iPhoneSimulator.Build.0 = Debug|Any CPU
		{85F58024-132A-4B02-9CB0-9F0F35EA61A9}.Debug|iPhoneSimulator.Deploy.0 = Debug|Any CPU
		{85F58024-132A-4B02-9CB0-9F0F35EA61A9}.Debug|x86.ActiveCfg = Debug|x86
		{85F58024-132A-4B02-9CB0-9F0F35EA61A9}.Debug|x86.Build.0 = Debug|x86
		{85F58024-132A-4B02-9CB0-9F0F35EA61A9}.Debug|x86.Deploy.0 = Debug|x86
		{85F58024-132A-4B02-9CB0-9F0F35EA61A9}.Release|Any CPU.ActiveCfg = Release|Any CPU
		{85F58024-132A-4B02-9CB0-9F0F35EA61A9}.Release|Any CPU.Build.0 = Release|Any CPU
		{85F58024-132A-4B02-9CB0-9F0F35EA61A9}.Release|Any CPU.Deploy.0 = Release|Any CPU
		{85F58024-132A-4B02-9CB0-9F0F35EA61A9}.Release|ARM.ActiveCfg = Release|ARM
		{85F58024-132A-4B02-9CB0-9F0F35EA61A9}.Release|ARM.Build.0 = Release|ARM
		{85F58024-132A-4B02-9CB0-9F0F35EA61A9}.Release|ARM.Deploy.0 = Release|ARM
		{85F58024-132A-4B02-9CB0-9F0F35EA61A9}.Release|iPhone.ActiveCfg = Release|Any CPU
		{85F58024-132A-4B02-9CB0-9F0F35EA61A9}.Release|iPhone.Build.0 = Release|Any CPU
		{85F58024-132A-4B02-9CB0-9F0F35EA61A9}.Release|iPhone.Deploy.0 = Release|Any CPU
		{85F58024-132A-4B02-9CB0-9F0F35EA61A9}.Release|iPhoneSimulator.ActiveCfg = Release|Any CPU
		{85F58024-132A-4B02-9CB0-9F0F35EA61A9}.Release|iPhoneSimulator.Build.0 = Release|Any CPU
		{85F58024-132A-4B02-9CB0-9F0F35EA61A9}.Release|iPhoneSimulator.Deploy.0 = Release|Any CPU
		{85F58024-132A-4B02-9CB0-9F0F35EA61A9}.Release|x86.ActiveCfg = Release|x86
		{85F58024-132A-4B02-9CB0-9F0F35EA61A9}.Release|x86.Build.0 = Release|x86
		{85F58024-132A-4B02-9CB0-9F0F35EA61A9}.Release|x86.Deploy.0 = Release|x86
		{C38616BA-85AB-4ED8-9168-F250C9C79741}.Ad-Hoc|Any CPU.ActiveCfg = Release|Any CPU
		{C38616BA-85AB-4ED8-9168-F250C9C79741}.Ad-Hoc|Any CPU.Build.0 = Release|Any CPU
		{C38616BA-85AB-4ED8-9168-F250C9C79741}.Ad-Hoc|ARM.ActiveCfg = Release|Any CPU
		{C38616BA-85AB-4ED8-9168-F250C9C79741}.Ad-Hoc|ARM.Build.0 = Release|Any CPU
		{C38616BA-85AB-4ED8-9168-F250C9C79741}.Ad-Hoc|iPhone.ActiveCfg = Release|Any CPU
		{C38616BA-85AB-4ED8-9168-F250C9C79741}.Ad-Hoc|iPhone.Build.0 = Release|Any CPU
		{C38616BA-85AB-4ED8-9168-F250C9C79741}.Ad-Hoc|iPhoneSimulator.ActiveCfg = Release|Any CPU
		{C38616BA-85AB-4ED8-9168-F250C9C79741}.Ad-Hoc|iPhoneSimulator.Build.0 = Release|Any CPU
		{C38616BA-85AB-4ED8-9168-F250C9C79741}.Ad-Hoc|x86.ActiveCfg = Release|Any CPU
		{C38616BA-85AB-4ED8-9168-F250C9C79741}.Ad-Hoc|x86.Build.0 = Release|Any CPU
		{C38616BA-85AB-4ED8-9168-F250C9C79741}.AppStore|Any CPU.ActiveCfg = Release|Any CPU
		{C38616BA-85AB-4ED8-9168-F250C9C79741}.AppStore|Any CPU.Build.0 = Release|Any CPU
		{C38616BA-85AB-4ED8-9168-F250C9C79741}.AppStore|ARM.ActiveCfg = Release|Any CPU
		{C38616BA-85AB-4ED8-9168-F250C9C79741}.AppStore|ARM.Build.0 = Release|Any CPU
		{C38616BA-85AB-4ED8-9168-F250C9C79741}.AppStore|iPhone.ActiveCfg = Release|Any CPU
		{C38616BA-85AB-4ED8-9168-F250C9C79741}.AppStore|iPhone.Build.0 = Release|Any CPU
		{C38616BA-85AB-4ED8-9168-F250C9C79741}.AppStore|iPhoneSimulator.ActiveCfg = Release|Any CPU
		{C38616BA-85AB-4ED8-9168-F250C9C79741}.AppStore|iPhoneSimulator.Build.0 = Release|Any CPU
		{C38616BA-85AB-4ED8-9168-F250C9C79741}.AppStore|x86.ActiveCfg = Release|Any CPU
		{C38616BA-85AB-4ED8-9168-F250C9C79741}.AppStore|x86.Build.0 = Release|Any CPU
		{C38616BA-85AB-4ED8-9168-F250C9C79741}.Debug|Any CPU.ActiveCfg = Debug|Any CPU
		{C38616BA-85AB-4ED8-9168-F250C9C79741}.Debug|Any CPU.Build.0 = Debug|Any CPU
		{C38616BA-85AB-4ED8-9168-F250C9C79741}.Debug|ARM.ActiveCfg = Debug|Any CPU
		{C38616BA-85AB-4ED8-9168-F250C9C79741}.Debug|ARM.Build.0 = Debug|Any CPU
		{C38616BA-85AB-4ED8-9168-F250C9C79741}.Debug|iPhone.ActiveCfg = Debug|Any CPU
		{C38616BA-85AB-4ED8-9168-F250C9C79741}.Debug|iPhone.Build.0 = Debug|Any CPU
		{C38616BA-85AB-4ED8-9168-F250C9C79741}.Debug|iPhoneSimulator.ActiveCfg = Debug|Any CPU
		{C38616BA-85AB-4ED8-9168-F250C9C79741}.Debug|iPhoneSimulator.Build.0 = Debug|Any CPU
		{C38616BA-85AB-4ED8-9168-F250C9C79741}.Debug|x86.ActiveCfg = Debug|Any CPU
		{C38616BA-85AB-4ED8-9168-F250C9C79741}.Debug|x86.Build.0 = Debug|Any CPU
		{C38616BA-85AB-4ED8-9168-F250C9C79741}.Release|Any CPU.ActiveCfg = Release|Any CPU
		{C38616BA-85AB-4ED8-9168-F250C9C79741}.Release|Any CPU.Build.0 = Release|Any CPU
		{C38616BA-85AB-4ED8-9168-F250C9C79741}.Release|ARM.ActiveCfg = Release|Any CPU
		{C38616BA-85AB-4ED8-9168-F250C9C79741}.Release|ARM.Build.0 = Release|Any CPU
		{C38616BA-85AB-4ED8-9168-F250C9C79741}.Release|iPhone.ActiveCfg = Release|Any CPU
		{C38616BA-85AB-4ED8-9168-F250C9C79741}.Release|iPhone.Build.0 = Release|Any CPU
		{C38616BA-85AB-4ED8-9168-F250C9C79741}.Release|iPhoneSimulator.ActiveCfg = Release|Any CPU
		{C38616BA-85AB-4ED8-9168-F250C9C79741}.Release|iPhoneSimulator.Build.0 = Release|Any CPU
		{C38616BA-85AB-4ED8-9168-F250C9C79741}.Release|x86.ActiveCfg = Release|Any CPU
		{C38616BA-85AB-4ED8-9168-F250C9C79741}.Release|x86.Build.0 = Release|Any CPU
	EndGlobalSection
	GlobalSection(SolutionProperties) = preSolution
		HideSolutionNode = FALSE
	EndGlobalSection
EndGlobal
