
Microsoft Visual Studio Solution File, Format Version 12.00
# Visual Studio 2013
VisualStudioVersion = 12.0.40629.0
MinimumVisualStudioVersion = 10.0.40219.1
Project("{FAE04EC0-301F-11D3-BF4B-00C04F79EFBC}") = "Xamarin.Master.Fibonacci.Core", "Xamarin.Master.Fibonacci.Core\Xamarin.Master.Fibonacci.Core.csproj", "{26DE857A-3200-45E4-96F9-2F1A725723A8}"
EndProject
Project("{FAE04EC0-301F-11D3-BF4B-00C04F79EFBC}") = "Xamarin.Master.Fibonacci.Android", "Xamarin.Master.Fibonacci.Android\Xamarin.Master.Fibonacci.Android.csproj", "{98D0BEC7-94BD-4B77-9D24-C4FE44E00D7C}"
EndProject
Project("{2150E333-8FDC-42A3-9474-1A3956D46DE8}") = "Common", "Common", "{E53D1244-3EAD-4D09-B518-4F9074082603}"
EndProject
Project("{FAE04EC0-301F-11D3-BF4B-00C04F79EFBC}") = "Xamarin.Master.Fibonacci.iOS", "Xamarin.Master.Fibonacci.iOS\Xamarin.Master.Fibonacci.iOS.csproj", "{FB7B5154-0453-48F6-9F98-B137EE109ABE}"
EndProject
Global
	GlobalSection(SolutionConfigurationPlatforms) = preSolution
		Ad-Hoc|Any CPU = Ad-Hoc|Any CPU
		Ad-Hoc|iPhone = Ad-Hoc|iPhone
		Ad-Hoc|iPhoneSimulator = Ad-Hoc|iPhoneSimulator
		Ad-Hoc|Mixed Platforms = Ad-Hoc|Mixed Platforms
		AppStore|Any CPU = AppStore|Any CPU
		AppStore|iPhone = AppStore|iPhone
		AppStore|iPhoneSimulator = AppStore|iPhoneSimulator
		AppStore|Mixed Platforms = AppStore|Mixed Platforms
		Debug|Any CPU = Debug|Any CPU
		Debug|iPhone = Debug|iPhone
		Debug|iPhoneSimulator = Debug|iPhoneSimulator
		Debug|Mixed Platforms = Debug|Mixed Platforms
		Release|Any CPU = Release|Any CPU
		Release|iPhone = Release|iPhone
		Release|iPhoneSimulator = Release|iPhoneSimulator
		Release|Mixed Platforms = Release|Mixed Platforms
	EndGlobalSection
	GlobalSection(ProjectConfigurationPlatforms) = postSolution
		{26DE857A-3200-45E4-96F9-2F1A725723A8}.Ad-Hoc|Any CPU.ActiveCfg = Release|Any CPU
		{26DE857A-3200-45E4-96F9-2F1A725723A8}.Ad-Hoc|Any CPU.Build.0 = Release|Any CPU
		{26DE857A-3200-45E4-96F9-2F1A725723A8}.Ad-Hoc|iPhone.ActiveCfg = Release|Any CPU
		{26DE857A-3200-45E4-96F9-2F1A725723A8}.Ad-Hoc|iPhoneSimulator.ActiveCfg = Release|Any CPU
		{26DE857A-3200-45E4-96F9-2F1A725723A8}.Ad-Hoc|Mixed Platforms.ActiveCfg = Release|Any CPU
		{26DE857A-3200-45E4-96F9-2F1A725723A8}.Ad-Hoc|Mixed Platforms.Build.0 = Release|Any CPU
		{26DE857A-3200-45E4-96F9-2F1A725723A8}.AppStore|Any CPU.ActiveCfg = Release|Any CPU
		{26DE857A-3200-45E4-96F9-2F1A725723A8}.AppStore|Any CPU.Build.0 = Release|Any CPU
		{26DE857A-3200-45E4-96F9-2F1A725723A8}.AppStore|iPhone.ActiveCfg = Release|Any CPU
		{26DE857A-3200-45E4-96F9-2F1A725723A8}.AppStore|iPhoneSimulator.ActiveCfg = Release|Any CPU
		{26DE857A-3200-45E4-96F9-2F1A725723A8}.AppStore|Mixed Platforms.ActiveCfg = Release|Any CPU
		{26DE857A-3200-45E4-96F9-2F1A725723A8}.AppStore|Mixed Platforms.Build.0 = Release|Any CPU
		{26DE857A-3200-45E4-96F9-2F1A725723A8}.Debug|Any CPU.ActiveCfg = Debug|Any CPU
		{26DE857A-3200-45E4-96F9-2F1A725723A8}.Debug|Any CPU.Build.0 = Debug|Any CPU
		{26DE857A-3200-45E4-96F9-2F1A725723A8}.Debug|iPhone.ActiveCfg = Debug|Any CPU
		{26DE857A-3200-45E4-96F9-2F1A725723A8}.Debug|iPhoneSimulator.ActiveCfg = Debug|Any CPU
		{26DE857A-3200-45E4-96F9-2F1A725723A8}.Debug|iPhoneSimulator.Build.0 = Debug|Any CPU
		{26DE857A-3200-45E4-96F9-2F1A725723A8}.Debug|Mixed Platforms.ActiveCfg = Debug|Any CPU
		{26DE857A-3200-45E4-96F9-2F1A725723A8}.Debug|Mixed Platforms.Build.0 = Debug|Any CPU
		{26DE857A-3200-45E4-96F9-2F1A725723A8}.Release|Any CPU.ActiveCfg = Release|Any CPU
		{26DE857A-3200-45E4-96F9-2F1A725723A8}.Release|Any CPU.Build.0 = Release|Any CPU
		{26DE857A-3200-45E4-96F9-2F1A725723A8}.Release|iPhone.ActiveCfg = Release|Any CPU
		{26DE857A-3200-45E4-96F9-2F1A725723A8}.Release|iPhoneSimulator.ActiveCfg = Release|Any CPU
		{26DE857A-3200-45E4-96F9-2F1A725723A8}.Release|Mixed Platforms.ActiveCfg = Release|Any CPU
		{26DE857A-3200-45E4-96F9-2F1A725723A8}.Release|Mixed Platforms.Build.0 = Release|Any CPU
		{98D0BEC7-94BD-4B77-9D24-C4FE44E00D7C}.Ad-Hoc|Any CPU.ActiveCfg = Release|Any CPU
		{98D0BEC7-94BD-4B77-9D24-C4FE44E00D7C}.Ad-Hoc|Any CPU.Build.0 = Release|Any CPU
		{98D0BEC7-94BD-4B77-9D24-C4FE44E00D7C}.Ad-Hoc|Any CPU.Deploy.0 = Release|Any CPU
		{98D0BEC7-94BD-4B77-9D24-C4FE44E00D7C}.Ad-Hoc|iPhone.ActiveCfg = Release|Any CPU
		{98D0BEC7-94BD-4B77-9D24-C4FE44E00D7C}.Ad-Hoc|iPhoneSimulator.ActiveCfg = Release|Any CPU
		{98D0BEC7-94BD-4B77-9D24-C4FE44E00D7C}.Ad-Hoc|Mixed Platforms.ActiveCfg = Release|Any CPU
		{98D0BEC7-94BD-4B77-9D24-C4FE44E00D7C}.Ad-Hoc|Mixed Platforms.Build.0 = Release|Any CPU
		{98D0BEC7-94BD-4B77-9D24-C4FE44E00D7C}.Ad-Hoc|Mixed Platforms.Deploy.0 = Release|Any CPU
		{98D0BEC7-94BD-4B77-9D24-C4FE44E00D7C}.AppStore|Any CPU.ActiveCfg = Release|Any CPU
		{98D0BEC7-94BD-4B77-9D24-C4FE44E00D7C}.AppStore|Any CPU.Build.0 = Release|Any CPU
		{98D0BEC7-94BD-4B77-9D24-C4FE44E00D7C}.AppStore|Any CPU.Deploy.0 = Release|Any CPU
		{98D0BEC7-94BD-4B77-9D24-C4FE44E00D7C}.AppStore|iPhone.ActiveCfg = Release|Any CPU
		{98D0BEC7-94BD-4B77-9D24-C4FE44E00D7C}.AppStore|iPhoneSimulator.ActiveCfg = Release|Any CPU
		{98D0BEC7-94BD-4B77-9D24-C4FE44E00D7C}.AppStore|Mixed Platforms.ActiveCfg = Release|Any CPU
		{98D0BEC7-94BD-4B77-9D24-C4FE44E00D7C}.AppStore|Mixed Platforms.Build.0 = Release|Any CPU
		{98D0BEC7-94BD-4B77-9D24-C4FE44E00D7C}.AppStore|Mixed Platforms.Deploy.0 = Release|Any CPU
		{98D0BEC7-94BD-4B77-9D24-C4FE44E00D7C}.Debug|Any CPU.ActiveCfg = Debug|Any CPU
		{98D0BEC7-94BD-4B77-9D24-C4FE44E00D7C}.Debug|Any CPU.Build.0 = Debug|Any CPU
		{98D0BEC7-94BD-4B77-9D24-C4FE44E00D7C}.Debug|Any CPU.Deploy.0 = Debug|Any CPU
		{98D0BEC7-94BD-4B77-9D24-C4FE44E00D7C}.Debug|iPhone.ActiveCfg = Debug|Any CPU
		{98D0BEC7-94BD-4B77-9D24-C4FE44E00D7C}.Debug|iPhoneSimulator.ActiveCfg = Debug|Any CPU
		{98D0BEC7-94BD-4B77-9D24-C4FE44E00D7C}.Debug|Mixed Platforms.ActiveCfg = Debug|Any CPU
		{98D0BEC7-94BD-4B77-9D24-C4FE44E00D7C}.Debug|Mixed Platforms.Build.0 = Debug|Any CPU
		{98D0BEC7-94BD-4B77-9D24-C4FE44E00D7C}.Debug|Mixed Platforms.Deploy.0 = Debug|Any CPU
		{98D0BEC7-94BD-4B77-9D24-C4FE44E00D7C}.Release|Any CPU.ActiveCfg = Release|Any CPU
		{98D0BEC7-94BD-4B77-9D24-C4FE44E00D7C}.Release|Any CPU.Build.0 = Release|Any CPU
		{98D0BEC7-94BD-4B77-9D24-C4FE44E00D7C}.Release|Any CPU.Deploy.0 = Release|Any CPU
		{98D0BEC7-94BD-4B77-9D24-C4FE44E00D7C}.Release|iPhone.ActiveCfg = Release|Any CPU
		{98D0BEC7-94BD-4B77-9D24-C4FE44E00D7C}.Release|iPhoneSimulator.ActiveCfg = Release|Any CPU
		{98D0BEC7-94BD-4B77-9D24-C4FE44E00D7C}.Release|Mixed Platforms.ActiveCfg = Release|Any CPU
		{98D0BEC7-94BD-4B77-9D24-C4FE44E00D7C}.Release|Mixed Platforms.Build.0 = Release|Any CPU
		{98D0BEC7-94BD-4B77-9D24-C4FE44E00D7C}.Release|Mixed Platforms.Deploy.0 = Release|Any CPU
		{FB7B5154-0453-48F6-9F98-B137EE109ABE}.Ad-Hoc|Any CPU.ActiveCfg = Ad-Hoc|iPhone
		{FB7B5154-0453-48F6-9F98-B137EE109ABE}.Ad-Hoc|iPhone.ActiveCfg = Ad-Hoc|iPhone
		{FB7B5154-0453-48F6-9F98-B137EE109ABE}.Ad-Hoc|iPhone.Build.0 = Ad-Hoc|iPhone
		{FB7B5154-0453-48F6-9F98-B137EE109ABE}.Ad-Hoc|iPhoneSimulator.ActiveCfg = Ad-Hoc|iPhoneSimulator
		{FB7B5154-0453-48F6-9F98-B137EE109ABE}.Ad-Hoc|iPhoneSimulator.Build.0 = Ad-Hoc|iPhoneSimulator
		{FB7B5154-0453-48F6-9F98-B137EE109ABE}.Ad-Hoc|Mixed Platforms.ActiveCfg = Ad-Hoc|iPhone
		{FB7B5154-0453-48F6-9F98-B137EE109ABE}.Ad-Hoc|Mixed Platforms.Build.0 = Ad-Hoc|iPhone
		{FB7B5154-0453-48F6-9F98-B137EE109ABE}.AppStore|Any CPU.ActiveCfg = AppStore|iPhone
		{FB7B5154-0453-48F6-9F98-B137EE109ABE}.AppStore|iPhone.ActiveCfg = AppStore|iPhone
		{FB7B5154-0453-48F6-9F98-B137EE109ABE}.AppStore|iPhone.Build.0 = AppStore|iPhone
		{FB7B5154-0453-48F6-9F98-B137EE109ABE}.AppStore|iPhoneSimulator.ActiveCfg = AppStore|iPhoneSimulator
		{FB7B5154-0453-48F6-9F98-B137EE109ABE}.AppStore|iPhoneSimulator.Build.0 = AppStore|iPhoneSimulator
		{FB7B5154-0453-48F6-9F98-B137EE109ABE}.AppStore|Mixed Platforms.ActiveCfg = AppStore|iPhone
		{FB7B5154-0453-48F6-9F98-B137EE109ABE}.AppStore|Mixed Platforms.Build.0 = AppStore|iPhone
		{FB7B5154-0453-48F6-9F98-B137EE109ABE}.Debug|Any CPU.ActiveCfg = Debug|iPhone
		{FB7B5154-0453-48F6-9F98-B137EE109ABE}.Debug|iPhone.ActiveCfg = Debug|iPhone
		{FB7B5154-0453-48F6-9F98-B137EE109ABE}.Debug|iPhone.Build.0 = Debug|iPhone
		{FB7B5154-0453-48F6-9F98-B137EE109ABE}.Debug|iPhoneSimulator.ActiveCfg = Debug|iPhoneSimulator
		{FB7B5154-0453-48F6-9F98-B137EE109ABE}.Debug|iPhoneSimulator.Build.0 = Debug|iPhoneSimulator
		{FB7B5154-0453-48F6-9F98-B137EE109ABE}.Debug|Mixed Platforms.ActiveCfg = Debug|iPhone
		{FB7B5154-0453-48F6-9F98-B137EE109ABE}.Debug|Mixed Platforms.Build.0 = Debug|iPhone
		{FB7B5154-0453-48F6-9F98-B137EE109ABE}.Release|Any CPU.ActiveCfg = Release|iPhone
		{FB7B5154-0453-48F6-9F98-B137EE109ABE}.Release|iPhone.ActiveCfg = Release|iPhone
		{FB7B5154-0453-48F6-9F98-B137EE109ABE}.Release|iPhone.Build.0 = Release|iPhone
		{FB7B5154-0453-48F6-9F98-B137EE109ABE}.Release|iPhoneSimulator.ActiveCfg = Release|iPhoneSimulator
		{FB7B5154-0453-48F6-9F98-B137EE109ABE}.Release|iPhoneSimulator.Build.0 = Release|iPhoneSimulator
		{FB7B5154-0453-48F6-9F98-B137EE109ABE}.Release|Mixed Platforms.ActiveCfg = Release|iPhone
		{FB7B5154-0453-48F6-9F98-B137EE109ABE}.Release|Mixed Platforms.Build.0 = Release|iPhone
	EndGlobalSection
	GlobalSection(SolutionProperties) = preSolution
		HideSolutionNode = FALSE
	EndGlobalSection
	GlobalSection(NestedProjects) = preSolution
		{26DE857A-3200-45E4-96F9-2F1A725723A8} = {E53D1244-3EAD-4D09-B518-4F9074082603}
	EndGlobalSection
EndGlobal
