
Microsoft Visual Studio Solution File, Format Version 12.00
# Visual Studio 14
VisualStudioVersion = 14.0.23107.0
MinimumVisualStudioVersion = 10.0.40219.1
Project("{FAE04EC0-301F-11D3-BF4B-00C04F79EFBC}") = "XamFormsMessagingCenter.Droid", "XamFormsMessagingCenter\XamFormsMessagingCenter.Droid\XamFormsMessagingCenter.Droid.csproj", "{4DE93249-30A8-412D-9A02-E30F0E4869CA}"
EndProject
Project("{FAE04EC0-301F-11D3-BF4B-00C04F79EFBC}") = "XamFormsMessagingCenter.iOS", "XamFormsMessagingCenter\XamFormsMessagingCenter.iOS\XamFormsMessagingCenter.iOS.csproj", "{F7C81717-1431-4A7E-8DB0-B28F51D6B799}"
EndProject
Project("{FAE04EC0-301F-11D3-BF4B-00C04F79EFBC}") = "XamFormsMessagingCenter.WinPhone", "XamFormsMessagingCenter\XamFormsMessagingCenter.WinPhone\XamFormsMessagingCenter.WinPhone.csproj", "{2F69924F-A5C7-4A4D-B02E-9A528A3DA337}"
EndProject
Project("{FAE04EC0-301F-11D3-BF4B-00C04F79EFBC}") = "XamFormsMessagingCenter", "XamFormsMessagingCenter\XamFormsMessagingCenter\XamFormsMessagingCenter.csproj", "{BF1F4F03-7473-4A53-BAA2-4D31B4D48B71}"
EndProject
Global
	GlobalSection(SolutionConfigurationPlatforms) = preSolution
		Ad-Hoc|Any CPU = Ad-Hoc|Any CPU
		Ad-Hoc|ARM = Ad-Hoc|ARM
		Ad-Hoc|iPhone = Ad-Hoc|iPhone
		Ad-Hoc|iPhoneSimulator = Ad-Hoc|iPhoneSimulator
		Ad-Hoc|x86 = Ad-Hoc|x86
		AppStore|Any CPU = AppStore|Any CPU
		AppStore|ARM = AppStore|ARM
		AppStore|iPhone = AppStore|iPhone
		AppStore|iPhoneSimulator = AppStore|iPhoneSimulator
		AppStore|x86 = AppStore|x86
		Debug|Any CPU = Debug|Any CPU
		Debug|ARM = Debug|ARM
		Debug|iPhone = Debug|iPhone
		Debug|iPhoneSimulator = Debug|iPhoneSimulator
		Debug|x86 = Debug|x86
		Release|Any CPU = Release|Any CPU
		Release|ARM = Release|ARM
		Release|iPhone = Release|iPhone
		Release|iPhoneSimulator = Release|iPhoneSimulator
		Release|x86 = Release|x86
	EndGlobalSection
	GlobalSection(ProjectConfigurationPlatforms) = postSolution
		{4DE93249-30A8-412D-9A02-E30F0E4869CA}.Ad-Hoc|Any CPU.ActiveCfg = Release|Any CPU
		{4DE93249-30A8-412D-9A02-E30F0E4869CA}.Ad-Hoc|Any CPU.Build.0 = Release|Any CPU
		{4DE93249-30A8-412D-9A02-E30F0E4869CA}.Ad-Hoc|Any CPU.Deploy.0 = Release|Any CPU
		{4DE93249-30A8-412D-9A02-E30F0E4869CA}.Ad-Hoc|ARM.ActiveCfg = Release|Any CPU
		{4DE93249-30A8-412D-9A02-E30F0E4869CA}.Ad-Hoc|ARM.Build.0 = Release|Any CPU
		{4DE93249-30A8-412D-9A02-E30F0E4869CA}.Ad-Hoc|ARM.Deploy.0 = Release|Any CPU
		{4DE93249-30A8-412D-9A02-E30F0E4869CA}.Ad-Hoc|iPhone.ActiveCfg = Release|Any CPU
		{4DE93249-30A8-412D-9A02-E30F0E4869CA}.Ad-Hoc|iPhone.Build.0 = Release|Any CPU
		{4DE93249-30A8-412D-9A02-E30F0E4869CA}.Ad-Hoc|iPhone.Deploy.0 = Release|Any CPU
		{4DE93249-30A8-412D-9A02-E30F0E4869CA}.Ad-Hoc|iPhoneSimulator.ActiveCfg = Release|Any CPU
		{4DE93249-30A8-412D-9A02-E30F0E4869CA}.Ad-Hoc|iPhoneSimulator.Build.0 = Release|Any CPU
		{4DE93249-30A8-412D-9A02-E30F0E4869CA}.Ad-Hoc|iPhoneSimulator.Deploy.0 = Release|Any CPU
		{4DE93249-30A8-412D-9A02-E30F0E4869CA}.Ad-Hoc|x86.ActiveCfg = Release|Any CPU
		{4DE93249-30A8-412D-9A02-E30F0E4869CA}.Ad-Hoc|x86.Build.0 = Release|Any CPU
		{4DE93249-30A8-412D-9A02-E30F0E4869CA}.Ad-Hoc|x86.Deploy.0 = Release|Any CPU
		{4DE93249-30A8-412D-9A02-E30F0E4869CA}.AppStore|Any CPU.ActiveCfg = Release|Any CPU
		{4DE93249-30A8-412D-9A02-E30F0E4869CA}.AppStore|Any CPU.Build.0 = Release|Any CPU
		{4DE93249-30A8-412D-9A02-E30F0E4869CA}.AppStore|Any CPU.Deploy.0 = Release|Any CPU
		{4DE93249-30A8-412D-9A02-E30F0E4869CA}.AppStore|ARM.ActiveCfg = Release|Any CPU
		{4DE93249-30A8-412D-9A02-E30F0E4869CA}.AppStore|ARM.Build.0 = Release|Any CPU
		{4DE93249-30A8-412D-9A02-E30F0E4869CA}.AppStore|ARM.Deploy.0 = Release|Any CPU
		{4DE93249-30A8-412D-9A02-E30F0E4869CA}.AppStore|iPhone.ActiveCfg = Release|Any CPU
		{4DE93249-30A8-412D-9A02-E30F0E4869CA}.AppStore|iPhone.Build.0 = Release|Any CPU
		{4DE93249-30A8-412D-9A02-E30F0E4869CA}.AppStore|iPhone.Deploy.0 = Release|Any CPU
		{4DE93249-30A8-412D-9A02-E30F0E4869CA}.AppStore|iPhoneSimulator.ActiveCfg = Release|Any CPU
		{4DE93249-30A8-412D-9A02-E30F0E4869CA}.AppStore|iPhoneSimulator.Build.0 = Release|Any CPU
		{4DE93249-30A8-412D-9A02-E30F0E4869CA}.AppStore|iPhoneSimulator.Deploy.0 = Release|Any CPU
		{4DE93249-30A8-412D-9A02-E30F0E4869CA}.AppStore|x86.ActiveCfg = Release|Any CPU
		{4DE93249-30A8-412D-9A02-E30F0E4869CA}.AppStore|x86.Build.0 = Release|Any CPU
		{4DE93249-30A8-412D-9A02-E30F0E4869CA}.AppStore|x86.Deploy.0 = Release|Any CPU
		{4DE93249-30A8-412D-9A02-E30F0E4869CA}.Debug|Any CPU.ActiveCfg = Debug|Any CPU
		{4DE93249-30A8-412D-9A02-E30F0E4869CA}.Debug|Any CPU.Build.0 = Debug|Any CPU
		{4DE93249-30A8-412D-9A02-E30F0E4869CA}.Debug|Any CPU.Deploy.0 = Debug|Any CPU
		{4DE93249-30A8-412D-9A02-E30F0E4869CA}.Debug|ARM.ActiveCfg = Debug|Any CPU
		{4DE93249-30A8-412D-9A02-E30F0E4869CA}.Debug|ARM.Build.0 = Debug|Any CPU
		{4DE93249-30A8-412D-9A02-E30F0E4869CA}.Debug|ARM.Deploy.0 = Debug|Any CPU
		{4DE93249-30A8-412D-9A02-E30F0E4869CA}.Debug|iPhone.ActiveCfg = Debug|Any CPU
		{4DE93249-30A8-412D-9A02-E30F0E4869CA}.Debug|iPhone.Build.0 = Debug|Any CPU
		{4DE93249-30A8-412D-9A02-E30F0E4869CA}.Debug|iPhone.Deploy.0 = Debug|Any CPU
		{4DE93249-30A8-412D-9A02-E30F0E4869CA}.Debug|iPhoneSimulator.ActiveCfg = Debug|Any CPU
		{4DE93249-30A8-412D-9A02-E30F0E4869CA}.Debug|iPhoneSimulator.Build.0 = Debug|Any CPU
		{4DE93249-30A8-412D-9A02-E30F0E4869CA}.Debug|iPhoneSimulator.Deploy.0 = Debug|Any CPU
		{4DE93249-30A8-412D-9A02-E30F0E4869CA}.Debug|x86.ActiveCfg = Debug|Any CPU
		{4DE93249-30A8-412D-9A02-E30F0E4869CA}.Debug|x86.Build.0 = Debug|Any CPU
		{4DE93249-30A8-412D-9A02-E30F0E4869CA}.Debug|x86.Deploy.0 = Debug|Any CPU
		{4DE93249-30A8-412D-9A02-E30F0E4869CA}.Release|Any CPU.ActiveCfg = Release|Any CPU
		{4DE93249-30A8-412D-9A02-E30F0E4869CA}.Release|Any CPU.Build.0 = Release|Any CPU
		{4DE93249-30A8-412D-9A02-E30F0E4869CA}.Release|Any CPU.Deploy.0 = Release|Any CPU
		{4DE93249-30A8-412D-9A02-E30F0E4869CA}.Release|ARM.ActiveCfg = Release|Any CPU
		{4DE93249-30A8-412D-9A02-E30F0E4869CA}.Release|ARM.Build.0 = Release|Any CPU
		{4DE93249-30A8-412D-9A02-E30F0E4869CA}.Release|ARM.Deploy.0 = Release|Any CPU
		{4DE93249-30A8-412D-9A02-E30F0E4869CA}.Release|iPhone.ActiveCfg = Release|Any CPU
		{4DE93249-30A8-412D-9A02-E30F0E4869CA}.Release|iPhone.Build.0 = Release|Any CPU
		{4DE93249-30A8-412D-9A02-E30F0E4869CA}.Release|iPhone.Deploy.0 = Release|Any CPU
		{4DE93249-30A8-412D-9A02-E30F0E4869CA}.Release|iPhoneSimulator.ActiveCfg = Release|Any CPU
		{4DE93249-30A8-412D-9A02-E30F0E4869CA}.Release|iPhoneSimulator.Build.0 = Release|Any CPU
		{4DE93249-30A8-412D-9A02-E30F0E4869CA}.Release|iPhoneSimulator.Deploy.0 = Release|Any CPU
		{4DE93249-30A8-412D-9A02-E30F0E4869CA}.Release|x86.ActiveCfg = Release|Any CPU
		{4DE93249-30A8-412D-9A02-E30F0E4869CA}.Release|x86.Build.0 = Release|Any CPU
		{4DE93249-30A8-412D-9A02-E30F0E4869CA}.Release|x86.Deploy.0 = Release|Any CPU
		{F7C81717-1431-4A7E-8DB0-B28F51D6B799}.Ad-Hoc|Any CPU.ActiveCfg = Ad-Hoc|iPhone
		{F7C81717-1431-4A7E-8DB0-B28F51D6B799}.Ad-Hoc|ARM.ActiveCfg = Ad-Hoc|iPhone
		{F7C81717-1431-4A7E-8DB0-B28F51D6B799}.Ad-Hoc|iPhone.ActiveCfg = Ad-Hoc|iPhone
		{F7C81717-1431-4A7E-8DB0-B28F51D6B799}.Ad-Hoc|iPhone.Build.0 = Ad-Hoc|iPhone
		{F7C81717-1431-4A7E-8DB0-B28F51D6B799}.Ad-Hoc|iPhoneSimulator.ActiveCfg = Ad-Hoc|iPhoneSimulator
		{F7C81717-1431-4A7E-8DB0-B28F51D6B799}.Ad-Hoc|iPhoneSimulator.Build.0 = Ad-Hoc|iPhoneSimulator
		{F7C81717-1431-4A7E-8DB0-B28F51D6B799}.Ad-Hoc|x86.ActiveCfg = Ad-Hoc|iPhone
		{F7C81717-1431-4A7E-8DB0-B28F51D6B799}.AppStore|Any CPU.ActiveCfg = AppStore|iPhone
		{F7C81717-1431-4A7E-8DB0-B28F51D6B799}.AppStore|ARM.ActiveCfg = AppStore|iPhone
		{F7C81717-1431-4A7E-8DB0-B28F51D6B799}.AppStore|iPhone.ActiveCfg = AppStore|iPhone
		{F7C81717-1431-4A7E-8DB0-B28F51D6B799}.AppStore|iPhone.Build.0 = AppStore|iPhone
		{F7C81717-1431-4A7E-8DB0-B28F51D6B799}.AppStore|iPhoneSimulator.ActiveCfg = AppStore|iPhoneSimulator
		{F7C81717-1431-4A7E-8DB0-B28F51D6B799}.AppStore|iPhoneSimulator.Build.0 = AppStore|iPhoneSimulator
		{F7C81717-1431-4A7E-8DB0-B28F51D6B799}.AppStore|x86.ActiveCfg = AppStore|iPhone
		{F7C81717-1431-4A7E-8DB0-B28F51D6B799}.Debug|Any CPU.ActiveCfg = Debug|iPhone
		{F7C81717-1431-4A7E-8DB0-B28F51D6B799}.Debug|ARM.ActiveCfg = Debug|iPhone
		{F7C81717-1431-4A7E-8DB0-B28F51D6B799}.Debug|iPhone.ActiveCfg = Debug|iPhone
		{F7C81717-1431-4A7E-8DB0-B28F51D6B799}.Debug|iPhone.Build.0 = Debug|iPhone
		{F7C81717-1431-4A7E-8DB0-B28F51D6B799}.Debug|iPhoneSimulator.ActiveCfg = Debug|iPhoneSimulator
		{F7C81717-1431-4A7E-8DB0-B28F51D6B799}.Debug|iPhoneSimulator.Build.0 = Debug|iPhoneSimulator
		{F7C81717-1431-4A7E-8DB0-B28F51D6B799}.Debug|x86.ActiveCfg = Debug|iPhone
		{F7C81717-1431-4A7E-8DB0-B28F51D6B799}.Release|Any CPU.ActiveCfg = Release|iPhone
		{F7C81717-1431-4A7E-8DB0-B28F51D6B799}.Release|ARM.ActiveCfg = Release|iPhone
		{F7C81717-1431-4A7E-8DB0-B28F51D6B799}.Release|iPhone.ActiveCfg = Release|iPhone
		{F7C81717-1431-4A7E-8DB0-B28F51D6B799}.Release|iPhone.Build.0 = Release|iPhone
		{F7C81717-1431-4A7E-8DB0-B28F51D6B799}.Release|iPhoneSimulator.ActiveCfg = Release|iPhoneSimulator
		{F7C81717-1431-4A7E-8DB0-B28F51D6B799}.Release|iPhoneSimulator.Build.0 = Release|iPhoneSimulator
		{F7C81717-1431-4A7E-8DB0-B28F51D6B799}.Release|x86.ActiveCfg = Release|iPhone
		{2F69924F-A5C7-4A4D-B02E-9A528A3DA337}.Ad-Hoc|Any CPU.ActiveCfg = Release|Any CPU
		{2F69924F-A5C7-4A4D-B02E-9A528A3DA337}.Ad-Hoc|Any CPU.Build.0 = Release|Any CPU
		{2F69924F-A5C7-4A4D-B02E-9A528A3DA337}.Ad-Hoc|Any CPU.Deploy.0 = Release|Any CPU
		{2F69924F-A5C7-4A4D-B02E-9A528A3DA337}.Ad-Hoc|ARM.ActiveCfg = Release|ARM
		{2F69924F-A5C7-4A4D-B02E-9A528A3DA337}.Ad-Hoc|ARM.Build.0 = Release|ARM
		{2F69924F-A5C7-4A4D-B02E-9A528A3DA337}.Ad-Hoc|ARM.Deploy.0 = Release|ARM
		{2F69924F-A5C7-4A4D-B02E-9A528A3DA337}.Ad-Hoc|iPhone.ActiveCfg = Release|Any CPU
		{2F69924F-A5C7-4A4D-B02E-9A528A3DA337}.Ad-Hoc|iPhone.Build.0 = Release|Any CPU
		{2F69924F-A5C7-4A4D-B02E-9A528A3DA337}.Ad-Hoc|iPhone.Deploy.0 = Release|Any CPU
		{2F69924F-A5C7-4A4D-B02E-9A528A3DA337}.Ad-Hoc|iPhoneSimulator.ActiveCfg = Release|Any CPU
		{2F69924F-A5C7-4A4D-B02E-9A528A3DA337}.Ad-Hoc|iPhoneSimulator.Build.0 = Release|Any CPU
		{2F69924F-A5C7-4A4D-B02E-9A528A3DA337}.Ad-Hoc|iPhoneSimulator.Deploy.0 = Release|Any CPU
		{2F69924F-A5C7-4A4D-B02E-9A528A3DA337}.Ad-Hoc|x86.ActiveCfg = Release|x86
		{2F69924F-A5C7-4A4D-B02E-9A528A3DA337}.Ad-Hoc|x86.Build.0 = Release|x86
		{2F69924F-A5C7-4A4D-B02E-9A528A3DA337}.Ad-Hoc|x86.Deploy.0 = Release|x86
		{2F69924F-A5C7-4A4D-B02E-9A528A3DA337}.AppStore|Any CPU.ActiveCfg = Release|Any CPU
		{2F69924F-A5C7-4A4D-B02E-9A528A3DA337}.AppStore|Any CPU.Build.0 = Release|Any CPU
		{2F69924F-A5C7-4A4D-B02E-9A528A3DA337}.AppStore|Any CPU.Deploy.0 = Release|Any CPU
		{2F69924F-A5C7-4A4D-B02E-9A528A3DA337}.AppStore|ARM.ActiveCfg = Release|ARM
		{2F69924F-A5C7-4A4D-B02E-9A528A3DA337}.AppStore|ARM.Build.0 = Release|ARM
		{2F69924F-A5C7-4A4D-B02E-9A528A3DA337}.AppStore|ARM.Deploy.0 = Release|ARM
		{2F69924F-A5C7-4A4D-B02E-9A528A3DA337}.AppStore|iPhone.ActiveCfg = Release|Any CPU
		{2F69924F-A5C7-4A4D-B02E-9A528A3DA337}.AppStore|iPhone.Build.0 = Release|Any CPU
		{2F69924F-A5C7-4A4D-B02E-9A528A3DA337}.AppStore|iPhone.Deploy.0 = Release|Any CPU
		{2F69924F-A5C7-4A4D-B02E-9A528A3DA337}.AppStore|iPhoneSimulator.ActiveCfg = Release|Any CPU
		{2F69924F-A5C7-4A4D-B02E-9A528A3DA337}.AppStore|iPhoneSimulator.Build.0 = Release|Any CPU
		{2F69924F-A5C7-4A4D-B02E-9A528A3DA337}.AppStore|iPhoneSimulator.Deploy.0 = Release|Any CPU
		{2F69924F-A5C7-4A4D-B02E-9A528A3DA337}.AppStore|x86.ActiveCfg = Release|x86
		{2F69924F-A5C7-4A4D-B02E-9A528A3DA337}.AppStore|x86.Build.0 = Release|x86
		{2F69924F-A5C7-4A4D-B02E-9A528A3DA337}.AppStore|x86.Deploy.0 = Release|x86
		{2F69924F-A5C7-4A4D-B02E-9A528A3DA337}.Debug|Any CPU.ActiveCfg = Debug|Any CPU
		{2F69924F-A5C7-4A4D-B02E-9A528A3DA337}.Debug|Any CPU.Build.0 = Debug|Any CPU
		{2F69924F-A5C7-4A4D-B02E-9A528A3DA337}.Debug|Any CPU.Deploy.0 = Debug|Any CPU
		{2F69924F-A5C7-4A4D-B02E-9A528A3DA337}.Debug|ARM.ActiveCfg = Debug|ARM
		{2F69924F-A5C7-4A4D-B02E-9A528A3DA337}.Debug|ARM.Build.0 = Debug|ARM
		{2F69924F-A5C7-4A4D-B02E-9A528A3DA337}.Debug|ARM.Deploy.0 = Debug|ARM
		{2F69924F-A5C7-4A4D-B02E-9A528A3DA337}.Debug|iPhone.ActiveCfg = Debug|Any CPU
		{2F69924F-A5C7-4A4D-B02E-9A528A3DA337}.Debug|iPhone.Build.0 = Debug|Any CPU
		{2F69924F-A5C7-4A4D-B02E-9A528A3DA337}.Debug|iPhone.Deploy.0 = Debug|Any CPU
		{2F69924F-A5C7-4A4D-B02E-9A528A3DA337}.Debug|iPhoneSimulator.ActiveCfg = Debug|Any CPU
		{2F69924F-A5C7-4A4D-B02E-9A528A3DA337}.Debug|iPhoneSimulator.Build.0 = Debug|Any CPU
		{2F69924F-A5C7-4A4D-B02E-9A528A3DA337}.Debug|iPhoneSimulator.Deploy.0 = Debug|Any CPU
		{2F69924F-A5C7-4A4D-B02E-9A528A3DA337}.Debug|x86.ActiveCfg = Debug|x86
		{2F69924F-A5C7-4A4D-B02E-9A528A3DA337}.Debug|x86.Build.0 = Debug|x86
		{2F69924F-A5C7-4A4D-B02E-9A528A3DA337}.Debug|x86.Deploy.0 = Debug|x86
		{2F69924F-A5C7-4A4D-B02E-9A528A3DA337}.Release|Any CPU.ActiveCfg = Release|Any CPU
		{2F69924F-A5C7-4A4D-B02E-9A528A3DA337}.Release|Any CPU.Build.0 = Release|Any CPU
		{2F69924F-A5C7-4A4D-B02E-9A528A3DA337}.Release|Any CPU.Deploy.0 = Release|Any CPU
		{2F69924F-A5C7-4A4D-B02E-9A528A3DA337}.Release|ARM.ActiveCfg = Release|ARM
		{2F69924F-A5C7-4A4D-B02E-9A528A3DA337}.Release|ARM.Build.0 = Release|ARM
		{2F69924F-A5C7-4A4D-B02E-9A528A3DA337}.Release|ARM.Deploy.0 = Release|ARM
		{2F69924F-A5C7-4A4D-B02E-9A528A3DA337}.Release|iPhone.ActiveCfg = Release|Any CPU
		{2F69924F-A5C7-4A4D-B02E-9A528A3DA337}.Release|iPhone.Build.0 = Release|Any CPU
		{2F69924F-A5C7-4A4D-B02E-9A528A3DA337}.Release|iPhone.Deploy.0 = Release|Any CPU
		{2F69924F-A5C7-4A4D-B02E-9A528A3DA337}.Release|iPhoneSimulator.ActiveCfg = Release|Any CPU
		{2F69924F-A5C7-4A4D-B02E-9A528A3DA337}.Release|iPhoneSimulator.Build.0 = Release|Any CPU
		{2F69924F-A5C7-4A4D-B02E-9A528A3DA337}.Release|iPhoneSimulator.Deploy.0 = Release|Any CPU
		{2F69924F-A5C7-4A4D-B02E-9A528A3DA337}.Release|x86.ActiveCfg = Release|x86
		{2F69924F-A5C7-4A4D-B02E-9A528A3DA337}.Release|x86.Build.0 = Release|x86
		{2F69924F-A5C7-4A4D-B02E-9A528A3DA337}.Release|x86.Deploy.0 = Release|x86
		{BF1F4F03-7473-4A53-BAA2-4D31B4D48B71}.Ad-Hoc|Any CPU.ActiveCfg = Release|Any CPU
		{BF1F4F03-7473-4A53-BAA2-4D31B4D48B71}.Ad-Hoc|Any CPU.Build.0 = Release|Any CPU
		{BF1F4F03-7473-4A53-BAA2-4D31B4D48B71}.Ad-Hoc|ARM.ActiveCfg = Release|Any CPU
		{BF1F4F03-7473-4A53-BAA2-4D31B4D48B71}.Ad-Hoc|ARM.Build.0 = Release|Any CPU
		{BF1F4F03-7473-4A53-BAA2-4D31B4D48B71}.Ad-Hoc|iPhone.ActiveCfg = Release|Any CPU
		{BF1F4F03-7473-4A53-BAA2-4D31B4D48B71}.Ad-Hoc|iPhone.Build.0 = Release|Any CPU
		{BF1F4F03-7473-4A53-BAA2-4D31B4D48B71}.Ad-Hoc|iPhoneSimulator.ActiveCfg = Release|Any CPU
		{BF1F4F03-7473-4A53-BAA2-4D31B4D48B71}.Ad-Hoc|iPhoneSimulator.Build.0 = Release|Any CPU
		{BF1F4F03-7473-4A53-BAA2-4D31B4D48B71}.Ad-Hoc|x86.ActiveCfg = Release|Any CPU
		{BF1F4F03-7473-4A53-BAA2-4D31B4D48B71}.Ad-Hoc|x86.Build.0 = Release|Any CPU
		{BF1F4F03-7473-4A53-BAA2-4D31B4D48B71}.AppStore|Any CPU.ActiveCfg = Release|Any CPU
		{BF1F4F03-7473-4A53-BAA2-4D31B4D48B71}.AppStore|Any CPU.Build.0 = Release|Any CPU
		{BF1F4F03-7473-4A53-BAA2-4D31B4D48B71}.AppStore|ARM.ActiveCfg = Release|Any CPU
		{BF1F4F03-7473-4A53-BAA2-4D31B4D48B71}.AppStore|ARM.Build.0 = Release|Any CPU
		{BF1F4F03-7473-4A53-BAA2-4D31B4D48B71}.AppStore|iPhone.ActiveCfg = Release|Any CPU
		{BF1F4F03-7473-4A53-BAA2-4D31B4D48B71}.AppStore|iPhone.Build.0 = Release|Any CPU
		{BF1F4F03-7473-4A53-BAA2-4D31B4D48B71}.AppStore|iPhoneSimulator.ActiveCfg = Release|Any CPU
		{BF1F4F03-7473-4A53-BAA2-4D31B4D48B71}.AppStore|iPhoneSimulator.Build.0 = Release|Any CPU
		{BF1F4F03-7473-4A53-BAA2-4D31B4D48B71}.AppStore|x86.ActiveCfg = Release|Any CPU
		{BF1F4F03-7473-4A53-BAA2-4D31B4D48B71}.AppStore|x86.Build.0 = Release|Any CPU
		{BF1F4F03-7473-4A53-BAA2-4D31B4D48B71}.Debug|Any CPU.ActiveCfg = Debug|Any CPU
		{BF1F4F03-7473-4A53-BAA2-4D31B4D48B71}.Debug|Any CPU.Build.0 = Debug|Any CPU
		{BF1F4F03-7473-4A53-BAA2-4D31B4D48B71}.Debug|ARM.ActiveCfg = Debug|Any CPU
		{BF1F4F03-7473-4A53-BAA2-4D31B4D48B71}.Debug|ARM.Build.0 = Debug|Any CPU
		{BF1F4F03-7473-4A53-BAA2-4D31B4D48B71}.Debug|iPhone.ActiveCfg = Debug|Any CPU
		{BF1F4F03-7473-4A53-BAA2-4D31B4D48B71}.Debug|iPhone.Build.0 = Debug|Any CPU
		{BF1F4F03-7473-4A53-BAA2-4D31B4D48B71}.Debug|iPhoneSimulator.ActiveCfg = Debug|Any CPU
		{BF1F4F03-7473-4A53-BAA2-4D31B4D48B71}.Debug|iPhoneSimulator.Build.0 = Debug|Any CPU
		{BF1F4F03-7473-4A53-BAA2-4D31B4D48B71}.Debug|x86.ActiveCfg = Debug|Any CPU
		{BF1F4F03-7473-4A53-BAA2-4D31B4D48B71}.Debug|x86.Build.0 = Debug|Any CPU
		{BF1F4F03-7473-4A53-BAA2-4D31B4D48B71}.Release|Any CPU.ActiveCfg = Release|Any CPU
		{BF1F4F03-7473-4A53-BAA2-4D31B4D48B71}.Release|Any CPU.Build.0 = Release|Any CPU
		{BF1F4F03-7473-4A53-BAA2-4D31B4D48B71}.Release|ARM.ActiveCfg = Release|Any CPU
		{BF1F4F03-7473-4A53-BAA2-4D31B4D48B71}.Release|ARM.Build.0 = Release|Any CPU
		{BF1F4F03-7473-4A53-BAA2-4D31B4D48B71}.Release|iPhone.ActiveCfg = Release|Any CPU
		{BF1F4F03-7473-4A53-BAA2-4D31B4D48B71}.Release|iPhone.Build.0 = Release|Any CPU
		{BF1F4F03-7473-4A53-BAA2-4D31B4D48B71}.Release|iPhoneSimulator.ActiveCfg = Release|Any CPU
		{BF1F4F03-7473-4A53-BAA2-4D31B4D48B71}.Release|iPhoneSimulator.Build.0 = Release|Any CPU
		{BF1F4F03-7473-4A53-BAA2-4D31B4D48B71}.Release|x86.ActiveCfg = Release|Any CPU
		{BF1F4F03-7473-4A53-BAA2-4D31B4D48B71}.Release|x86.Build.0 = Release|Any CPU
	EndGlobalSection
	GlobalSection(SolutionProperties) = preSolution
		HideSolutionNode = FALSE
	EndGlobalSection
EndGlobal
