
Microsoft Visual Studio Solution File, Format Version 12.00
# Visual Studio 2012
VisualStudioVersion = 14.0.23107.0
MinimumVisualStudioVersion = 10.0.40219.1
Project("{FAE04EC0-301F-11D3-BF4B-00C04F79EFBC}") = "ViewCustomRenderer", "ViewCustomRenderer\ViewCustomRenderer\ViewCustomRenderer.csproj", "{C401568A-4CED-4B10-A2A4-1B603D35C10F}"
EndProject
Project("{FAE04EC0-301F-11D3-BF4B-00C04F79EFBC}") = "ViewCustomRenderer.iOS", "ViewCustomRenderer\ViewCustomRenderer.iOS\ViewCustomRenderer.iOS.csproj", "{065D2605-8DD1-44D8-8DDF-F0238689C275}"
EndProject
Project("{FAE04EC0-301F-11D3-BF4B-00C04F79EFBC}") = "ViewCustomRenderer.Droid", "ViewCustomRenderer\ViewCustomRenderer.Droid\ViewCustomRenderer.Droid.csproj", "{ACDBEA4B-64AA-40DA-8B1A-B935DD751F4B}"
EndProject
Project("{FAE04EC0-301F-11D3-BF4B-00C04F79EFBC}") = "ViewCustomRenderer.WinPhone", "ViewCustomRenderer\ViewCustomRenderer.WinPhone\ViewCustomRenderer.WinPhone.csproj", "{B3C1FD43-6553-4BB6-A465-5FF806417273}"
EndProject
Global
	GlobalSection(SolutionConfigurationPlatforms) = preSolution
		Ad-Hoc|Any CPU = Ad-Hoc|Any CPU
		Ad-Hoc|ARM = Ad-Hoc|ARM
		Ad-Hoc|iPhone = Ad-Hoc|iPhone
		Ad-Hoc|iPhoneSimulator = Ad-Hoc|iPhoneSimulator
		Ad-Hoc|x86 = Ad-Hoc|x86
		AppStore|Any CPU = AppStore|Any CPU
		AppStore|ARM = AppStore|ARM
		AppStore|iPhone = AppStore|iPhone
		AppStore|iPhoneSimulator = AppStore|iPhoneSimulator
		AppStore|x86 = AppStore|x86
		Debug|Any CPU = Debug|Any CPU
		Debug|ARM = Debug|ARM
		Debug|iPhone = Debug|iPhone
		Debug|iPhoneSimulator = Debug|iPhoneSimulator
		Debug|x86 = Debug|x86
		Release|Any CPU = Release|Any CPU
		Release|ARM = Release|ARM
		Release|iPhone = Release|iPhone
		Release|iPhoneSimulator = Release|iPhoneSimulator
		Release|x86 = Release|x86
	EndGlobalSection
	GlobalSection(ProjectConfigurationPlatforms) = postSolution
		{065D2605-8DD1-44D8-8DDF-F0238689C275}.Ad-Hoc|Any CPU.ActiveCfg = Ad-Hoc|iPhone
		{065D2605-8DD1-44D8-8DDF-F0238689C275}.Ad-Hoc|ARM.ActiveCfg = Ad-Hoc|iPhone
		{065D2605-8DD1-44D8-8DDF-F0238689C275}.Ad-Hoc|iPhone.ActiveCfg = Ad-Hoc|iPhone
		{065D2605-8DD1-44D8-8DDF-F0238689C275}.Ad-Hoc|iPhone.Build.0 = Ad-Hoc|iPhone
		{065D2605-8DD1-44D8-8DDF-F0238689C275}.Ad-Hoc|iPhoneSimulator.ActiveCfg = Ad-Hoc|iPhoneSimulator
		{065D2605-8DD1-44D8-8DDF-F0238689C275}.Ad-Hoc|iPhoneSimulator.Build.0 = Ad-Hoc|iPhoneSimulator
		{065D2605-8DD1-44D8-8DDF-F0238689C275}.Ad-Hoc|x86.ActiveCfg = Ad-Hoc|iPhone
		{065D2605-8DD1-44D8-8DDF-F0238689C275}.AppStore|Any CPU.ActiveCfg = AppStore|iPhone
		{065D2605-8DD1-44D8-8DDF-F0238689C275}.AppStore|ARM.ActiveCfg = AppStore|iPhone
		{065D2605-8DD1-44D8-8DDF-F0238689C275}.AppStore|iPhone.ActiveCfg = AppStore|iPhone
		{065D2605-8DD1-44D8-8DDF-F0238689C275}.AppStore|iPhone.Build.0 = AppStore|iPhone
		{065D2605-8DD1-44D8-8DDF-F0238689C275}.AppStore|iPhoneSimulator.ActiveCfg = AppStore|iPhoneSimulator
		{065D2605-8DD1-44D8-8DDF-F0238689C275}.AppStore|iPhoneSimulator.Build.0 = AppStore|iPhoneSimulator
		{065D2605-8DD1-44D8-8DDF-F0238689C275}.AppStore|x86.ActiveCfg = AppStore|iPhone
		{065D2605-8DD1-44D8-8DDF-F0238689C275}.Debug|Any CPU.ActiveCfg = Debug|iPhone
		{065D2605-8DD1-44D8-8DDF-F0238689C275}.Debug|ARM.ActiveCfg = Debug|iPhone
		{065D2605-8DD1-44D8-8DDF-F0238689C275}.Debug|iPhone.ActiveCfg = Debug|iPhone
		{065D2605-8DD1-44D8-8DDF-F0238689C275}.Debug|iPhone.Build.0 = Debug|iPhone
		{065D2605-8DD1-44D8-8DDF-F0238689C275}.Debug|iPhoneSimulator.ActiveCfg = Debug|iPhoneSimulator
		{065D2605-8DD1-44D8-8DDF-F0238689C275}.Debug|iPhoneSimulator.Build.0 = Debug|iPhoneSimulator
		{065D2605-8DD1-44D8-8DDF-F0238689C275}.Debug|x86.ActiveCfg = Debug|iPhone
		{065D2605-8DD1-44D8-8DDF-F0238689C275}.Release|Any CPU.ActiveCfg = Release|iPhone
		{065D2605-8DD1-44D8-8DDF-F0238689C275}.Release|ARM.ActiveCfg = Release|iPhone
		{065D2605-8DD1-44D8-8DDF-F0238689C275}.Release|iPhone.ActiveCfg = Release|iPhone
		{065D2605-8DD1-44D8-8DDF-F0238689C275}.Release|iPhone.Build.0 = Release|iPhone
		{065D2605-8DD1-44D8-8DDF-F0238689C275}.Release|iPhoneSimulator.ActiveCfg = Release|iPhoneSimulator
		{065D2605-8DD1-44D8-8DDF-F0238689C275}.Release|iPhoneSimulator.Build.0 = Release|iPhoneSimulator
		{065D2605-8DD1-44D8-8DDF-F0238689C275}.Release|x86.ActiveCfg = Release|iPhone
		{ACDBEA4B-64AA-40DA-8B1A-B935DD751F4B}.Ad-Hoc|Any CPU.ActiveCfg = Release|Any CPU
		{ACDBEA4B-64AA-40DA-8B1A-B935DD751F4B}.Ad-Hoc|Any CPU.Build.0 = Release|Any CPU
		{ACDBEA4B-64AA-40DA-8B1A-B935DD751F4B}.Ad-Hoc|Any CPU.Deploy.0 = Release|Any CPU
		{ACDBEA4B-64AA-40DA-8B1A-B935DD751F4B}.Ad-Hoc|ARM.ActiveCfg = Release|Any CPU
		{ACDBEA4B-64AA-40DA-8B1A-B935DD751F4B}.Ad-Hoc|ARM.Build.0 = Release|Any CPU
		{ACDBEA4B-64AA-40DA-8B1A-B935DD751F4B}.Ad-Hoc|ARM.Deploy.0 = Release|Any CPU
		{ACDBEA4B-64AA-40DA-8B1A-B935DD751F4B}.Ad-Hoc|iPhone.ActiveCfg = Release|Any CPU
		{ACDBEA4B-64AA-40DA-8B1A-B935DD751F4B}.Ad-Hoc|iPhone.Build.0 = Release|Any CPU
		{ACDBEA4B-64AA-40DA-8B1A-B935DD751F4B}.Ad-Hoc|iPhone.Deploy.0 = Release|Any CPU
		{ACDBEA4B-64AA-40DA-8B1A-B935DD751F4B}.Ad-Hoc|iPhoneSimulator.ActiveCfg = Release|Any CPU
		{ACDBEA4B-64AA-40DA-8B1A-B935DD751F4B}.Ad-Hoc|iPhoneSimulator.Build.0 = Release|Any CPU
		{ACDBEA4B-64AA-40DA-8B1A-B935DD751F4B}.Ad-Hoc|iPhoneSimulator.Deploy.0 = Release|Any CPU
		{ACDBEA4B-64AA-40DA-8B1A-B935DD751F4B}.Ad-Hoc|x86.ActiveCfg = Release|Any CPU
		{ACDBEA4B-64AA-40DA-8B1A-B935DD751F4B}.Ad-Hoc|x86.Build.0 = Release|Any CPU
		{ACDBEA4B-64AA-40DA-8B1A-B935DD751F4B}.Ad-Hoc|x86.Deploy.0 = Release|Any CPU
		{ACDBEA4B-64AA-40DA-8B1A-B935DD751F4B}.AppStore|Any CPU.ActiveCfg = Release|Any CPU
		{ACDBEA4B-64AA-40DA-8B1A-B935DD751F4B}.AppStore|Any CPU.Build.0 = Release|Any CPU
		{ACDBEA4B-64AA-40DA-8B1A-B935DD751F4B}.AppStore|Any CPU.Deploy.0 = Release|Any CPU
		{ACDBEA4B-64AA-40DA-8B1A-B935DD751F4B}.AppStore|ARM.ActiveCfg = Release|Any CPU
		{ACDBEA4B-64AA-40DA-8B1A-B935DD751F4B}.AppStore|ARM.Build.0 = Release|Any CPU
		{ACDBEA4B-64AA-40DA-8B1A-B935DD751F4B}.AppStore|ARM.Deploy.0 = Release|Any CPU
		{ACDBEA4B-64AA-40DA-8B1A-B935DD751F4B}.AppStore|iPhone.ActiveCfg = Release|Any CPU
		{ACDBEA4B-64AA-40DA-8B1A-B935DD751F4B}.AppStore|iPhone.Build.0 = Release|Any CPU
		{ACDBEA4B-64AA-40DA-8B1A-B935DD751F4B}.AppStore|iPhone.Deploy.0 = Release|Any CPU
		{ACDBEA4B-64AA-40DA-8B1A-B935DD751F4B}.AppStore|iPhoneSimulator.ActiveCfg = Release|Any CPU
		{ACDBEA4B-64AA-40DA-8B1A-B935DD751F4B}.AppStore|iPhoneSimulator.Build.0 = Release|Any CPU
		{ACDBEA4B-64AA-40DA-8B1A-B935DD751F4B}.AppStore|iPhoneSimulator.Deploy.0 = Release|Any CPU
		{ACDBEA4B-64AA-40DA-8B1A-B935DD751F4B}.AppStore|x86.ActiveCfg = Release|Any CPU
		{ACDBEA4B-64AA-40DA-8B1A-B935DD751F4B}.AppStore|x86.Build.0 = Release|Any CPU
		{ACDBEA4B-64AA-40DA-8B1A-B935DD751F4B}.AppStore|x86.Deploy.0 = Release|Any CPU
		{ACDBEA4B-64AA-40DA-8B1A-B935DD751F4B}.Debug|Any CPU.ActiveCfg = Debug|Any CPU
		{ACDBEA4B-64AA-40DA-8B1A-B935DD751F4B}.Debug|Any CPU.Build.0 = Debug|Any CPU
		{ACDBEA4B-64AA-40DA-8B1A-B935DD751F4B}.Debug|Any CPU.Deploy.0 = Debug|Any CPU
		{ACDBEA4B-64AA-40DA-8B1A-B935DD751F4B}.Debug|ARM.ActiveCfg = Debug|Any CPU
		{ACDBEA4B-64AA-40DA-8B1A-B935DD751F4B}.Debug|ARM.Build.0 = Debug|Any CPU
		{ACDBEA4B-64AA-40DA-8B1A-B935DD751F4B}.Debug|ARM.Deploy.0 = Debug|Any CPU
		{ACDBEA4B-64AA-40DA-8B1A-B935DD751F4B}.Debug|iPhone.ActiveCfg = Debug|Any CPU
		{ACDBEA4B-64AA-40DA-8B1A-B935DD751F4B}.Debug|iPhone.Build.0 = Debug|Any CPU
		{ACDBEA4B-64AA-40DA-8B1A-B935DD751F4B}.Debug|iPhone.Deploy.0 = Debug|Any CPU
		{ACDBEA4B-64AA-40DA-8B1A-B935DD751F4B}.Debug|iPhoneSimulator.ActiveCfg = Debug|Any CPU
		{ACDBEA4B-64AA-40DA-8B1A-B935DD751F4B}.Debug|iPhoneSimulator.Build.0 = Debug|Any CPU
		{ACDBEA4B-64AA-40DA-8B1A-B935DD751F4B}.Debug|iPhoneSimulator.Deploy.0 = Debug|Any CPU
		{ACDBEA4B-64AA-40DA-8B1A-B935DD751F4B}.Debug|x86.ActiveCfg = Debug|Any CPU
		{ACDBEA4B-64AA-40DA-8B1A-B935DD751F4B}.Debug|x86.Build.0 = Debug|Any CPU
		{ACDBEA4B-64AA-40DA-8B1A-B935DD751F4B}.Debug|x86.Deploy.0 = Debug|Any CPU
		{ACDBEA4B-64AA-40DA-8B1A-B935DD751F4B}.Release|Any CPU.ActiveCfg = Release|Any CPU
		{ACDBEA4B-64AA-40DA-8B1A-B935DD751F4B}.Release|Any CPU.Build.0 = Release|Any CPU
		{ACDBEA4B-64AA-40DA-8B1A-B935DD751F4B}.Release|Any CPU.Deploy.0 = Release|Any CPU
		{ACDBEA4B-64AA-40DA-8B1A-B935DD751F4B}.Release|ARM.ActiveCfg = Release|Any CPU
		{ACDBEA4B-64AA-40DA-8B1A-B935DD751F4B}.Release|ARM.Build.0 = Release|Any CPU
		{ACDBEA4B-64AA-40DA-8B1A-B935DD751F4B}.Release|ARM.Deploy.0 = Release|Any CPU
		{ACDBEA4B-64AA-40DA-8B1A-B935DD751F4B}.Release|iPhone.ActiveCfg = Release|Any CPU
		{ACDBEA4B-64AA-40DA-8B1A-B935DD751F4B}.Release|iPhone.Build.0 = Release|Any CPU
		{ACDBEA4B-64AA-40DA-8B1A-B935DD751F4B}.Release|iPhone.Deploy.0 = Release|Any CPU
		{ACDBEA4B-64AA-40DA-8B1A-B935DD751F4B}.Release|iPhoneSimulator.ActiveCfg = Release|Any CPU
		{ACDBEA4B-64AA-40DA-8B1A-B935DD751F4B}.Release|iPhoneSimulator.Build.0 = Release|Any CPU
		{ACDBEA4B-64AA-40DA-8B1A-B935DD751F4B}.Release|iPhoneSimulator.Deploy.0 = Release|Any CPU
		{ACDBEA4B-64AA-40DA-8B1A-B935DD751F4B}.Release|x86.ActiveCfg = Release|Any CPU
		{ACDBEA4B-64AA-40DA-8B1A-B935DD751F4B}.Release|x86.Build.0 = Release|Any CPU
		{ACDBEA4B-64AA-40DA-8B1A-B935DD751F4B}.Release|x86.Deploy.0 = Release|Any CPU
		{B3C1FD43-6553-4BB6-A465-5FF806417273}.Ad-Hoc|Any CPU.ActiveCfg = Release|Any CPU
		{B3C1FD43-6553-4BB6-A465-5FF806417273}.Ad-Hoc|Any CPU.Build.0 = Release|Any CPU
		{B3C1FD43-6553-4BB6-A465-5FF806417273}.Ad-Hoc|Any CPU.Deploy.0 = Release|Any CPU
		{B3C1FD43-6553-4BB6-A465-5FF806417273}.Ad-Hoc|ARM.ActiveCfg = Release|ARM
		{B3C1FD43-6553-4BB6-A465-5FF806417273}.Ad-Hoc|ARM.Build.0 = Release|ARM
		{B3C1FD43-6553-4BB6-A465-5FF806417273}.Ad-Hoc|ARM.Deploy.0 = Release|ARM
		{B3C1FD43-6553-4BB6-A465-5FF806417273}.Ad-Hoc|iPhone.ActiveCfg = Release|Any CPU
		{B3C1FD43-6553-4BB6-A465-5FF806417273}.Ad-Hoc|iPhone.Build.0 = Release|Any CPU
		{B3C1FD43-6553-4BB6-A465-5FF806417273}.Ad-Hoc|iPhone.Deploy.0 = Release|Any CPU
		{B3C1FD43-6553-4BB6-A465-5FF806417273}.Ad-Hoc|iPhoneSimulator.ActiveCfg = Release|Any CPU
		{B3C1FD43-6553-4BB6-A465-5FF806417273}.Ad-Hoc|iPhoneSimulator.Build.0 = Release|Any CPU
		{B3C1FD43-6553-4BB6-A465-5FF806417273}.Ad-Hoc|iPhoneSimulator.Deploy.0 = Release|Any CPU
		{B3C1FD43-6553-4BB6-A465-5FF806417273}.Ad-Hoc|x86.ActiveCfg = Release|x86
		{B3C1FD43-6553-4BB6-A465-5FF806417273}.Ad-Hoc|x86.Build.0 = Release|x86
		{B3C1FD43-6553-4BB6-A465-5FF806417273}.Ad-Hoc|x86.Deploy.0 = Release|x86
		{B3C1FD43-6553-4BB6-A465-5FF806417273}.AppStore|Any CPU.ActiveCfg = Release|Any CPU
		{B3C1FD43-6553-4BB6-A465-5FF806417273}.AppStore|Any CPU.Build.0 = Release|Any CPU
		{B3C1FD43-6553-4BB6-A465-5FF806417273}.AppStore|Any CPU.Deploy.0 = Release|Any CPU
		{B3C1FD43-6553-4BB6-A465-5FF806417273}.AppStore|ARM.ActiveCfg = Release|ARM
		{B3C1FD43-6553-4BB6-A465-5FF806417273}.AppStore|ARM.Build.0 = Release|ARM
		{B3C1FD43-6553-4BB6-A465-5FF806417273}.AppStore|ARM.Deploy.0 = Release|ARM
		{B3C1FD43-6553-4BB6-A465-5FF806417273}.AppStore|iPhone.ActiveCfg = Release|Any CPU
		{B3C1FD43-6553-4BB6-A465-5FF806417273}.AppStore|iPhone.Build.0 = Release|Any CPU
		{B3C1FD43-6553-4BB6-A465-5FF806417273}.AppStore|iPhone.Deploy.0 = Release|Any CPU
		{B3C1FD43-6553-4BB6-A465-5FF806417273}.AppStore|iPhoneSimulator.ActiveCfg = Release|Any CPU
		{B3C1FD43-6553-4BB6-A465-5FF806417273}.AppStore|iPhoneSimulator.Build.0 = Release|Any CPU
		{B3C1FD43-6553-4BB6-A465-5FF806417273}.AppStore|iPhoneSimulator.Deploy.0 = Release|Any CPU
		{B3C1FD43-6553-4BB6-A465-5FF806417273}.AppStore|x86.ActiveCfg = Release|x86
		{B3C1FD43-6553-4BB6-A465-5FF806417273}.AppStore|x86.Build.0 = Release|x86
		{B3C1FD43-6553-4BB6-A465-5FF806417273}.AppStore|x86.Deploy.0 = Release|x86
		{B3C1FD43-6553-4BB6-A465-5FF806417273}.Debug|Any CPU.ActiveCfg = Debug|Any CPU
		{B3C1FD43-6553-4BB6-A465-5FF806417273}.Debug|Any CPU.Build.0 = Debug|Any CPU
		{B3C1FD43-6553-4BB6-A465-5FF806417273}.Debug|Any CPU.Deploy.0 = Debug|Any CPU
		{B3C1FD43-6553-4BB6-A465-5FF806417273}.Debug|ARM.ActiveCfg = Debug|ARM
		{B3C1FD43-6553-4BB6-A465-5FF806417273}.Debug|ARM.Build.0 = Debug|ARM
		{B3C1FD43-6553-4BB6-A465-5FF806417273}.Debug|ARM.Deploy.0 = Debug|ARM
		{B3C1FD43-6553-4BB6-A465-5FF806417273}.Debug|iPhone.ActiveCfg = Debug|Any CPU
		{B3C1FD43-6553-4BB6-A465-5FF806417273}.Debug|iPhone.Build.0 = Debug|Any CPU
		{B3C1FD43-6553-4BB6-A465-5FF806417273}.Debug|iPhone.Deploy.0 = Debug|Any CPU
		{B3C1FD43-6553-4BB6-A465-5FF806417273}.Debug|iPhoneSimulator.ActiveCfg = Debug|Any CPU
		{B3C1FD43-6553-4BB6-A465-5FF806417273}.Debug|iPhoneSimulator.Build.0 = Debug|Any CPU
		{B3C1FD43-6553-4BB6-A465-5FF806417273}.Debug|iPhoneSimulator.Deploy.0 = Debug|Any CPU
		{B3C1FD43-6553-4BB6-A465-5FF806417273}.Debug|x86.ActiveCfg = Debug|x86
		{B3C1FD43-6553-4BB6-A465-5FF806417273}.Debug|x86.Build.0 = Debug|x86
		{B3C1FD43-6553-4BB6-A465-5FF806417273}.Debug|x86.Deploy.0 = Debug|x86
		{B3C1FD43-6553-4BB6-A465-5FF806417273}.Release|Any CPU.ActiveCfg = Release|Any CPU
		{B3C1FD43-6553-4BB6-A465-5FF806417273}.Release|Any CPU.Build.0 = Release|Any CPU
		{B3C1FD43-6553-4BB6-A465-5FF806417273}.Release|Any CPU.Deploy.0 = Release|Any CPU
		{B3C1FD43-6553-4BB6-A465-5FF806417273}.Release|ARM.ActiveCfg = Release|ARM
		{B3C1FD43-6553-4BB6-A465-5FF806417273}.Release|ARM.Build.0 = Release|ARM
		{B3C1FD43-6553-4BB6-A465-5FF806417273}.Release|ARM.Deploy.0 = Release|ARM
		{B3C1FD43-6553-4BB6-A465-5FF806417273}.Release|iPhone.ActiveCfg = Release|Any CPU
		{B3C1FD43-6553-4BB6-A465-5FF806417273}.Release|iPhone.Build.0 = Release|Any CPU
		{B3C1FD43-6553-4BB6-A465-5FF806417273}.Release|iPhone.Deploy.0 = Release|Any CPU
		{B3C1FD43-6553-4BB6-A465-5FF806417273}.Release|iPhoneSimulator.ActiveCfg = Release|Any CPU
		{B3C1FD43-6553-4BB6-A465-5FF806417273}.Release|iPhoneSimulator.Build.0 = Release|Any CPU
		{B3C1FD43-6553-4BB6-A465-5FF806417273}.Release|iPhoneSimulator.Deploy.0 = Release|Any CPU
		{B3C1FD43-6553-4BB6-A465-5FF806417273}.Release|x86.ActiveCfg = Release|x86
		{B3C1FD43-6553-4BB6-A465-5FF806417273}.Release|x86.Build.0 = Release|x86
		{B3C1FD43-6553-4BB6-A465-5FF806417273}.Release|x86.Deploy.0 = Release|x86
		{C401568A-4CED-4B10-A2A4-1B603D35C10F}.Ad-Hoc|Any CPU.ActiveCfg = Release|Any CPU
		{C401568A-4CED-4B10-A2A4-1B603D35C10F}.Ad-Hoc|Any CPU.Build.0 = Release|Any CPU
		{C401568A-4CED-4B10-A2A4-1B603D35C10F}.Ad-Hoc|ARM.ActiveCfg = Release|Any CPU
		{C401568A-4CED-4B10-A2A4-1B603D35C10F}.Ad-Hoc|ARM.Build.0 = Release|Any CPU
		{C401568A-4CED-4B10-A2A4-1B603D35C10F}.Ad-Hoc|iPhone.ActiveCfg = Release|Any CPU
		{C401568A-4CED-4B10-A2A4-1B603D35C10F}.Ad-Hoc|iPhone.Build.0 = Release|Any CPU
		{C401568A-4CED-4B10-A2A4-1B603D35C10F}.Ad-Hoc|iPhoneSimulator.ActiveCfg = Release|Any CPU
		{C401568A-4CED-4B10-A2A4-1B603D35C10F}.Ad-Hoc|iPhoneSimulator.Build.0 = Release|Any CPU
		{C401568A-4CED-4B10-A2A4-1B603D35C10F}.Ad-Hoc|x86.ActiveCfg = Release|Any CPU
		{C401568A-4CED-4B10-A2A4-1B603D35C10F}.Ad-Hoc|x86.Build.0 = Release|Any CPU
		{C401568A-4CED-4B10-A2A4-1B603D35C10F}.AppStore|Any CPU.ActiveCfg = Release|Any CPU
		{C401568A-4CED-4B10-A2A4-1B603D35C10F}.AppStore|Any CPU.Build.0 = Release|Any CPU
		{C401568A-4CED-4B10-A2A4-1B603D35C10F}.AppStore|ARM.ActiveCfg = Release|Any CPU
		{C401568A-4CED-4B10-A2A4-1B603D35C10F}.AppStore|ARM.Build.0 = Release|Any CPU
		{C401568A-4CED-4B10-A2A4-1B603D35C10F}.AppStore|iPhone.ActiveCfg = Release|Any CPU
		{C401568A-4CED-4B10-A2A4-1B603D35C10F}.AppStore|iPhone.Build.0 = Release|Any CPU
		{C401568A-4CED-4B10-A2A4-1B603D35C10F}.AppStore|iPhoneSimulator.ActiveCfg = Release|Any CPU
		{C401568A-4CED-4B10-A2A4-1B603D35C10F}.AppStore|iPhoneSimulator.Build.0 = Release|Any CPU
		{C401568A-4CED-4B10-A2A4-1B603D35C10F}.AppStore|x86.ActiveCfg = Release|Any CPU
		{C401568A-4CED-4B10-A2A4-1B603D35C10F}.AppStore|x86.Build.0 = Release|Any CPU
		{C401568A-4CED-4B10-A2A4-1B603D35C10F}.Debug|Any CPU.ActiveCfg = Debug|Any CPU
		{C401568A-4CED-4B10-A2A4-1B603D35C10F}.Debug|Any CPU.Build.0 = Debug|Any CPU
		{C401568A-4CED-4B10-A2A4-1B603D35C10F}.Debug|ARM.ActiveCfg = Debug|Any CPU
		{C401568A-4CED-4B10-A2A4-1B603D35C10F}.Debug|ARM.Build.0 = Debug|Any CPU
		{C401568A-4CED-4B10-A2A4-1B603D35C10F}.Debug|iPhone.ActiveCfg = Debug|Any CPU
		{C401568A-4CED-4B10-A2A4-1B603D35C10F}.Debug|iPhone.Build.0 = Debug|Any CPU
		{C401568A-4CED-4B10-A2A4-1B603D35C10F}.Debug|iPhoneSimulator.ActiveCfg = Debug|Any CPU
		{C401568A-4CED-4B10-A2A4-1B603D35C10F}.Debug|iPhoneSimulator.Build.0 = Debug|Any CPU
		{C401568A-4CED-4B10-A2A4-1B603D35C10F}.Debug|x86.ActiveCfg = Debug|Any CPU
		{C401568A-4CED-4B10-A2A4-1B603D35C10F}.Debug|x86.Build.0 = Debug|Any CPU
		{C401568A-4CED-4B10-A2A4-1B603D35C10F}.Release|Any CPU.ActiveCfg = Release|Any CPU
		{C401568A-4CED-4B10-A2A4-1B603D35C10F}.Release|Any CPU.Build.0 = Release|Any CPU
		{C401568A-4CED-4B10-A2A4-1B603D35C10F}.Release|ARM.ActiveCfg = Release|Any CPU
		{C401568A-4CED-4B10-A2A4-1B603D35C10F}.Release|ARM.Build.0 = Release|Any CPU
		{C401568A-4CED-4B10-A2A4-1B603D35C10F}.Release|iPhone.ActiveCfg = Release|Any CPU
		{C401568A-4CED-4B10-A2A4-1B603D35C10F}.Release|iPhone.Build.0 = Release|Any CPU
		{C401568A-4CED-4B10-A2A4-1B603D35C10F}.Release|iPhoneSimulator.ActiveCfg = Release|Any CPU
		{C401568A-4CED-4B10-A2A4-1B603D35C10F}.Release|iPhoneSimulator.Build.0 = Release|Any CPU
		{C401568A-4CED-4B10-A2A4-1B603D35C10F}.Release|x86.ActiveCfg = Release|Any CPU
		{C401568A-4CED-4B10-A2A4-1B603D35C10F}.Release|x86.Build.0 = Release|Any CPU
	EndGlobalSection
	GlobalSection(SolutionProperties) = preSolution
		HideSolutionNode = FALSE
	EndGlobalSection
EndGlobal
