
Microsoft Visual Studio Solution File, Format Version 12.00
# Visual Studio 14
VisualStudioVersion = 14.0.23107.0
MinimumVisualStudioVersion = 10.0.40219.1
Project("{FAE04EC0-301F-11D3-BF4B-00C04F79EFBC}") = "XamFormsREST.Droid", "XamFormsREST\XamFormsREST.Droid\XamFormsREST.Droid.csproj", "{07D55384-5764-40F2-B6B7-43E6D67D81D3}"
EndProject
Project("{FAE04EC0-301F-11D3-BF4B-00C04F79EFBC}") = "XamFormsREST.iOS", "XamFormsREST\XamFormsREST.iOS\XamFormsREST.iOS.csproj", "{4D4A7B50-02E0-4CF7-83A3-0ACEB6843A55}"
EndProject
Project("{FAE04EC0-301F-11D3-BF4B-00C04F79EFBC}") = "XamFormsREST.WinPhone", "XamFormsREST\XamFormsREST.WinPhone\XamFormsREST.WinPhone.csproj", "{39B080C5-52A7-46FC-8145-CF2B7A5C149C}"
EndProject
Project("{FAE04EC0-301F-11D3-BF4B-00C04F79EFBC}") = "XamFormsREST", "XamFormsREST\XamFormsREST\XamFormsREST.csproj", "{385E0E2A-718E-426A-92CC-E9AD40E0A3AD}"
EndProject
Global
	GlobalSection(SolutionConfigurationPlatforms) = preSolution
		Ad-Hoc|Any CPU = Ad-Hoc|Any CPU
		Ad-Hoc|ARM = Ad-Hoc|ARM
		Ad-Hoc|iPhone = Ad-Hoc|iPhone
		Ad-Hoc|iPhoneSimulator = Ad-Hoc|iPhoneSimulator
		Ad-Hoc|x86 = Ad-Hoc|x86
		AppStore|Any CPU = AppStore|Any CPU
		AppStore|ARM = AppStore|ARM
		AppStore|iPhone = AppStore|iPhone
		AppStore|iPhoneSimulator = AppStore|iPhoneSimulator
		AppStore|x86 = AppStore|x86
		Debug|Any CPU = Debug|Any CPU
		Debug|ARM = Debug|ARM
		Debug|iPhone = Debug|iPhone
		Debug|iPhoneSimulator = Debug|iPhoneSimulator
		Debug|x86 = Debug|x86
		Release|Any CPU = Release|Any CPU
		Release|ARM = Release|ARM
		Release|iPhone = Release|iPhone
		Release|iPhoneSimulator = Release|iPhoneSimulator
		Release|x86 = Release|x86
	EndGlobalSection
	GlobalSection(ProjectConfigurationPlatforms) = postSolution
		{07D55384-5764-40F2-B6B7-43E6D67D81D3}.Ad-Hoc|Any CPU.ActiveCfg = Release|Any CPU
		{07D55384-5764-40F2-B6B7-43E6D67D81D3}.Ad-Hoc|Any CPU.Build.0 = Release|Any CPU
		{07D55384-5764-40F2-B6B7-43E6D67D81D3}.Ad-Hoc|Any CPU.Deploy.0 = Release|Any CPU
		{07D55384-5764-40F2-B6B7-43E6D67D81D3}.Ad-Hoc|ARM.ActiveCfg = Release|Any CPU
		{07D55384-5764-40F2-B6B7-43E6D67D81D3}.Ad-Hoc|ARM.Build.0 = Release|Any CPU
		{07D55384-5764-40F2-B6B7-43E6D67D81D3}.Ad-Hoc|ARM.Deploy.0 = Release|Any CPU
		{07D55384-5764-40F2-B6B7-43E6D67D81D3}.Ad-Hoc|iPhone.ActiveCfg = Release|Any CPU
		{07D55384-5764-40F2-B6B7-43E6D67D81D3}.Ad-Hoc|iPhone.Build.0 = Release|Any CPU
		{07D55384-5764-40F2-B6B7-43E6D67D81D3}.Ad-Hoc|iPhone.Deploy.0 = Release|Any CPU
		{07D55384-5764-40F2-B6B7-43E6D67D81D3}.Ad-Hoc|iPhoneSimulator.ActiveCfg = Release|Any CPU
		{07D55384-5764-40F2-B6B7-43E6D67D81D3}.Ad-Hoc|iPhoneSimulator.Build.0 = Release|Any CPU
		{07D55384-5764-40F2-B6B7-43E6D67D81D3}.Ad-Hoc|iPhoneSimulator.Deploy.0 = Release|Any CPU
		{07D55384-5764-40F2-B6B7-43E6D67D81D3}.Ad-Hoc|x86.ActiveCfg = Release|Any CPU
		{07D55384-5764-40F2-B6B7-43E6D67D81D3}.Ad-Hoc|x86.Build.0 = Release|Any CPU
		{07D55384-5764-40F2-B6B7-43E6D67D81D3}.Ad-Hoc|x86.Deploy.0 = Release|Any CPU
		{07D55384-5764-40F2-B6B7-43E6D67D81D3}.AppStore|Any CPU.ActiveCfg = Release|Any CPU
		{07D55384-5764-40F2-B6B7-43E6D67D81D3}.AppStore|Any CPU.Build.0 = Release|Any CPU
		{07D55384-5764-40F2-B6B7-43E6D67D81D3}.AppStore|Any CPU.Deploy.0 = Release|Any CPU
		{07D55384-5764-40F2-B6B7-43E6D67D81D3}.AppStore|ARM.ActiveCfg = Release|Any CPU
		{07D55384-5764-40F2-B6B7-43E6D67D81D3}.AppStore|ARM.Build.0 = Release|Any CPU
		{07D55384-5764-40F2-B6B7-43E6D67D81D3}.AppStore|ARM.Deploy.0 = Release|Any CPU
		{07D55384-5764-40F2-B6B7-43E6D67D81D3}.AppStore|iPhone.ActiveCfg = Release|Any CPU
		{07D55384-5764-40F2-B6B7-43E6D67D81D3}.AppStore|iPhone.Build.0 = Release|Any CPU
		{07D55384-5764-40F2-B6B7-43E6D67D81D3}.AppStore|iPhone.Deploy.0 = Release|Any CPU
		{07D55384-5764-40F2-B6B7-43E6D67D81D3}.AppStore|iPhoneSimulator.ActiveCfg = Release|Any CPU
		{07D55384-5764-40F2-B6B7-43E6D67D81D3}.AppStore|iPhoneSimulator.Build.0 = Release|Any CPU
		{07D55384-5764-40F2-B6B7-43E6D67D81D3}.AppStore|iPhoneSimulator.Deploy.0 = Release|Any CPU
		{07D55384-5764-40F2-B6B7-43E6D67D81D3}.AppStore|x86.ActiveCfg = Release|Any CPU
		{07D55384-5764-40F2-B6B7-43E6D67D81D3}.AppStore|x86.Build.0 = Release|Any CPU
		{07D55384-5764-40F2-B6B7-43E6D67D81D3}.AppStore|x86.Deploy.0 = Release|Any CPU
		{07D55384-5764-40F2-B6B7-43E6D67D81D3}.Debug|Any CPU.ActiveCfg = Debug|Any CPU
		{07D55384-5764-40F2-B6B7-43E6D67D81D3}.Debug|Any CPU.Build.0 = Debug|Any CPU
		{07D55384-5764-40F2-B6B7-43E6D67D81D3}.Debug|Any CPU.Deploy.0 = Debug|Any CPU
		{07D55384-5764-40F2-B6B7-43E6D67D81D3}.Debug|ARM.ActiveCfg = Debug|Any CPU
		{07D55384-5764-40F2-B6B7-43E6D67D81D3}.Debug|ARM.Build.0 = Debug|Any CPU
		{07D55384-5764-40F2-B6B7-43E6D67D81D3}.Debug|ARM.Deploy.0 = Debug|Any CPU
		{07D55384-5764-40F2-B6B7-43E6D67D81D3}.Debug|iPhone.ActiveCfg = Debug|Any CPU
		{07D55384-5764-40F2-B6B7-43E6D67D81D3}.Debug|iPhone.Build.0 = Debug|Any CPU
		{07D55384-5764-40F2-B6B7-43E6D67D81D3}.Debug|iPhone.Deploy.0 = Debug|Any CPU
		{07D55384-5764-40F2-B6B7-43E6D67D81D3}.Debug|iPhoneSimulator.ActiveCfg = Debug|Any CPU
		{07D55384-5764-40F2-B6B7-43E6D67D81D3}.Debug|iPhoneSimulator.Build.0 = Debug|Any CPU
		{07D55384-5764-40F2-B6B7-43E6D67D81D3}.Debug|iPhoneSimulator.Deploy.0 = Debug|Any CPU
		{07D55384-5764-40F2-B6B7-43E6D67D81D3}.Debug|x86.ActiveCfg = Debug|Any CPU
		{07D55384-5764-40F2-B6B7-43E6D67D81D3}.Debug|x86.Build.0 = Debug|Any CPU
		{07D55384-5764-40F2-B6B7-43E6D67D81D3}.Debug|x86.Deploy.0 = Debug|Any CPU
		{07D55384-5764-40F2-B6B7-43E6D67D81D3}.Release|Any CPU.ActiveCfg = Release|Any CPU
		{07D55384-5764-40F2-B6B7-43E6D67D81D3}.Release|Any CPU.Build.0 = Release|Any CPU
		{07D55384-5764-40F2-B6B7-43E6D67D81D3}.Release|Any CPU.Deploy.0 = Release|Any CPU
		{07D55384-5764-40F2-B6B7-43E6D67D81D3}.Release|ARM.ActiveCfg = Release|Any CPU
		{07D55384-5764-40F2-B6B7-43E6D67D81D3}.Release|ARM.Build.0 = Release|Any CPU
		{07D55384-5764-40F2-B6B7-43E6D67D81D3}.Release|ARM.Deploy.0 = Release|Any CPU
		{07D55384-5764-40F2-B6B7-43E6D67D81D3}.Release|iPhone.ActiveCfg = Release|Any CPU
		{07D55384-5764-40F2-B6B7-43E6D67D81D3}.Release|iPhone.Build.0 = Release|Any CPU
		{07D55384-5764-40F2-B6B7-43E6D67D81D3}.Release|iPhone.Deploy.0 = Release|Any CPU
		{07D55384-5764-40F2-B6B7-43E6D67D81D3}.Release|iPhoneSimulator.ActiveCfg = Release|Any CPU
		{07D55384-5764-40F2-B6B7-43E6D67D81D3}.Release|iPhoneSimulator.Build.0 = Release|Any CPU
		{07D55384-5764-40F2-B6B7-43E6D67D81D3}.Release|iPhoneSimulator.Deploy.0 = Release|Any CPU
		{07D55384-5764-40F2-B6B7-43E6D67D81D3}.Release|x86.ActiveCfg = Release|Any CPU
		{07D55384-5764-40F2-B6B7-43E6D67D81D3}.Release|x86.Build.0 = Release|Any CPU
		{07D55384-5764-40F2-B6B7-43E6D67D81D3}.Release|x86.Deploy.0 = Release|Any CPU
		{4D4A7B50-02E0-4CF7-83A3-0ACEB6843A55}.Ad-Hoc|Any CPU.ActiveCfg = Ad-Hoc|iPhone
		{4D4A7B50-02E0-4CF7-83A3-0ACEB6843A55}.Ad-Hoc|ARM.ActiveCfg = Ad-Hoc|iPhone
		{4D4A7B50-02E0-4CF7-83A3-0ACEB6843A55}.Ad-Hoc|iPhone.ActiveCfg = Ad-Hoc|iPhone
		{4D4A7B50-02E0-4CF7-83A3-0ACEB6843A55}.Ad-Hoc|iPhone.Build.0 = Ad-Hoc|iPhone
		{4D4A7B50-02E0-4CF7-83A3-0ACEB6843A55}.Ad-Hoc|iPhoneSimulator.ActiveCfg = Ad-Hoc|iPhoneSimulator
		{4D4A7B50-02E0-4CF7-83A3-0ACEB6843A55}.Ad-Hoc|iPhoneSimulator.Build.0 = Ad-Hoc|iPhoneSimulator
		{4D4A7B50-02E0-4CF7-83A3-0ACEB6843A55}.Ad-Hoc|x86.ActiveCfg = Ad-Hoc|iPhone
		{4D4A7B50-02E0-4CF7-83A3-0ACEB6843A55}.AppStore|Any CPU.ActiveCfg = AppStore|iPhone
		{4D4A7B50-02E0-4CF7-83A3-0ACEB6843A55}.AppStore|ARM.ActiveCfg = AppStore|iPhone
		{4D4A7B50-02E0-4CF7-83A3-0ACEB6843A55}.AppStore|iPhone.ActiveCfg = AppStore|iPhone
		{4D4A7B50-02E0-4CF7-83A3-0ACEB6843A55}.AppStore|iPhone.Build.0 = AppStore|iPhone
		{4D4A7B50-02E0-4CF7-83A3-0ACEB6843A55}.AppStore|iPhoneSimulator.ActiveCfg = AppStore|iPhoneSimulator
		{4D4A7B50-02E0-4CF7-83A3-0ACEB6843A55}.AppStore|iPhoneSimulator.Build.0 = AppStore|iPhoneSimulator
		{4D4A7B50-02E0-4CF7-83A3-0ACEB6843A55}.AppStore|x86.ActiveCfg = AppStore|iPhone
		{4D4A7B50-02E0-4CF7-83A3-0ACEB6843A55}.Debug|Any CPU.ActiveCfg = Debug|iPhone
		{4D4A7B50-02E0-4CF7-83A3-0ACEB6843A55}.Debug|ARM.ActiveCfg = Debug|iPhone
		{4D4A7B50-02E0-4CF7-83A3-0ACEB6843A55}.Debug|iPhone.ActiveCfg = Debug|iPhone
		{4D4A7B50-02E0-4CF7-83A3-0ACEB6843A55}.Debug|iPhone.Build.0 = Debug|iPhone
		{4D4A7B50-02E0-4CF7-83A3-0ACEB6843A55}.Debug|iPhoneSimulator.ActiveCfg = Debug|iPhoneSimulator
		{4D4A7B50-02E0-4CF7-83A3-0ACEB6843A55}.Debug|iPhoneSimulator.Build.0 = Debug|iPhoneSimulator
		{4D4A7B50-02E0-4CF7-83A3-0ACEB6843A55}.Debug|x86.ActiveCfg = Debug|iPhone
		{4D4A7B50-02E0-4CF7-83A3-0ACEB6843A55}.Release|Any CPU.ActiveCfg = Release|iPhone
		{4D4A7B50-02E0-4CF7-83A3-0ACEB6843A55}.Release|ARM.ActiveCfg = Release|iPhone
		{4D4A7B50-02E0-4CF7-83A3-0ACEB6843A55}.Release|iPhone.ActiveCfg = Release|iPhone
		{4D4A7B50-02E0-4CF7-83A3-0ACEB6843A55}.Release|iPhone.Build.0 = Release|iPhone
		{4D4A7B50-02E0-4CF7-83A3-0ACEB6843A55}.Release|iPhoneSimulator.ActiveCfg = Release|iPhoneSimulator
		{4D4A7B50-02E0-4CF7-83A3-0ACEB6843A55}.Release|iPhoneSimulator.Build.0 = Release|iPhoneSimulator
		{4D4A7B50-02E0-4CF7-83A3-0ACEB6843A55}.Release|x86.ActiveCfg = Release|iPhone
		{39B080C5-52A7-46FC-8145-CF2B7A5C149C}.Ad-Hoc|Any CPU.ActiveCfg = Release|Any CPU
		{39B080C5-52A7-46FC-8145-CF2B7A5C149C}.Ad-Hoc|Any CPU.Build.0 = Release|Any CPU
		{39B080C5-52A7-46FC-8145-CF2B7A5C149C}.Ad-Hoc|Any CPU.Deploy.0 = Release|Any CPU
		{39B080C5-52A7-46FC-8145-CF2B7A5C149C}.Ad-Hoc|ARM.ActiveCfg = Release|ARM
		{39B080C5-52A7-46FC-8145-CF2B7A5C149C}.Ad-Hoc|ARM.Build.0 = Release|ARM
		{39B080C5-52A7-46FC-8145-CF2B7A5C149C}.Ad-Hoc|ARM.Deploy.0 = Release|ARM
		{39B080C5-52A7-46FC-8145-CF2B7A5C149C}.Ad-Hoc|iPhone.ActiveCfg = Release|Any CPU
		{39B080C5-52A7-46FC-8145-CF2B7A5C149C}.Ad-Hoc|iPhone.Build.0 = Release|Any CPU
		{39B080C5-52A7-46FC-8145-CF2B7A5C149C}.Ad-Hoc|iPhone.Deploy.0 = Release|Any CPU
		{39B080C5-52A7-46FC-8145-CF2B7A5C149C}.Ad-Hoc|iPhoneSimulator.ActiveCfg = Release|Any CPU
		{39B080C5-52A7-46FC-8145-CF2B7A5C149C}.Ad-Hoc|iPhoneSimulator.Build.0 = Release|Any CPU
		{39B080C5-52A7-46FC-8145-CF2B7A5C149C}.Ad-Hoc|iPhoneSimulator.Deploy.0 = Release|Any CPU
		{39B080C5-52A7-46FC-8145-CF2B7A5C149C}.Ad-Hoc|x86.ActiveCfg = Release|x86
		{39B080C5-52A7-46FC-8145-CF2B7A5C149C}.Ad-Hoc|x86.Build.0 = Release|x86
		{39B080C5-52A7-46FC-8145-CF2B7A5C149C}.Ad-Hoc|x86.Deploy.0 = Release|x86
		{39B080C5-52A7-46FC-8145-CF2B7A5C149C}.AppStore|Any CPU.ActiveCfg = Release|Any CPU
		{39B080C5-52A7-46FC-8145-CF2B7A5C149C}.AppStore|Any CPU.Build.0 = Release|Any CPU
		{39B080C5-52A7-46FC-8145-CF2B7A5C149C}.AppStore|Any CPU.Deploy.0 = Release|Any CPU
		{39B080C5-52A7-46FC-8145-CF2B7A5C149C}.AppStore|ARM.ActiveCfg = Release|ARM
		{39B080C5-52A7-46FC-8145-CF2B7A5C149C}.AppStore|ARM.Build.0 = Release|ARM
		{39B080C5-52A7-46FC-8145-CF2B7A5C149C}.AppStore|ARM.Deploy.0 = Release|ARM
		{39B080C5-52A7-46FC-8145-CF2B7A5C149C}.AppStore|iPhone.ActiveCfg = Release|Any CPU
		{39B080C5-52A7-46FC-8145-CF2B7A5C149C}.AppStore|iPhone.Build.0 = Release|Any CPU
		{39B080C5-52A7-46FC-8145-CF2B7A5C149C}.AppStore|iPhone.Deploy.0 = Release|Any CPU
		{39B080C5-52A7-46FC-8145-CF2B7A5C149C}.AppStore|iPhoneSimulator.ActiveCfg = Release|Any CPU
		{39B080C5-52A7-46FC-8145-CF2B7A5C149C}.AppStore|iPhoneSimulator.Build.0 = Release|Any CPU
		{39B080C5-52A7-46FC-8145-CF2B7A5C149C}.AppStore|iPhoneSimulator.Deploy.0 = Release|Any CPU
		{39B080C5-52A7-46FC-8145-CF2B7A5C149C}.AppStore|x86.ActiveCfg = Release|x86
		{39B080C5-52A7-46FC-8145-CF2B7A5C149C}.AppStore|x86.Build.0 = Release|x86
		{39B080C5-52A7-46FC-8145-CF2B7A5C149C}.AppStore|x86.Deploy.0 = Release|x86
		{39B080C5-52A7-46FC-8145-CF2B7A5C149C}.Debug|Any CPU.ActiveCfg = Debug|Any CPU
		{39B080C5-52A7-46FC-8145-CF2B7A5C149C}.Debug|Any CPU.Build.0 = Debug|Any CPU
		{39B080C5-52A7-46FC-8145-CF2B7A5C149C}.Debug|Any CPU.Deploy.0 = Debug|Any CPU
		{39B080C5-52A7-46FC-8145-CF2B7A5C149C}.Debug|ARM.ActiveCfg = Debug|ARM
		{39B080C5-52A7-46FC-8145-CF2B7A5C149C}.Debug|ARM.Build.0 = Debug|ARM
		{39B080C5-52A7-46FC-8145-CF2B7A5C149C}.Debug|ARM.Deploy.0 = Debug|ARM
		{39B080C5-52A7-46FC-8145-CF2B7A5C149C}.Debug|iPhone.ActiveCfg = Debug|Any CPU
		{39B080C5-52A7-46FC-8145-CF2B7A5C149C}.Debug|iPhone.Build.0 = Debug|Any CPU
		{39B080C5-52A7-46FC-8145-CF2B7A5C149C}.Debug|iPhone.Deploy.0 = Debug|Any CPU
		{39B080C5-52A7-46FC-8145-CF2B7A5C149C}.Debug|iPhoneSimulator.ActiveCfg = Debug|Any CPU
		{39B080C5-52A7-46FC-8145-CF2B7A5C149C}.Debug|iPhoneSimulator.Build.0 = Debug|Any CPU
		{39B080C5-52A7-46FC-8145-CF2B7A5C149C}.Debug|iPhoneSimulator.Deploy.0 = Debug|Any CPU
		{39B080C5-52A7-46FC-8145-CF2B7A5C149C}.Debug|x86.ActiveCfg = Debug|x86
		{39B080C5-52A7-46FC-8145-CF2B7A5C149C}.Debug|x86.Build.0 = Debug|x86
		{39B080C5-52A7-46FC-8145-CF2B7A5C149C}.Debug|x86.Deploy.0 = Debug|x86
		{39B080C5-52A7-46FC-8145-CF2B7A5C149C}.Release|Any CPU.ActiveCfg = Release|Any CPU
		{39B080C5-52A7-46FC-8145-CF2B7A5C149C}.Release|Any CPU.Build.0 = Release|Any CPU
		{39B080C5-52A7-46FC-8145-CF2B7A5C149C}.Release|Any CPU.Deploy.0 = Release|Any CPU
		{39B080C5-52A7-46FC-8145-CF2B7A5C149C}.Release|ARM.ActiveCfg = Release|ARM
		{39B080C5-52A7-46FC-8145-CF2B7A5C149C}.Release|ARM.Build.0 = Release|ARM
		{39B080C5-52A7-46FC-8145-CF2B7A5C149C}.Release|ARM.Deploy.0 = Release|ARM
		{39B080C5-52A7-46FC-8145-CF2B7A5C149C}.Release|iPhone.ActiveCfg = Release|Any CPU
		{39B080C5-52A7-46FC-8145-CF2B7A5C149C}.Release|iPhone.Build.0 = Release|Any CPU
		{39B080C5-52A7-46FC-8145-CF2B7A5C149C}.Release|iPhone.Deploy.0 = Release|Any CPU
		{39B080C5-52A7-46FC-8145-CF2B7A5C149C}.Release|iPhoneSimulator.ActiveCfg = Release|Any CPU
		{39B080C5-52A7-46FC-8145-CF2B7A5C149C}.Release|iPhoneSimulator.Build.0 = Release|Any CPU
		{39B080C5-52A7-46FC-8145-CF2B7A5C149C}.Release|iPhoneSimulator.Deploy.0 = Release|Any CPU
		{39B080C5-52A7-46FC-8145-CF2B7A5C149C}.Release|x86.ActiveCfg = Release|x86
		{39B080C5-52A7-46FC-8145-CF2B7A5C149C}.Release|x86.Build.0 = Release|x86
		{39B080C5-52A7-46FC-8145-CF2B7A5C149C}.Release|x86.Deploy.0 = Release|x86
		{385E0E2A-718E-426A-92CC-E9AD40E0A3AD}.Ad-Hoc|Any CPU.ActiveCfg = Release|Any CPU
		{385E0E2A-718E-426A-92CC-E9AD40E0A3AD}.Ad-Hoc|Any CPU.Build.0 = Release|Any CPU
		{385E0E2A-718E-426A-92CC-E9AD40E0A3AD}.Ad-Hoc|ARM.ActiveCfg = Release|Any CPU
		{385E0E2A-718E-426A-92CC-E9AD40E0A3AD}.Ad-Hoc|ARM.Build.0 = Release|Any CPU
		{385E0E2A-718E-426A-92CC-E9AD40E0A3AD}.Ad-Hoc|iPhone.ActiveCfg = Release|Any CPU
		{385E0E2A-718E-426A-92CC-E9AD40E0A3AD}.Ad-Hoc|iPhone.Build.0 = Release|Any CPU
		{385E0E2A-718E-426A-92CC-E9AD40E0A3AD}.Ad-Hoc|iPhoneSimulator.ActiveCfg = Release|Any CPU
		{385E0E2A-718E-426A-92CC-E9AD40E0A3AD}.Ad-Hoc|iPhoneSimulator.Build.0 = Release|Any CPU
		{385E0E2A-718E-426A-92CC-E9AD40E0A3AD}.Ad-Hoc|x86.ActiveCfg = Release|Any CPU
		{385E0E2A-718E-426A-92CC-E9AD40E0A3AD}.Ad-Hoc|x86.Build.0 = Release|Any CPU
		{385E0E2A-718E-426A-92CC-E9AD40E0A3AD}.AppStore|Any CPU.ActiveCfg = Release|Any CPU
		{385E0E2A-718E-426A-92CC-E9AD40E0A3AD}.AppStore|Any CPU.Build.0 = Release|Any CPU
		{385E0E2A-718E-426A-92CC-E9AD40E0A3AD}.AppStore|ARM.ActiveCfg = Release|Any CPU
		{385E0E2A-718E-426A-92CC-E9AD40E0A3AD}.AppStore|ARM.Build.0 = Release|Any CPU
		{385E0E2A-718E-426A-92CC-E9AD40E0A3AD}.AppStore|iPhone.ActiveCfg = Release|Any CPU
		{385E0E2A-718E-426A-92CC-E9AD40E0A3AD}.AppStore|iPhone.Build.0 = Release|Any CPU
		{385E0E2A-718E-426A-92CC-E9AD40E0A3AD}.AppStore|iPhoneSimulator.ActiveCfg = Release|Any CPU
		{385E0E2A-718E-426A-92CC-E9AD40E0A3AD}.AppStore|iPhoneSimulator.Build.0 = Release|Any CPU
		{385E0E2A-718E-426A-92CC-E9AD40E0A3AD}.AppStore|x86.ActiveCfg = Release|Any CPU
		{385E0E2A-718E-426A-92CC-E9AD40E0A3AD}.AppStore|x86.Build.0 = Release|Any CPU
		{385E0E2A-718E-426A-92CC-E9AD40E0A3AD}.Debug|Any CPU.ActiveCfg = Debug|Any CPU
		{385E0E2A-718E-426A-92CC-E9AD40E0A3AD}.Debug|Any CPU.Build.0 = Debug|Any CPU
		{385E0E2A-718E-426A-92CC-E9AD40E0A3AD}.Debug|ARM.ActiveCfg = Debug|Any CPU
		{385E0E2A-718E-426A-92CC-E9AD40E0A3AD}.Debug|ARM.Build.0 = Debug|Any CPU
		{385E0E2A-718E-426A-92CC-E9AD40E0A3AD}.Debug|iPhone.ActiveCfg = Debug|Any CPU
		{385E0E2A-718E-426A-92CC-E9AD40E0A3AD}.Debug|iPhone.Build.0 = Debug|Any CPU
		{385E0E2A-718E-426A-92CC-E9AD40E0A3AD}.Debug|iPhoneSimulator.ActiveCfg = Debug|Any CPU
		{385E0E2A-718E-426A-92CC-E9AD40E0A3AD}.Debug|iPhoneSimulator.Build.0 = Debug|Any CPU
		{385E0E2A-718E-426A-92CC-E9AD40E0A3AD}.Debug|x86.ActiveCfg = Debug|Any CPU
		{385E0E2A-718E-426A-92CC-E9AD40E0A3AD}.Debug|x86.Build.0 = Debug|Any CPU
		{385E0E2A-718E-426A-92CC-E9AD40E0A3AD}.Release|Any CPU.ActiveCfg = Release|Any CPU
		{385E0E2A-718E-426A-92CC-E9AD40E0A3AD}.Release|Any CPU.Build.0 = Release|Any CPU
		{385E0E2A-718E-426A-92CC-E9AD40E0A3AD}.Release|ARM.ActiveCfg = Release|Any CPU
		{385E0E2A-718E-426A-92CC-E9AD40E0A3AD}.Release|ARM.Build.0 = Release|Any CPU
		{385E0E2A-718E-426A-92CC-E9AD40E0A3AD}.Release|iPhone.ActiveCfg = Release|Any CPU
		{385E0E2A-718E-426A-92CC-E9AD40E0A3AD}.Release|iPhone.Build.0 = Release|Any CPU
		{385E0E2A-718E-426A-92CC-E9AD40E0A3AD}.Release|iPhoneSimulator.ActiveCfg = Release|Any CPU
		{385E0E2A-718E-426A-92CC-E9AD40E0A3AD}.Release|iPhoneSimulator.Build.0 = Release|Any CPU
		{385E0E2A-718E-426A-92CC-E9AD40E0A3AD}.Release|x86.ActiveCfg = Release|Any CPU
		{385E0E2A-718E-426A-92CC-E9AD40E0A3AD}.Release|x86.Build.0 = Release|Any CPU
	EndGlobalSection
	GlobalSection(SolutionProperties) = preSolution
		HideSolutionNode = FALSE
	EndGlobalSection
EndGlobal
