
Microsoft Visual Studio Solution File, Format Version 12.00
# Visual Studio 2012
VisualStudioVersion = 14.0.23107.0
MinimumVisualStudioVersion = 10.0.40219.1
Project("{FAE04EC0-301F-11D3-BF4B-00C04F79EFBC}") = "XamlTabbedApp", "XamlTabbedApp\XamlTabbedApp\XamlTabbedApp.csproj", "{CBF7CA8C-C9DF-453C-920B-12F0F78A039B}"
EndProject
Project("{FAE04EC0-301F-11D3-BF4B-00C04F79EFBC}") = "XamlTabbedApp.iOS", "XamlTabbedApp\XamlTabbedApp.iOS\XamlTabbedApp.iOS.csproj", "{775B5AC8-A56C-44B9-A413-6F1E806DDD37}"
EndProject
Project("{FAE04EC0-301F-11D3-BF4B-00C04F79EFBC}") = "XamlTabbedApp.Droid", "XamlTabbedApp\XamlTabbedApp.Droid\XamlTabbedApp.Droid.csproj", "{CBDFA3D5-D13E-4B7C-AC9C-9B3B79B5FE76}"
EndProject
Project("{FAE04EC0-301F-11D3-BF4B-00C04F79EFBC}") = "XamlTabbedApp.WinPhone", "XamlTabbedApp\XamlTabbedApp.WinPhone\XamlTabbedApp.WinPhone.csproj", "{A9848534-9C38-4AD7-BC26-D6593121C693}"
EndProject
Global
	GlobalSection(SolutionConfigurationPlatforms) = preSolution
		Ad-Hoc|Any CPU = Ad-Hoc|Any CPU
		Ad-Hoc|ARM = Ad-Hoc|ARM
		Ad-Hoc|iPhone = Ad-Hoc|iPhone
		Ad-Hoc|iPhoneSimulator = Ad-Hoc|iPhoneSimulator
		Ad-Hoc|x86 = Ad-Hoc|x86
		AppStore|Any CPU = AppStore|Any CPU
		AppStore|ARM = AppStore|ARM
		AppStore|iPhone = AppStore|iPhone
		AppStore|iPhoneSimulator = AppStore|iPhoneSimulator
		AppStore|x86 = AppStore|x86
		Debug|Any CPU = Debug|Any CPU
		Debug|ARM = Debug|ARM
		Debug|iPhone = Debug|iPhone
		Debug|iPhoneSimulator = Debug|iPhoneSimulator
		Debug|x86 = Debug|x86
		Release|Any CPU = Release|Any CPU
		Release|ARM = Release|ARM
		Release|iPhone = Release|iPhone
		Release|iPhoneSimulator = Release|iPhoneSimulator
		Release|x86 = Release|x86
	EndGlobalSection
	GlobalSection(ProjectConfigurationPlatforms) = postSolution
		{775B5AC8-A56C-44B9-A413-6F1E806DDD37}.Ad-Hoc|Any CPU.ActiveCfg = Ad-Hoc|iPhone
		{775B5AC8-A56C-44B9-A413-6F1E806DDD37}.Ad-Hoc|ARM.ActiveCfg = Ad-Hoc|iPhone
		{775B5AC8-A56C-44B9-A413-6F1E806DDD37}.Ad-Hoc|iPhone.ActiveCfg = Ad-Hoc|iPhone
		{775B5AC8-A56C-44B9-A413-6F1E806DDD37}.Ad-Hoc|iPhone.Build.0 = Ad-Hoc|iPhone
		{775B5AC8-A56C-44B9-A413-6F1E806DDD37}.Ad-Hoc|iPhoneSimulator.ActiveCfg = Ad-Hoc|iPhoneSimulator
		{775B5AC8-A56C-44B9-A413-6F1E806DDD37}.Ad-Hoc|iPhoneSimulator.Build.0 = Ad-Hoc|iPhoneSimulator
		{775B5AC8-A56C-44B9-A413-6F1E806DDD37}.Ad-Hoc|x86.ActiveCfg = Ad-Hoc|iPhone
		{775B5AC8-A56C-44B9-A413-6F1E806DDD37}.AppStore|Any CPU.ActiveCfg = AppStore|iPhone
		{775B5AC8-A56C-44B9-A413-6F1E806DDD37}.AppStore|ARM.ActiveCfg = AppStore|iPhone
		{775B5AC8-A56C-44B9-A413-6F1E806DDD37}.AppStore|iPhone.ActiveCfg = AppStore|iPhone
		{775B5AC8-A56C-44B9-A413-6F1E806DDD37}.AppStore|iPhone.Build.0 = AppStore|iPhone
		{775B5AC8-A56C-44B9-A413-6F1E806DDD37}.AppStore|iPhoneSimulator.ActiveCfg = AppStore|iPhoneSimulator
		{775B5AC8-A56C-44B9-A413-6F1E806DDD37}.AppStore|iPhoneSimulator.Build.0 = AppStore|iPhoneSimulator
		{775B5AC8-A56C-44B9-A413-6F1E806DDD37}.AppStore|x86.ActiveCfg = AppStore|iPhone
		{775B5AC8-A56C-44B9-A413-6F1E806DDD37}.Debug|Any CPU.ActiveCfg = Debug|iPhone
		{775B5AC8-A56C-44B9-A413-6F1E806DDD37}.Debug|ARM.ActiveCfg = Debug|iPhone
		{775B5AC8-A56C-44B9-A413-6F1E806DDD37}.Debug|iPhone.ActiveCfg = Debug|iPhone
		{775B5AC8-A56C-44B9-A413-6F1E806DDD37}.Debug|iPhone.Build.0 = Debug|iPhone
		{775B5AC8-A56C-44B9-A413-6F1E806DDD37}.Debug|iPhoneSimulator.ActiveCfg = Debug|iPhoneSimulator
		{775B5AC8-A56C-44B9-A413-6F1E806DDD37}.Debug|iPhoneSimulator.Build.0 = Debug|iPhoneSimulator
		{775B5AC8-A56C-44B9-A413-6F1E806DDD37}.Debug|x86.ActiveCfg = Debug|iPhone
		{775B5AC8-A56C-44B9-A413-6F1E806DDD37}.Release|Any CPU.ActiveCfg = Release|iPhone
		{775B5AC8-A56C-44B9-A413-6F1E806DDD37}.Release|ARM.ActiveCfg = Release|iPhone
		{775B5AC8-A56C-44B9-A413-6F1E806DDD37}.Release|iPhone.ActiveCfg = Release|iPhone
		{775B5AC8-A56C-44B9-A413-6F1E806DDD37}.Release|iPhone.Build.0 = Release|iPhone
		{775B5AC8-A56C-44B9-A413-6F1E806DDD37}.Release|iPhoneSimulator.ActiveCfg = Release|iPhoneSimulator
		{775B5AC8-A56C-44B9-A413-6F1E806DDD37}.Release|iPhoneSimulator.Build.0 = Release|iPhoneSimulator
		{775B5AC8-A56C-44B9-A413-6F1E806DDD37}.Release|x86.ActiveCfg = Release|iPhone
		{A9848534-9C38-4AD7-BC26-D6593121C693}.Ad-Hoc|Any CPU.ActiveCfg = Release|Any CPU
		{A9848534-9C38-4AD7-BC26-D6593121C693}.Ad-Hoc|Any CPU.Build.0 = Release|Any CPU
		{A9848534-9C38-4AD7-BC26-D6593121C693}.Ad-Hoc|Any CPU.Deploy.0 = Release|Any CPU
		{A9848534-9C38-4AD7-BC26-D6593121C693}.Ad-Hoc|ARM.ActiveCfg = Release|ARM
		{A9848534-9C38-4AD7-BC26-D6593121C693}.Ad-Hoc|ARM.Build.0 = Release|ARM
		{A9848534-9C38-4AD7-BC26-D6593121C693}.Ad-Hoc|ARM.Deploy.0 = Release|ARM
		{A9848534-9C38-4AD7-BC26-D6593121C693}.Ad-Hoc|iPhone.ActiveCfg = Release|Any CPU
		{A9848534-9C38-4AD7-BC26-D6593121C693}.Ad-Hoc|iPhone.Build.0 = Release|Any CPU
		{A9848534-9C38-4AD7-BC26-D6593121C693}.Ad-Hoc|iPhone.Deploy.0 = Release|Any CPU
		{A9848534-9C38-4AD7-BC26-D6593121C693}.Ad-Hoc|iPhoneSimulator.ActiveCfg = Release|Any CPU
		{A9848534-9C38-4AD7-BC26-D6593121C693}.Ad-Hoc|iPhoneSimulator.Build.0 = Release|Any CPU
		{A9848534-9C38-4AD7-BC26-D6593121C693}.Ad-Hoc|iPhoneSimulator.Deploy.0 = Release|Any CPU
		{A9848534-9C38-4AD7-BC26-D6593121C693}.Ad-Hoc|x86.ActiveCfg = Release|x86
		{A9848534-9C38-4AD7-BC26-D6593121C693}.Ad-Hoc|x86.Build.0 = Release|x86
		{A9848534-9C38-4AD7-BC26-D6593121C693}.Ad-Hoc|x86.Deploy.0 = Release|x86
		{A9848534-9C38-4AD7-BC26-D6593121C693}.AppStore|Any CPU.ActiveCfg = Release|Any CPU
		{A9848534-9C38-4AD7-BC26-D6593121C693}.AppStore|Any CPU.Build.0 = Release|Any CPU
		{A9848534-9C38-4AD7-BC26-D6593121C693}.AppStore|Any CPU.Deploy.0 = Release|Any CPU
		{A9848534-9C38-4AD7-BC26-D6593121C693}.AppStore|ARM.ActiveCfg = Release|ARM
		{A9848534-9C38-4AD7-BC26-D6593121C693}.AppStore|ARM.Build.0 = Release|ARM
		{A9848534-9C38-4AD7-BC26-D6593121C693}.AppStore|ARM.Deploy.0 = Release|ARM
		{A9848534-9C38-4AD7-BC26-D6593121C693}.AppStore|iPhone.ActiveCfg = Release|Any CPU
		{A9848534-9C38-4AD7-BC26-D6593121C693}.AppStore|iPhone.Build.0 = Release|Any CPU
		{A9848534-9C38-4AD7-BC26-D6593121C693}.AppStore|iPhone.Deploy.0 = Release|Any CPU
		{A9848534-9C38-4AD7-BC26-D6593121C693}.AppStore|iPhoneSimulator.ActiveCfg = Release|Any CPU
		{A9848534-9C38-4AD7-BC26-D6593121C693}.AppStore|iPhoneSimulator.Build.0 = Release|Any CPU
		{A9848534-9C38-4AD7-BC26-D6593121C693}.AppStore|iPhoneSimulator.Deploy.0 = Release|Any CPU
		{A9848534-9C38-4AD7-BC26-D6593121C693}.AppStore|x86.ActiveCfg = Release|x86
		{A9848534-9C38-4AD7-BC26-D6593121C693}.AppStore|x86.Build.0 = Release|x86
		{A9848534-9C38-4AD7-BC26-D6593121C693}.AppStore|x86.Deploy.0 = Release|x86
		{A9848534-9C38-4AD7-BC26-D6593121C693}.Debug|Any CPU.ActiveCfg = Debug|Any CPU
		{A9848534-9C38-4AD7-BC26-D6593121C693}.Debug|Any CPU.Build.0 = Debug|Any CPU
		{A9848534-9C38-4AD7-BC26-D6593121C693}.Debug|Any CPU.Deploy.0 = Debug|Any CPU
		{A9848534-9C38-4AD7-BC26-D6593121C693}.Debug|ARM.ActiveCfg = Debug|ARM
		{A9848534-9C38-4AD7-BC26-D6593121C693}.Debug|ARM.Build.0 = Debug|ARM
		{A9848534-9C38-4AD7-BC26-D6593121C693}.Debug|ARM.Deploy.0 = Debug|ARM
		{A9848534-9C38-4AD7-BC26-D6593121C693}.Debug|iPhone.ActiveCfg = Debug|Any CPU
		{A9848534-9C38-4AD7-BC26-D6593121C693}.Debug|iPhone.Build.0 = Debug|Any CPU
		{A9848534-9C38-4AD7-BC26-D6593121C693}.Debug|iPhone.Deploy.0 = Debug|Any CPU
		{A9848534-9C38-4AD7-BC26-D6593121C693}.Debug|iPhoneSimulator.ActiveCfg = Debug|Any CPU
		{A9848534-9C38-4AD7-BC26-D6593121C693}.Debug|iPhoneSimulator.Build.0 = Debug|Any CPU
		{A9848534-9C38-4AD7-BC26-D6593121C693}.Debug|iPhoneSimulator.Deploy.0 = Debug|Any CPU
		{A9848534-9C38-4AD7-BC26-D6593121C693}.Debug|x86.ActiveCfg = Debug|x86
		{A9848534-9C38-4AD7-BC26-D6593121C693}.Debug|x86.Build.0 = Debug|x86
		{A9848534-9C38-4AD7-BC26-D6593121C693}.Debug|x86.Deploy.0 = Debug|x86
		{A9848534-9C38-4AD7-BC26-D6593121C693}.Release|Any CPU.ActiveCfg = Release|Any CPU
		{A9848534-9C38-4AD7-BC26-D6593121C693}.Release|Any CPU.Build.0 = Release|Any CPU
		{A9848534-9C38-4AD7-BC26-D6593121C693}.Release|Any CPU.Deploy.0 = Release|Any CPU
		{A9848534-9C38-4AD7-BC26-D6593121C693}.Release|ARM.ActiveCfg = Release|ARM
		{A9848534-9C38-4AD7-BC26-D6593121C693}.Release|ARM.Build.0 = Release|ARM
		{A9848534-9C38-4AD7-BC26-D6593121C693}.Release|ARM.Deploy.0 = Release|ARM
		{A9848534-9C38-4AD7-BC26-D6593121C693}.Release|iPhone.ActiveCfg = Release|Any CPU
		{A9848534-9C38-4AD7-BC26-D6593121C693}.Release|iPhone.Build.0 = Release|Any CPU
		{A9848534-9C38-4AD7-BC26-D6593121C693}.Release|iPhone.Deploy.0 = Release|Any CPU
		{A9848534-9C38-4AD7-BC26-D6593121C693}.Release|iPhoneSimulator.ActiveCfg = Release|Any CPU
		{A9848534-9C38-4AD7-BC26-D6593121C693}.Release|iPhoneSimulator.Build.0 = Release|Any CPU
		{A9848534-9C38-4AD7-BC26-D6593121C693}.Release|iPhoneSimulator.Deploy.0 = Release|Any CPU
		{A9848534-9C38-4AD7-BC26-D6593121C693}.Release|x86.ActiveCfg = Release|x86
		{A9848534-9C38-4AD7-BC26-D6593121C693}.Release|x86.Build.0 = Release|x86
		{A9848534-9C38-4AD7-BC26-D6593121C693}.Release|x86.Deploy.0 = Release|x86
		{CBDFA3D5-D13E-4B7C-AC9C-9B3B79B5FE76}.Ad-Hoc|Any CPU.ActiveCfg = Release|Any CPU
		{CBDFA3D5-D13E-4B7C-AC9C-9B3B79B5FE76}.Ad-Hoc|Any CPU.Build.0 = Release|Any CPU
		{CBDFA3D5-D13E-4B7C-AC9C-9B3B79B5FE76}.Ad-Hoc|Any CPU.Deploy.0 = Release|Any CPU
		{CBDFA3D5-D13E-4B7C-AC9C-9B3B79B5FE76}.Ad-Hoc|ARM.ActiveCfg = Release|Any CPU
		{CBDFA3D5-D13E-4B7C-AC9C-9B3B79B5FE76}.Ad-Hoc|ARM.Build.0 = Release|Any CPU
		{CBDFA3D5-D13E-4B7C-AC9C-9B3B79B5FE76}.Ad-Hoc|ARM.Deploy.0 = Release|Any CPU
		{CBDFA3D5-D13E-4B7C-AC9C-9B3B79B5FE76}.Ad-Hoc|iPhone.ActiveCfg = Release|Any CPU
		{CBDFA3D5-D13E-4B7C-AC9C-9B3B79B5FE76}.Ad-Hoc|iPhone.Build.0 = Release|Any CPU
		{CBDFA3D5-D13E-4B7C-AC9C-9B3B79B5FE76}.Ad-Hoc|iPhone.Deploy.0 = Release|Any CPU
		{CBDFA3D5-D13E-4B7C-AC9C-9B3B79B5FE76}.Ad-Hoc|iPhoneSimulator.ActiveCfg = Release|Any CPU
		{CBDFA3D5-D13E-4B7C-AC9C-9B3B79B5FE76}.Ad-Hoc|iPhoneSimulator.Build.0 = Release|Any CPU
		{CBDFA3D5-D13E-4B7C-AC9C-9B3B79B5FE76}.Ad-Hoc|iPhoneSimulator.Deploy.0 = Release|Any CPU
		{CBDFA3D5-D13E-4B7C-AC9C-9B3B79B5FE76}.Ad-Hoc|x86.ActiveCfg = Release|Any CPU
		{CBDFA3D5-D13E-4B7C-AC9C-9B3B79B5FE76}.Ad-Hoc|x86.Build.0 = Release|Any CPU
		{CBDFA3D5-D13E-4B7C-AC9C-9B3B79B5FE76}.Ad-Hoc|x86.Deploy.0 = Release|Any CPU
		{CBDFA3D5-D13E-4B7C-AC9C-9B3B79B5FE76}.AppStore|Any CPU.ActiveCfg = Release|Any CPU
		{CBDFA3D5-D13E-4B7C-AC9C-9B3B79B5FE76}.AppStore|Any CPU.Build.0 = Release|Any CPU
		{CBDFA3D5-D13E-4B7C-AC9C-9B3B79B5FE76}.AppStore|Any CPU.Deploy.0 = Release|Any CPU
		{CBDFA3D5-D13E-4B7C-AC9C-9B3B79B5FE76}.AppStore|ARM.ActiveCfg = Release|Any CPU
		{CBDFA3D5-D13E-4B7C-AC9C-9B3B79B5FE76}.AppStore|ARM.Build.0 = Release|Any CPU
		{CBDFA3D5-D13E-4B7C-AC9C-9B3B79B5FE76}.AppStore|ARM.Deploy.0 = Release|Any CPU
		{CBDFA3D5-D13E-4B7C-AC9C-9B3B79B5FE76}.AppStore|iPhone.ActiveCfg = Release|Any CPU
		{CBDFA3D5-D13E-4B7C-AC9C-9B3B79B5FE76}.AppStore|iPhone.Build.0 = Release|Any CPU
		{CBDFA3D5-D13E-4B7C-AC9C-9B3B79B5FE76}.AppStore|iPhone.Deploy.0 = Release|Any CPU
		{CBDFA3D5-D13E-4B7C-AC9C-9B3B79B5FE76}.AppStore|iPhoneSimulator.ActiveCfg = Release|Any CPU
		{CBDFA3D5-D13E-4B7C-AC9C-9B3B79B5FE76}.AppStore|iPhoneSimulator.Build.0 = Release|Any CPU
		{CBDFA3D5-D13E-4B7C-AC9C-9B3B79B5FE76}.AppStore|iPhoneSimulator.Deploy.0 = Release|Any CPU
		{CBDFA3D5-D13E-4B7C-AC9C-9B3B79B5FE76}.AppStore|x86.ActiveCfg = Release|Any CPU
		{CBDFA3D5-D13E-4B7C-AC9C-9B3B79B5FE76}.AppStore|x86.Build.0 = Release|Any CPU
		{CBDFA3D5-D13E-4B7C-AC9C-9B3B79B5FE76}.AppStore|x86.Deploy.0 = Release|Any CPU
		{CBDFA3D5-D13E-4B7C-AC9C-9B3B79B5FE76}.Debug|Any CPU.ActiveCfg = Debug|Any CPU
		{CBDFA3D5-D13E-4B7C-AC9C-9B3B79B5FE76}.Debug|Any CPU.Build.0 = Debug|Any CPU
		{CBDFA3D5-D13E-4B7C-AC9C-9B3B79B5FE76}.Debug|Any CPU.Deploy.0 = Debug|Any CPU
		{CBDFA3D5-D13E-4B7C-AC9C-9B3B79B5FE76}.Debug|ARM.ActiveCfg = Debug|Any CPU
		{CBDFA3D5-D13E-4B7C-AC9C-9B3B79B5FE76}.Debug|ARM.Build.0 = Debug|Any CPU
		{CBDFA3D5-D13E-4B7C-AC9C-9B3B79B5FE76}.Debug|ARM.Deploy.0 = Debug|Any CPU
		{CBDFA3D5-D13E-4B7C-AC9C-9B3B79B5FE76}.Debug|iPhone.ActiveCfg = Debug|Any CPU
		{CBDFA3D5-D13E-4B7C-AC9C-9B3B79B5FE76}.Debug|iPhone.Build.0 = Debug|Any CPU
		{CBDFA3D5-D13E-4B7C-AC9C-9B3B79B5FE76}.Debug|iPhone.Deploy.0 = Debug|Any CPU
		{CBDFA3D5-D13E-4B7C-AC9C-9B3B79B5FE76}.Debug|iPhoneSimulator.ActiveCfg = Debug|Any CPU
		{CBDFA3D5-D13E-4B7C-AC9C-9B3B79B5FE76}.Debug|iPhoneSimulator.Build.0 = Debug|Any CPU
		{CBDFA3D5-D13E-4B7C-AC9C-9B3B79B5FE76}.Debug|iPhoneSimulator.Deploy.0 = Debug|Any CPU
		{CBDFA3D5-D13E-4B7C-AC9C-9B3B79B5FE76}.Debug|x86.ActiveCfg = Debug|Any CPU
		{CBDFA3D5-D13E-4B7C-AC9C-9B3B79B5FE76}.Debug|x86.Build.0 = Debug|Any CPU
		{CBDFA3D5-D13E-4B7C-AC9C-9B3B79B5FE76}.Debug|x86.Deploy.0 = Debug|Any CPU
		{CBDFA3D5-D13E-4B7C-AC9C-9B3B79B5FE76}.Release|Any CPU.ActiveCfg = Release|Any CPU
		{CBDFA3D5-D13E-4B7C-AC9C-9B3B79B5FE76}.Release|Any CPU.Build.0 = Release|Any CPU
		{CBDFA3D5-D13E-4B7C-AC9C-9B3B79B5FE76}.Release|Any CPU.Deploy.0 = Release|Any CPU
		{CBDFA3D5-D13E-4B7C-AC9C-9B3B79B5FE76}.Release|ARM.ActiveCfg = Release|Any CPU
		{CBDFA3D5-D13E-4B7C-AC9C-9B3B79B5FE76}.Release|ARM.Build.0 = Release|Any CPU
		{CBDFA3D5-D13E-4B7C-AC9C-9B3B79B5FE76}.Release|ARM.Deploy.0 = Release|Any CPU
		{CBDFA3D5-D13E-4B7C-AC9C-9B3B79B5FE76}.Release|iPhone.ActiveCfg = Release|Any CPU
		{CBDFA3D5-D13E-4B7C-AC9C-9B3B79B5FE76}.Release|iPhone.Build.0 = Release|Any CPU
		{CBDFA3D5-D13E-4B7C-AC9C-9B3B79B5FE76}.Release|iPhone.Deploy.0 = Release|Any CPU
		{CBDFA3D5-D13E-4B7C-AC9C-9B3B79B5FE76}.Release|iPhoneSimulator.ActiveCfg = Release|Any CPU
		{CBDFA3D5-D13E-4B7C-AC9C-9B3B79B5FE76}.Release|iPhoneSimulator.Build.0 = Release|Any CPU
		{CBDFA3D5-D13E-4B7C-AC9C-9B3B79B5FE76}.Release|iPhoneSimulator.Deploy.0 = Release|Any CPU
		{CBDFA3D5-D13E-4B7C-AC9C-9B3B79B5FE76}.Release|x86.ActiveCfg = Release|Any CPU
		{CBDFA3D5-D13E-4B7C-AC9C-9B3B79B5FE76}.Release|x86.Build.0 = Release|Any CPU
		{CBDFA3D5-D13E-4B7C-AC9C-9B3B79B5FE76}.Release|x86.Deploy.0 = Release|Any CPU
		{CBF7CA8C-C9DF-453C-920B-12F0F78A039B}.Ad-Hoc|Any CPU.ActiveCfg = Release|Any CPU
		{CBF7CA8C-C9DF-453C-920B-12F0F78A039B}.Ad-Hoc|Any CPU.Build.0 = Release|Any CPU
		{CBF7CA8C-C9DF-453C-920B-12F0F78A039B}.Ad-Hoc|ARM.ActiveCfg = Release|Any CPU
		{CBF7CA8C-C9DF-453C-920B-12F0F78A039B}.Ad-Hoc|ARM.Build.0 = Release|Any CPU
		{CBF7CA8C-C9DF-453C-920B-12F0F78A039B}.Ad-Hoc|iPhone.ActiveCfg = Release|Any CPU
		{CBF7CA8C-C9DF-453C-920B-12F0F78A039B}.Ad-Hoc|iPhone.Build.0 = Release|Any CPU
		{CBF7CA8C-C9DF-453C-920B-12F0F78A039B}.Ad-Hoc|iPhoneSimulator.ActiveCfg = Release|Any CPU
		{CBF7CA8C-C9DF-453C-920B-12F0F78A039B}.Ad-Hoc|iPhoneSimulator.Build.0 = Release|Any CPU
		{CBF7CA8C-C9DF-453C-920B-12F0F78A039B}.Ad-Hoc|x86.ActiveCfg = Release|Any CPU
		{CBF7CA8C-C9DF-453C-920B-12F0F78A039B}.Ad-Hoc|x86.Build.0 = Release|Any CPU
		{CBF7CA8C-C9DF-453C-920B-12F0F78A039B}.AppStore|Any CPU.ActiveCfg = Release|Any CPU
		{CBF7CA8C-C9DF-453C-920B-12F0F78A039B}.AppStore|Any CPU.Build.0 = Release|Any CPU
		{CBF7CA8C-C9DF-453C-920B-12F0F78A039B}.AppStore|ARM.ActiveCfg = Release|Any CPU
		{CBF7CA8C-C9DF-453C-920B-12F0F78A039B}.AppStore|ARM.Build.0 = Release|Any CPU
		{CBF7CA8C-C9DF-453C-920B-12F0F78A039B}.AppStore|iPhone.ActiveCfg = Release|Any CPU
		{CBF7CA8C-C9DF-453C-920B-12F0F78A039B}.AppStore|iPhone.Build.0 = Release|Any CPU
		{CBF7CA8C-C9DF-453C-920B-12F0F78A039B}.AppStore|iPhoneSimulator.ActiveCfg = Release|Any CPU
		{CBF7CA8C-C9DF-453C-920B-12F0F78A039B}.AppStore|iPhoneSimulator.Build.0 = Release|Any CPU
		{CBF7CA8C-C9DF-453C-920B-12F0F78A039B}.AppStore|x86.ActiveCfg = Release|Any CPU
		{CBF7CA8C-C9DF-453C-920B-12F0F78A039B}.AppStore|x86.Build.0 = Release|Any CPU
		{CBF7CA8C-C9DF-453C-920B-12F0F78A039B}.Debug|Any CPU.ActiveCfg = Debug|Any CPU
		{CBF7CA8C-C9DF-453C-920B-12F0F78A039B}.Debug|Any CPU.Build.0 = Debug|Any CPU
		{CBF7CA8C-C9DF-453C-920B-12F0F78A039B}.Debug|ARM.ActiveCfg = Debug|Any CPU
		{CBF7CA8C-C9DF-453C-920B-12F0F78A039B}.Debug|ARM.Build.0 = Debug|Any CPU
		{CBF7CA8C-C9DF-453C-920B-12F0F78A039B}.Debug|iPhone.ActiveCfg = Debug|Any CPU
		{CBF7CA8C-C9DF-453C-920B-12F0F78A039B}.Debug|iPhone.Build.0 = Debug|Any CPU
		{CBF7CA8C-C9DF-453C-920B-12F0F78A039B}.Debug|iPhoneSimulator.ActiveCfg = Debug|Any CPU
		{CBF7CA8C-C9DF-453C-920B-12F0F78A039B}.Debug|iPhoneSimulator.Build.0 = Debug|Any CPU
		{CBF7CA8C-C9DF-453C-920B-12F0F78A039B}.Debug|x86.ActiveCfg = Debug|Any CPU
		{CBF7CA8C-C9DF-453C-920B-12F0F78A039B}.Debug|x86.Build.0 = Debug|Any CPU
		{CBF7CA8C-C9DF-453C-920B-12F0F78A039B}.Release|Any CPU.ActiveCfg = Release|Any CPU
		{CBF7CA8C-C9DF-453C-920B-12F0F78A039B}.Release|Any CPU.Build.0 = Release|Any CPU
		{CBF7CA8C-C9DF-453C-920B-12F0F78A039B}.Release|ARM.ActiveCfg = Release|Any CPU
		{CBF7CA8C-C9DF-453C-920B-12F0F78A039B}.Release|ARM.Build.0 = Release|Any CPU
		{CBF7CA8C-C9DF-453C-920B-12F0F78A039B}.Release|iPhone.ActiveCfg = Release|Any CPU
		{CBF7CA8C-C9DF-453C-920B-12F0F78A039B}.Release|iPhone.Build.0 = Release|Any CPU
		{CBF7CA8C-C9DF-453C-920B-12F0F78A039B}.Release|iPhoneSimulator.ActiveCfg = Release|Any CPU
		{CBF7CA8C-C9DF-453C-920B-12F0F78A039B}.Release|iPhoneSimulator.Build.0 = Release|Any CPU
		{CBF7CA8C-C9DF-453C-920B-12F0F78A039B}.Release|x86.ActiveCfg = Release|Any CPU
		{CBF7CA8C-C9DF-453C-920B-12F0F78A039B}.Release|x86.Build.0 = Release|Any CPU
	EndGlobalSection
	GlobalSection(SolutionProperties) = preSolution
		HideSolutionNode = FALSE
	EndGlobalSection
EndGlobal
