
Microsoft Visual Studio Solution File, Format Version 12.00
# Visual Studio 14
VisualStudioVersion = 14.0.23107.0
MinimumVisualStudioVersion = 10.0.40219.1
Project("{FAE04EC0-301F-11D3-BF4B-00C04F79EFBC}") = "XamFormsOnPlatform", "XamFormsOnPlatform\XamFormsOnPlatform\XamFormsOnPlatform.csproj", "{C67B87A9-B05E-449A-B20D-C6BFC95AB291}"
EndProject
Project("{FAE04EC0-301F-11D3-BF4B-00C04F79EFBC}") = "XamFormsOnPlatform.iOS", "XamFormsOnPlatform\XamFormsOnPlatform.iOS\XamFormsOnPlatform.iOS.csproj", "{C072E486-3E90-4642-89E4-1AD8A0F5FDCF}"
EndProject
Project("{FAE04EC0-301F-11D3-BF4B-00C04F79EFBC}") = "XamFormsOnPlatform.Droid", "XamFormsOnPlatform\XamFormsOnPlatform.Droid\XamFormsOnPlatform.Droid.csproj", "{1E7001D5-9CCA-45DF-BCDA-D52DD182B348}"
EndProject
Project("{FAE04EC0-301F-11D3-BF4B-00C04F79EFBC}") = "XamFormsOnPlatform.WinPhone", "XamFormsOnPlatform\XamFormsOnPlatform.WinPhone\XamFormsOnPlatform.WinPhone.csproj", "{A1D7854C-B851-4B87-A48E-0DDE07526F70}"
EndProject
Global
	GlobalSection(SolutionConfigurationPlatforms) = preSolution
		Ad-Hoc|Any CPU = Ad-Hoc|Any CPU
		Ad-Hoc|ARM = Ad-Hoc|ARM
		Ad-Hoc|iPhone = Ad-Hoc|iPhone
		Ad-Hoc|iPhoneSimulator = Ad-Hoc|iPhoneSimulator
		Ad-Hoc|x86 = Ad-Hoc|x86
		AppStore|Any CPU = AppStore|Any CPU
		AppStore|ARM = AppStore|ARM
		AppStore|iPhone = AppStore|iPhone
		AppStore|iPhoneSimulator = AppStore|iPhoneSimulator
		AppStore|x86 = AppStore|x86
		Debug|Any CPU = Debug|Any CPU
		Debug|ARM = Debug|ARM
		Debug|iPhone = Debug|iPhone
		Debug|iPhoneSimulator = Debug|iPhoneSimulator
		Debug|x86 = Debug|x86
		Release|Any CPU = Release|Any CPU
		Release|ARM = Release|ARM
		Release|iPhone = Release|iPhone
		Release|iPhoneSimulator = Release|iPhoneSimulator
		Release|x86 = Release|x86
	EndGlobalSection
	GlobalSection(ProjectConfigurationPlatforms) = postSolution
		{C67B87A9-B05E-449A-B20D-C6BFC95AB291}.Ad-Hoc|Any CPU.ActiveCfg = Release|Any CPU
		{C67B87A9-B05E-449A-B20D-C6BFC95AB291}.Ad-Hoc|Any CPU.Build.0 = Release|Any CPU
		{C67B87A9-B05E-449A-B20D-C6BFC95AB291}.Ad-Hoc|ARM.ActiveCfg = Release|Any CPU
		{C67B87A9-B05E-449A-B20D-C6BFC95AB291}.Ad-Hoc|ARM.Build.0 = Release|Any CPU
		{C67B87A9-B05E-449A-B20D-C6BFC95AB291}.Ad-Hoc|iPhone.ActiveCfg = Release|Any CPU
		{C67B87A9-B05E-449A-B20D-C6BFC95AB291}.Ad-Hoc|iPhone.Build.0 = Release|Any CPU
		{C67B87A9-B05E-449A-B20D-C6BFC95AB291}.Ad-Hoc|iPhoneSimulator.ActiveCfg = Release|Any CPU
		{C67B87A9-B05E-449A-B20D-C6BFC95AB291}.Ad-Hoc|iPhoneSimulator.Build.0 = Release|Any CPU
		{C67B87A9-B05E-449A-B20D-C6BFC95AB291}.Ad-Hoc|x86.ActiveCfg = Release|Any CPU
		{C67B87A9-B05E-449A-B20D-C6BFC95AB291}.Ad-Hoc|x86.Build.0 = Release|Any CPU
		{C67B87A9-B05E-449A-B20D-C6BFC95AB291}.AppStore|Any CPU.ActiveCfg = Release|Any CPU
		{C67B87A9-B05E-449A-B20D-C6BFC95AB291}.AppStore|Any CPU.Build.0 = Release|Any CPU
		{C67B87A9-B05E-449A-B20D-C6BFC95AB291}.AppStore|ARM.ActiveCfg = Release|Any CPU
		{C67B87A9-B05E-449A-B20D-C6BFC95AB291}.AppStore|ARM.Build.0 = Release|Any CPU
		{C67B87A9-B05E-449A-B20D-C6BFC95AB291}.AppStore|iPhone.ActiveCfg = Release|Any CPU
		{C67B87A9-B05E-449A-B20D-C6BFC95AB291}.AppStore|iPhone.Build.0 = Release|Any CPU
		{C67B87A9-B05E-449A-B20D-C6BFC95AB291}.AppStore|iPhoneSimulator.ActiveCfg = Release|Any CPU
		{C67B87A9-B05E-449A-B20D-C6BFC95AB291}.AppStore|iPhoneSimulator.Build.0 = Release|Any CPU
		{C67B87A9-B05E-449A-B20D-C6BFC95AB291}.AppStore|x86.ActiveCfg = Release|Any CPU
		{C67B87A9-B05E-449A-B20D-C6BFC95AB291}.AppStore|x86.Build.0 = Release|Any CPU
		{C67B87A9-B05E-449A-B20D-C6BFC95AB291}.Debug|Any CPU.ActiveCfg = Debug|Any CPU
		{C67B87A9-B05E-449A-B20D-C6BFC95AB291}.Debug|Any CPU.Build.0 = Debug|Any CPU
		{C67B87A9-B05E-449A-B20D-C6BFC95AB291}.Debug|ARM.ActiveCfg = Debug|Any CPU
		{C67B87A9-B05E-449A-B20D-C6BFC95AB291}.Debug|ARM.Build.0 = Debug|Any CPU
		{C67B87A9-B05E-449A-B20D-C6BFC95AB291}.Debug|iPhone.ActiveCfg = Debug|Any CPU
		{C67B87A9-B05E-449A-B20D-C6BFC95AB291}.Debug|iPhone.Build.0 = Debug|Any CPU
		{C67B87A9-B05E-449A-B20D-C6BFC95AB291}.Debug|iPhoneSimulator.ActiveCfg = Debug|Any CPU
		{C67B87A9-B05E-449A-B20D-C6BFC95AB291}.Debug|iPhoneSimulator.Build.0 = Debug|Any CPU
		{C67B87A9-B05E-449A-B20D-C6BFC95AB291}.Debug|x86.ActiveCfg = Debug|Any CPU
		{C67B87A9-B05E-449A-B20D-C6BFC95AB291}.Debug|x86.Build.0 = Debug|Any CPU
		{C67B87A9-B05E-449A-B20D-C6BFC95AB291}.Release|Any CPU.ActiveCfg = Release|Any CPU
		{C67B87A9-B05E-449A-B20D-C6BFC95AB291}.Release|Any CPU.Build.0 = Release|Any CPU
		{C67B87A9-B05E-449A-B20D-C6BFC95AB291}.Release|ARM.ActiveCfg = Release|Any CPU
		{C67B87A9-B05E-449A-B20D-C6BFC95AB291}.Release|ARM.Build.0 = Release|Any CPU
		{C67B87A9-B05E-449A-B20D-C6BFC95AB291}.Release|iPhone.ActiveCfg = Release|Any CPU
		{C67B87A9-B05E-449A-B20D-C6BFC95AB291}.Release|iPhone.Build.0 = Release|Any CPU
		{C67B87A9-B05E-449A-B20D-C6BFC95AB291}.Release|iPhoneSimulator.ActiveCfg = Release|Any CPU
		{C67B87A9-B05E-449A-B20D-C6BFC95AB291}.Release|iPhoneSimulator.Build.0 = Release|Any CPU
		{C67B87A9-B05E-449A-B20D-C6BFC95AB291}.Release|x86.ActiveCfg = Release|Any CPU
		{C67B87A9-B05E-449A-B20D-C6BFC95AB291}.Release|x86.Build.0 = Release|Any CPU
		{C072E486-3E90-4642-89E4-1AD8A0F5FDCF}.Ad-Hoc|Any CPU.ActiveCfg = Ad-Hoc|iPhone
		{C072E486-3E90-4642-89E4-1AD8A0F5FDCF}.Ad-Hoc|ARM.ActiveCfg = Ad-Hoc|iPhone
		{C072E486-3E90-4642-89E4-1AD8A0F5FDCF}.Ad-Hoc|iPhone.ActiveCfg = Ad-Hoc|iPhone
		{C072E486-3E90-4642-89E4-1AD8A0F5FDCF}.Ad-Hoc|iPhone.Build.0 = Ad-Hoc|iPhone
		{C072E486-3E90-4642-89E4-1AD8A0F5FDCF}.Ad-Hoc|iPhoneSimulator.ActiveCfg = Ad-Hoc|iPhoneSimulator
		{C072E486-3E90-4642-89E4-1AD8A0F5FDCF}.Ad-Hoc|iPhoneSimulator.Build.0 = Ad-Hoc|iPhoneSimulator
		{C072E486-3E90-4642-89E4-1AD8A0F5FDCF}.Ad-Hoc|x86.ActiveCfg = Ad-Hoc|iPhone
		{C072E486-3E90-4642-89E4-1AD8A0F5FDCF}.AppStore|Any CPU.ActiveCfg = AppStore|iPhone
		{C072E486-3E90-4642-89E4-1AD8A0F5FDCF}.AppStore|ARM.ActiveCfg = AppStore|iPhone
		{C072E486-3E90-4642-89E4-1AD8A0F5FDCF}.AppStore|iPhone.ActiveCfg = AppStore|iPhone
		{C072E486-3E90-4642-89E4-1AD8A0F5FDCF}.AppStore|iPhone.Build.0 = AppStore|iPhone
		{C072E486-3E90-4642-89E4-1AD8A0F5FDCF}.AppStore|iPhoneSimulator.ActiveCfg = AppStore|iPhoneSimulator
		{C072E486-3E90-4642-89E4-1AD8A0F5FDCF}.AppStore|iPhoneSimulator.Build.0 = AppStore|iPhoneSimulator
		{C072E486-3E90-4642-89E4-1AD8A0F5FDCF}.AppStore|x86.ActiveCfg = AppStore|iPhone
		{C072E486-3E90-4642-89E4-1AD8A0F5FDCF}.Debug|Any CPU.ActiveCfg = Debug|iPhone
		{C072E486-3E90-4642-89E4-1AD8A0F5FDCF}.Debug|ARM.ActiveCfg = Debug|iPhone
		{C072E486-3E90-4642-89E4-1AD8A0F5FDCF}.Debug|iPhone.ActiveCfg = Debug|iPhone
		{C072E486-3E90-4642-89E4-1AD8A0F5FDCF}.Debug|iPhone.Build.0 = Debug|iPhone
		{C072E486-3E90-4642-89E4-1AD8A0F5FDCF}.Debug|iPhoneSimulator.ActiveCfg = Debug|iPhoneSimulator
		{C072E486-3E90-4642-89E4-1AD8A0F5FDCF}.Debug|iPhoneSimulator.Build.0 = Debug|iPhoneSimulator
		{C072E486-3E90-4642-89E4-1AD8A0F5FDCF}.Debug|x86.ActiveCfg = Debug|iPhone
		{C072E486-3E90-4642-89E4-1AD8A0F5FDCF}.Release|Any CPU.ActiveCfg = Release|iPhone
		{C072E486-3E90-4642-89E4-1AD8A0F5FDCF}.Release|ARM.ActiveCfg = Release|iPhone
		{C072E486-3E90-4642-89E4-1AD8A0F5FDCF}.Release|iPhone.ActiveCfg = Release|iPhone
		{C072E486-3E90-4642-89E4-1AD8A0F5FDCF}.Release|iPhone.Build.0 = Release|iPhone
		{C072E486-3E90-4642-89E4-1AD8A0F5FDCF}.Release|iPhoneSimulator.ActiveCfg = Release|iPhoneSimulator
		{C072E486-3E90-4642-89E4-1AD8A0F5FDCF}.Release|iPhoneSimulator.Build.0 = Release|iPhoneSimulator
		{C072E486-3E90-4642-89E4-1AD8A0F5FDCF}.Release|x86.ActiveCfg = Release|iPhone
		{1E7001D5-9CCA-45DF-BCDA-D52DD182B348}.Ad-Hoc|Any CPU.ActiveCfg = Release|Any CPU
		{1E7001D5-9CCA-45DF-BCDA-D52DD182B348}.Ad-Hoc|Any CPU.Build.0 = Release|Any CPU
		{1E7001D5-9CCA-45DF-BCDA-D52DD182B348}.Ad-Hoc|Any CPU.Deploy.0 = Release|Any CPU
		{1E7001D5-9CCA-45DF-BCDA-D52DD182B348}.Ad-Hoc|ARM.ActiveCfg = Release|Any CPU
		{1E7001D5-9CCA-45DF-BCDA-D52DD182B348}.Ad-Hoc|ARM.Build.0 = Release|Any CPU
		{1E7001D5-9CCA-45DF-BCDA-D52DD182B348}.Ad-Hoc|ARM.Deploy.0 = Release|Any CPU
		{1E7001D5-9CCA-45DF-BCDA-D52DD182B348}.Ad-Hoc|iPhone.ActiveCfg = Release|Any CPU
		{1E7001D5-9CCA-45DF-BCDA-D52DD182B348}.Ad-Hoc|iPhone.Build.0 = Release|Any CPU
		{1E7001D5-9CCA-45DF-BCDA-D52DD182B348}.Ad-Hoc|iPhone.Deploy.0 = Release|Any CPU
		{1E7001D5-9CCA-45DF-BCDA-D52DD182B348}.Ad-Hoc|iPhoneSimulator.ActiveCfg = Release|Any CPU
		{1E7001D5-9CCA-45DF-BCDA-D52DD182B348}.Ad-Hoc|iPhoneSimulator.Build.0 = Release|Any CPU
		{1E7001D5-9CCA-45DF-BCDA-D52DD182B348}.Ad-Hoc|iPhoneSimulator.Deploy.0 = Release|Any CPU
		{1E7001D5-9CCA-45DF-BCDA-D52DD182B348}.Ad-Hoc|x86.ActiveCfg = Release|Any CPU
		{1E7001D5-9CCA-45DF-BCDA-D52DD182B348}.Ad-Hoc|x86.Build.0 = Release|Any CPU
		{1E7001D5-9CCA-45DF-BCDA-D52DD182B348}.Ad-Hoc|x86.Deploy.0 = Release|Any CPU
		{1E7001D5-9CCA-45DF-BCDA-D52DD182B348}.AppStore|Any CPU.ActiveCfg = Release|Any CPU
		{1E7001D5-9CCA-45DF-BCDA-D52DD182B348}.AppStore|Any CPU.Build.0 = Release|Any CPU
		{1E7001D5-9CCA-45DF-BCDA-D52DD182B348}.AppStore|Any CPU.Deploy.0 = Release|Any CPU
		{1E7001D5-9CCA-45DF-BCDA-D52DD182B348}.AppStore|ARM.ActiveCfg = Release|Any CPU
		{1E7001D5-9CCA-45DF-BCDA-D52DD182B348}.AppStore|ARM.Build.0 = Release|Any CPU
		{1E7001D5-9CCA-45DF-BCDA-D52DD182B348}.AppStore|ARM.Deploy.0 = Release|Any CPU
		{1E7001D5-9CCA-45DF-BCDA-D52DD182B348}.AppStore|iPhone.ActiveCfg = Release|Any CPU
		{1E7001D5-9CCA-45DF-BCDA-D52DD182B348}.AppStore|iPhone.Build.0 = Release|Any CPU
		{1E7001D5-9CCA-45DF-BCDA-D52DD182B348}.AppStore|iPhone.Deploy.0 = Release|Any CPU
		{1E7001D5-9CCA-45DF-BCDA-D52DD182B348}.AppStore|iPhoneSimulator.ActiveCfg = Release|Any CPU
		{1E7001D5-9CCA-45DF-BCDA-D52DD182B348}.AppStore|iPhoneSimulator.Build.0 = Release|Any CPU
		{1E7001D5-9CCA-45DF-BCDA-D52DD182B348}.AppStore|iPhoneSimulator.Deploy.0 = Release|Any CPU
		{1E7001D5-9CCA-45DF-BCDA-D52DD182B348}.AppStore|x86.ActiveCfg = Release|Any CPU
		{1E7001D5-9CCA-45DF-BCDA-D52DD182B348}.AppStore|x86.Build.0 = Release|Any CPU
		{1E7001D5-9CCA-45DF-BCDA-D52DD182B348}.AppStore|x86.Deploy.0 = Release|Any CPU
		{1E7001D5-9CCA-45DF-BCDA-D52DD182B348}.Debug|Any CPU.ActiveCfg = Debug|Any CPU
		{1E7001D5-9CCA-45DF-BCDA-D52DD182B348}.Debug|Any CPU.Build.0 = Debug|Any CPU
		{1E7001D5-9CCA-45DF-BCDA-D52DD182B348}.Debug|Any CPU.Deploy.0 = Debug|Any CPU
		{1E7001D5-9CCA-45DF-BCDA-D52DD182B348}.Debug|ARM.ActiveCfg = Debug|Any CPU
		{1E7001D5-9CCA-45DF-BCDA-D52DD182B348}.Debug|ARM.Build.0 = Debug|Any CPU
		{1E7001D5-9CCA-45DF-BCDA-D52DD182B348}.Debug|ARM.Deploy.0 = Debug|Any CPU
		{1E7001D5-9CCA-45DF-BCDA-D52DD182B348}.Debug|iPhone.ActiveCfg = Debug|Any CPU
		{1E7001D5-9CCA-45DF-BCDA-D52DD182B348}.Debug|iPhone.Build.0 = Debug|Any CPU
		{1E7001D5-9CCA-45DF-BCDA-D52DD182B348}.Debug|iPhone.Deploy.0 = Debug|Any CPU
		{1E7001D5-9CCA-45DF-BCDA-D52DD182B348}.Debug|iPhoneSimulator.ActiveCfg = Debug|Any CPU
		{1E7001D5-9CCA-45DF-BCDA-D52DD182B348}.Debug|iPhoneSimulator.Build.0 = Debug|Any CPU
		{1E7001D5-9CCA-45DF-BCDA-D52DD182B348}.Debug|iPhoneSimulator.Deploy.0 = Debug|Any CPU
		{1E7001D5-9CCA-45DF-BCDA-D52DD182B348}.Debug|x86.ActiveCfg = Debug|Any CPU
		{1E7001D5-9CCA-45DF-BCDA-D52DD182B348}.Debug|x86.Build.0 = Debug|Any CPU
		{1E7001D5-9CCA-45DF-BCDA-D52DD182B348}.Debug|x86.Deploy.0 = Debug|Any CPU
		{1E7001D5-9CCA-45DF-BCDA-D52DD182B348}.Release|Any CPU.ActiveCfg = Release|Any CPU
		{1E7001D5-9CCA-45DF-BCDA-D52DD182B348}.Release|Any CPU.Build.0 = Release|Any CPU
		{1E7001D5-9CCA-45DF-BCDA-D52DD182B348}.Release|Any CPU.Deploy.0 = Release|Any CPU
		{1E7001D5-9CCA-45DF-BCDA-D52DD182B348}.Release|ARM.ActiveCfg = Release|Any CPU
		{1E7001D5-9CCA-45DF-BCDA-D52DD182B348}.Release|ARM.Build.0 = Release|Any CPU
		{1E7001D5-9CCA-45DF-BCDA-D52DD182B348}.Release|ARM.Deploy.0 = Release|Any CPU
		{1E7001D5-9CCA-45DF-BCDA-D52DD182B348}.Release|iPhone.ActiveCfg = Release|Any CPU
		{1E7001D5-9CCA-45DF-BCDA-D52DD182B348}.Release|iPhone.Build.0 = Release|Any CPU
		{1E7001D5-9CCA-45DF-BCDA-D52DD182B348}.Release|iPhone.Deploy.0 = Release|Any CPU
		{1E7001D5-9CCA-45DF-BCDA-D52DD182B348}.Release|iPhoneSimulator.ActiveCfg = Release|Any CPU
		{1E7001D5-9CCA-45DF-BCDA-D52DD182B348}.Release|iPhoneSimulator.Build.0 = Release|Any CPU
		{1E7001D5-9CCA-45DF-BCDA-D52DD182B348}.Release|iPhoneSimulator.Deploy.0 = Release|Any CPU
		{1E7001D5-9CCA-45DF-BCDA-D52DD182B348}.Release|x86.ActiveCfg = Release|Any CPU
		{1E7001D5-9CCA-45DF-BCDA-D52DD182B348}.Release|x86.Build.0 = Release|Any CPU
		{1E7001D5-9CCA-45DF-BCDA-D52DD182B348}.Release|x86.Deploy.0 = Release|Any CPU
		{A1D7854C-B851-4B87-A48E-0DDE07526F70}.Ad-Hoc|Any CPU.ActiveCfg = Release|Any CPU
		{A1D7854C-B851-4B87-A48E-0DDE07526F70}.Ad-Hoc|Any CPU.Build.0 = Release|Any CPU
		{A1D7854C-B851-4B87-A48E-0DDE07526F70}.Ad-Hoc|Any CPU.Deploy.0 = Release|Any CPU
		{A1D7854C-B851-4B87-A48E-0DDE07526F70}.Ad-Hoc|ARM.ActiveCfg = Release|ARM
		{A1D7854C-B851-4B87-A48E-0DDE07526F70}.Ad-Hoc|ARM.Build.0 = Release|ARM
		{A1D7854C-B851-4B87-A48E-0DDE07526F70}.Ad-Hoc|ARM.Deploy.0 = Release|ARM
		{A1D7854C-B851-4B87-A48E-0DDE07526F70}.Ad-Hoc|iPhone.ActiveCfg = Release|Any CPU
		{A1D7854C-B851-4B87-A48E-0DDE07526F70}.Ad-Hoc|iPhone.Build.0 = Release|Any CPU
		{A1D7854C-B851-4B87-A48E-0DDE07526F70}.Ad-Hoc|iPhone.Deploy.0 = Release|Any CPU
		{A1D7854C-B851-4B87-A48E-0DDE07526F70}.Ad-Hoc|iPhoneSimulator.ActiveCfg = Release|Any CPU
		{A1D7854C-B851-4B87-A48E-0DDE07526F70}.Ad-Hoc|iPhoneSimulator.Build.0 = Release|Any CPU
		{A1D7854C-B851-4B87-A48E-0DDE07526F70}.Ad-Hoc|iPhoneSimulator.Deploy.0 = Release|Any CPU
		{A1D7854C-B851-4B87-A48E-0DDE07526F70}.Ad-Hoc|x86.ActiveCfg = Release|x86
		{A1D7854C-B851-4B87-A48E-0DDE07526F70}.Ad-Hoc|x86.Build.0 = Release|x86
		{A1D7854C-B851-4B87-A48E-0DDE07526F70}.Ad-Hoc|x86.Deploy.0 = Release|x86
		{A1D7854C-B851-4B87-A48E-0DDE07526F70}.AppStore|Any CPU.ActiveCfg = Release|Any CPU
		{A1D7854C-B851-4B87-A48E-0DDE07526F70}.AppStore|Any CPU.Build.0 = Release|Any CPU
		{A1D7854C-B851-4B87-A48E-0DDE07526F70}.AppStore|Any CPU.Deploy.0 = Release|Any CPU
		{A1D7854C-B851-4B87-A48E-0DDE07526F70}.AppStore|ARM.ActiveCfg = Release|ARM
		{A1D7854C-B851-4B87-A48E-0DDE07526F70}.AppStore|ARM.Build.0 = Release|ARM
		{A1D7854C-B851-4B87-A48E-0DDE07526F70}.AppStore|ARM.Deploy.0 = Release|ARM
		{A1D7854C-B851-4B87-A48E-0DDE07526F70}.AppStore|iPhone.ActiveCfg = Release|Any CPU
		{A1D7854C-B851-4B87-A48E-0DDE07526F70}.AppStore|iPhone.Build.0 = Release|Any CPU
		{A1D7854C-B851-4B87-A48E-0DDE07526F70}.AppStore|iPhone.Deploy.0 = Release|Any CPU
		{A1D7854C-B851-4B87-A48E-0DDE07526F70}.AppStore|iPhoneSimulator.ActiveCfg = Release|Any CPU
		{A1D7854C-B851-4B87-A48E-0DDE07526F70}.AppStore|iPhoneSimulator.Build.0 = Release|Any CPU
		{A1D7854C-B851-4B87-A48E-0DDE07526F70}.AppStore|iPhoneSimulator.Deploy.0 = Release|Any CPU
		{A1D7854C-B851-4B87-A48E-0DDE07526F70}.AppStore|x86.ActiveCfg = Release|x86
		{A1D7854C-B851-4B87-A48E-0DDE07526F70}.AppStore|x86.Build.0 = Release|x86
		{A1D7854C-B851-4B87-A48E-0DDE07526F70}.AppStore|x86.Deploy.0 = Release|x86
		{A1D7854C-B851-4B87-A48E-0DDE07526F70}.Debug|Any CPU.ActiveCfg = Debug|Any CPU
		{A1D7854C-B851-4B87-A48E-0DDE07526F70}.Debug|Any CPU.Build.0 = Debug|Any CPU
		{A1D7854C-B851-4B87-A48E-0DDE07526F70}.Debug|Any CPU.Deploy.0 = Debug|Any CPU
		{A1D7854C-B851-4B87-A48E-0DDE07526F70}.Debug|ARM.ActiveCfg = Debug|ARM
		{A1D7854C-B851-4B87-A48E-0DDE07526F70}.Debug|ARM.Build.0 = Debug|ARM
		{A1D7854C-B851-4B87-A48E-0DDE07526F70}.Debug|ARM.Deploy.0 = Debug|ARM
		{A1D7854C-B851-4B87-A48E-0DDE07526F70}.Debug|iPhone.ActiveCfg = Debug|Any CPU
		{A1D7854C-B851-4B87-A48E-0DDE07526F70}.Debug|iPhone.Build.0 = Debug|Any CPU
		{A1D7854C-B851-4B87-A48E-0DDE07526F70}.Debug|iPhone.Deploy.0 = Debug|Any CPU
		{A1D7854C-B851-4B87-A48E-0DDE07526F70}.Debug|iPhoneSimulator.ActiveCfg = Debug|Any CPU
		{A1D7854C-B851-4B87-A48E-0DDE07526F70}.Debug|iPhoneSimulator.Build.0 = Debug|Any CPU
		{A1D7854C-B851-4B87-A48E-0DDE07526F70}.Debug|iPhoneSimulator.Deploy.0 = Debug|Any CPU
		{A1D7854C-B851-4B87-A48E-0DDE07526F70}.Debug|x86.ActiveCfg = Debug|x86
		{A1D7854C-B851-4B87-A48E-0DDE07526F70}.Debug|x86.Build.0 = Debug|x86
		{A1D7854C-B851-4B87-A48E-0DDE07526F70}.Debug|x86.Deploy.0 = Debug|x86
		{A1D7854C-B851-4B87-A48E-0DDE07526F70}.Release|Any CPU.ActiveCfg = Release|Any CPU
		{A1D7854C-B851-4B87-A48E-0DDE07526F70}.Release|Any CPU.Build.0 = Release|Any CPU
		{A1D7854C-B851-4B87-A48E-0DDE07526F70}.Release|Any CPU.Deploy.0 = Release|Any CPU
		{A1D7854C-B851-4B87-A48E-0DDE07526F70}.Release|ARM.ActiveCfg = Release|ARM
		{A1D7854C-B851-4B87-A48E-0DDE07526F70}.Release|ARM.Build.0 = Release|ARM
		{A1D7854C-B851-4B87-A48E-0DDE07526F70}.Release|ARM.Deploy.0 = Release|ARM
		{A1D7854C-B851-4B87-A48E-0DDE07526F70}.Release|iPhone.ActiveCfg = Release|Any CPU
		{A1D7854C-B851-4B87-A48E-0DDE07526F70}.Release|iPhone.Build.0 = Release|Any CPU
		{A1D7854C-B851-4B87-A48E-0DDE07526F70}.Release|iPhone.Deploy.0 = Release|Any CPU
		{A1D7854C-B851-4B87-A48E-0DDE07526F70}.Release|iPhoneSimulator.ActiveCfg = Release|Any CPU
		{A1D7854C-B851-4B87-A48E-0DDE07526F70}.Release|iPhoneSimulator.Build.0 = Release|Any CPU
		{A1D7854C-B851-4B87-A48E-0DDE07526F70}.Release|iPhoneSimulator.Deploy.0 = Release|Any CPU
		{A1D7854C-B851-4B87-A48E-0DDE07526F70}.Release|x86.ActiveCfg = Release|x86
		{A1D7854C-B851-4B87-A48E-0DDE07526F70}.Release|x86.Build.0 = Release|x86
		{A1D7854C-B851-4B87-A48E-0DDE07526F70}.Release|x86.Deploy.0 = Release|x86
	EndGlobalSection
	GlobalSection(SolutionProperties) = preSolution
		HideSolutionNode = FALSE
	EndGlobalSection
EndGlobal
